Microsoft Visual Studio Solution File, Format Version 11.00
# Visual Studio 2010
Project("{8BC9CEB8-8B4A-11D0-8D11-00A0C91BC942}") = "ACE", "ACE\ACE_wrappers\ace\ACE.vcxproj", "{BD537C9A-FECA-1BAD-6757-8A6363336A1C}"
EndProject
Project("{8BC9CEB8-8B4A-11D0-8D11-00A0C91BC942}") = "db_dll", "dbxml\db-4.8.26\build_windows\db_dll.vcxproj", "{96C27024-6DEE-45ED-BCC3-A731949131FA}"
EndProject
Project("{8BC9CEB8-8B4A-11D0-8D11-00A0C91BC942}") = "db_archive", "dbxml\db-4.8.26\build_windows\db_archive.vcxproj", "{56056344-53A1-4FA6-B20B-862C0BA68953}"
EndProject
Project("{8BC9CEB8-8B4A-11D0-8D11-00A0C91BC942}") = "db_checkpoint", "dbxml\db-4.8.26\build_windows\db_checkpoint.vcxproj", "{A3BE0163-1E6C-4235-9B6B-3A36ABB5E285}"
EndProject
Project("{8BC9CEB8-8B4A-11D0-8D11-00A0C91BC942}") = "db_dump", "dbxml\db-4.8.26\build_windows\db_dump.vcxproj", "{DB067D2C-7163-428B-AAF8-642316AB173B}"
EndProject
Project("{8BC9CEB8-8B4A-11D0-8D11-00A0C91BC942}") = "db_hotbackup", "dbxml\db-4.8.26\build_windows\db_hotbackup.vcxproj", "{67C0DABC-353A-491F-9A77-8E2E601ED52B}"
EndProject
Project("{8BC9CEB8-8B4A-11D0-8D11-00A0C91BC942}") = "db_load", "dbxml\db-4.8.26\build_windows\db_load.vcxproj", "{7640133F-4AB8-42DA-ADB5-95F21447F7D5}"
EndProject
Project("{8BC9CEB8-8B4A-11D0-8D11-00A0C91BC942}") = "db_recover", "dbxml\db-4.8.26\build_windows\db_recover.vcxproj", "{9E03FD51-E387-4EEF-9EEA-E71707A56212}"
EndProject
Project("{8BC9CEB8-8B4A-11D0-8D11-00A0C91BC942}") = "db_upgrade", "dbxml\db-4.8.26\build_windows\db_upgrade.vcxproj", "{5F4D66DB-8D75-43D4-A1BB-60A01BC6B32F}"
EndProject
Project("{8BC9CEB8-8B4A-11D0-8D11-00A0C91BC942}") = "db_verify", "dbxml\db-4.8.26\build_windows\db_verify.vcxproj", "{12E118CA-CAAE-4F54-AE81-8D9981AA0635}"
EndProject
Project("{8BC9CEB8-8B4A-11D0-8D11-00A0C91BC942}") = "xqilla", "dbxml\xqilla\Win32Projects\VC8\xqilla.vcxproj", "{63E85107-41E0-4FC7-8083-40E85861B426}"
EndProject
Project("{8BC9CEB8-8B4A-11D0-8D11-00A0C91BC942}") = "dbxml", "dbxml\dbxml\build_windows\dbxml.vcxproj", "{0047EDFC-C26D-49D0-9559-029FA38B3839}"
EndProject
Project("{8BC9CEB8-8B4A-11D0-8D11-00A0C91BC942}") = "dbxml_dump", "dbxml\dbxml\build_windows\dbxml_dump.vcxproj", "{3D50C9C1-88B9-4323-B656-97E1F9C1376B}"
EndProject
Project("{8BC9CEB8-8B4A-11D0-8D11-00A0C91BC942}") = "dbxml_load", "dbxml\dbxml\build_windows\dbxml_load.vcxproj", "{63F00D08-A8E1-4506-BFB9-3149AAA90C13}"
EndProject
Project("{8BC9CEB8-8B4A-11D0-8D11-00A0C91BC942}") = "dbxml_shell", "dbxml\dbxml\build_windows\dbxml_shell.vcxproj", "{DF725DAC-C6F3-4BC1-A1D3-C4745232B05D}"
EndProject
Project("{8BC9CEB8-8B4A-11D0-8D11-00A0C91BC942}") = "DWFCore", "DWFTK7.1\develop\global\build\VC 8.0\DWFCore\DWFCore.vcxproj", "{8BECE007-1749-4300-87D8-267B613AAE6B}"
EndProject
Project("{8BC9CEB8-8B4A-11D0-8D11-00A0C91BC942}") = "DWF EMap Toolkit (1.0.0)", "DWFTK7.1\develop\global\build\VC 8.0\DWFEMapToolkit\DWFEMap.vcxproj", "{B3FC0127-BE6A-48DE-A90D-1F3AA2DE968D}"
EndProject
Project("{8BC9CEB8-8B4A-11D0-8D11-00A0C91BC942}") = "DWFToolkit (7.1.1)", "DWFTK7.1\develop\global\build\VC 8.0\DWFToolkit\DWFToolkit.vcxproj", "{2D22C637-6219-4096-8399-EEA4BBD142AA}"
EndProject
Project("{8BC9CEB8-8B4A-11D0-8D11-00A0C91BC942}") = "DWF W3D Toolkit (1.2.1236)", "DWFTK7.1\develop\global\build\VC 8.0\W3DToolkit\W3DToolkit.vcxproj", "{9415DE9A-E01E-47C1-A159-EB1E1D4E518C}"
EndProject
Project("{8BC9CEB8-8B4A-11D0-8D11-00A0C91BC942}") = "DWF W2D (Whip) Toolkit (7.7.601)", "DWFTK7.1\develop\global\build\VC 8.0\WhipToolkit\WhipToolkit.vcxproj", "{681750CF-B191-4A41-B92C-0F94599B121D}"
EndProject
Project("{8BC9CEB8-8B4A-11D0-8D11-00A0C91BC942}") = "freetype", "gd\freetype\builds\win32\visualc\freetype.vcxproj", "{78B079BD-9FC7-4B9E-B4A6-96DA0F00248B}"
EndProject
Project("{8BC9CEB8-8B4A-11D0-8D11-00A0C91BC942}") = "jpeg", "gd\jpeg\jpeg.vcxproj", "{D8925FEC-07A3-4E8A-90DC-8DC2CB9A342E}"
EndProject
Project("{8BC9CEB8-8B4A-11D0-8D11-00A0C91BC942}") = "zlib", "gd\lpng\projects\visualc8\zlib.vcxproj", "{3CECB989-0B34-449D-9161-8BEE074D7EC0}"
EndProject
Project("{8BC9CEB8-8B4A-11D0-8D11-00A0C91BC942}") = "libpng", "gd\lpng\projects\visualc8\libpng.vcxproj", "{AB3DAD75-F5C9-4DA6-9773-9B659E97274C}"
EndProject
Project("{8BC9CEB8-8B4A-11D0-8D11-00A0C91BC942}") = "gd", "gd\build\win32\gd\gd.vcxproj", "{F2B9F79A-57CC-4864-B537-EFC98E1C5E95}"
EndProject
Project("{8BC9CEB8-8B4A-11D0-8D11-00A0C91BC942}") = "GEOS", "geos-2.2.0\VisualStudio\GEOS.vcxproj", "{1B9196BF-C194-47BC-846A-D9BBB134F2B3}"
EndProject
Project("{8BC9CEB8-8B4A-11D0-8D11-00A0C91BC942}") = "cppunit", "CppUnit-1.9.14\src\cppunit\cppunit.vcxproj", "{AA0817E7-095C-465C-90B3-9221DE17EC70}"
EndProject
Project("{8BC9CEB8-8B4A-11D0-8D11-00A0C91BC942}") = "SQLite", "SQLite\src\SQLite3\SQLite.vcxproj", "{6BE4F878-73F2-42F7-B77F-4974DCF8B005}"
EndProject
Project("{8BC9CEB8-8B4A-11D0-8D11-00A0C91BC942}") = "SqliteDotNet", "SQLite\src\SqliteDotNet\SqliteDotNet.vcxproj", "{82BAB86A-BBDE-42F3-B0BD-E69CDF1E8119}"
EndProject
Project("{8BC9CEB8-8B4A-11D0-8D11-00A0C91BC942}") = "SQLitePhpApi", "SQLite\src\SQLitePhpApi\SQLitePhpApi.vcxproj", "{7E6F7F0D-0045-47B9-868C-E31C04FAE81F}"
EndProject
Project("{8BC9CEB8-8B4A-11D0-8D11-00A0C91BC942}") = "SQLiteUnitTest", "SQLite\src\SQLiteUnitTest\SQLiteUnitTest.vcxproj", "{CC1C1060-E94B-46BC-886B-4997C384F346}"
EndProject
Project("{8BC9CEB8-8B4A-11D0-8D11-00A0C91BC942}") = "sqliteVM", "SQLite\src\SqliteVM\sqliteVM.vcxproj", "{BE0B498C-2C41-46E9-82B7-697FDD3F68E3}"
EndProject
Project("{8BC9CEB8-8B4A-11D0-8D11-00A0C91BC942}") = "lib_json", "jsoncpp\src\lib_json\lib_json.vcxproj", "{B84F7231-16CE-41D8-8C08-7B523FF4225B}"
EndProject
Project("{FAE04EC0-301F-11D3-BF4B-00C04F79EFBC}") = "SqliteGUI_VS2010", "SQLite\src\SqliteGUI\SqliteGUI_VS2010.csproj", "{5CB5F2F4-D9B5-4E3E-B758-240E6E5D156A}"
EndProject
Project("{8BC9CEB8-8B4A-11D0-8D11-00A0C91BC942}") = "XercesLib", "dbxml\xerces-c-src\projects\Win32\VC10\xerces-all\XercesLib\XercesLib.vcxproj", "{152CE948-F659-4206-A50A-1D2B9658EF96}"
EndProject
Global
	GlobalSection(SolutionConfigurationPlatforms) = preSolution
		Debug|Win32 = Debug|Win32
		Debug|x64 = Debug|x64
		ICU Debug|Win32 = ICU Debug|Win32
		ICU Debug|x64 = ICU Debug|x64
		ICU Release|Win32 = ICU Release|Win32
		ICU Release|x64 = ICU Release|x64
		Release|Win32 = Release|Win32
		Release|x64 = Release|x64
		Static Debug|Win32 = Static Debug|Win32
		Static Debug|x64 = Static Debug|x64
		Static Release|Win32 = Static Release|Win32
		Static Release|x64 = Static Release|x64
	EndGlobalSection
	GlobalSection(ProjectConfigurationPlatforms) = postSolution
		{BD537C9A-FECA-1BAD-6757-8A6363336A1C}.Debug|Win32.ActiveCfg = Debug|Win32
		{BD537C9A-FECA-1BAD-6757-8A6363336A1C}.Debug|Win32.Build.0 = Debug|Win32
		{BD537C9A-FECA-1BAD-6757-8A6363336A1C}.Debug|x64.ActiveCfg = Debug|x64
		{BD537C9A-FECA-1BAD-6757-8A6363336A1C}.Debug|x64.Build.0 = Debug|x64
		{BD537C9A-FECA-1BAD-6757-8A6363336A1C}.ICU Debug|Win32.ActiveCfg = Debug|Win32
		{BD537C9A-FECA-1BAD-6757-8A6363336A1C}.ICU Debug|Win32.Build.0 = Debug|Win32
		{BD537C9A-FECA-1BAD-6757-8A6363336A1C}.ICU Debug|x64.ActiveCfg = Debug|x64
		{BD537C9A-FECA-1BAD-6757-8A6363336A1C}.ICU Debug|x64.Build.0 = Debug|x64
		{BD537C9A-FECA-1BAD-6757-8A6363336A1C}.ICU Release|Win32.ActiveCfg = Release|Win32
		{BD537C9A-FECA-1BAD-6757-8A6363336A1C}.ICU Release|Win32.Build.0 = Release|Win32
		{BD537C9A-FECA-1BAD-6757-8A6363336A1C}.ICU Release|x64.ActiveCfg = Release|x64
		{BD537C9A-FECA-1BAD-6757-8A6363336A1C}.ICU Release|x64.Build.0 = Release|x64
		{BD537C9A-FECA-1BAD-6757-8A6363336A1C}.Release|Win32.ActiveCfg = Release|Win32
		{BD537C9A-FECA-1BAD-6757-8A6363336A1C}.Release|Win32.Build.0 = Release|Win32
		{BD537C9A-FECA-1BAD-6757-8A6363336A1C}.Release|x64.ActiveCfg = Release|x64
		{BD537C9A-FECA-1BAD-6757-8A6363336A1C}.Release|x64.Build.0 = Release|x64
		{BD537C9A-FECA-1BAD-6757-8A6363336A1C}.Static Debug|Win32.ActiveCfg = Debug|Win32
		{BD537C9A-FECA-1BAD-6757-8A6363336A1C}.Static Debug|Win32.Build.0 = Debug|Win32
		{BD537C9A-FECA-1BAD-6757-8A6363336A1C}.Static Debug|x64.ActiveCfg = Debug|x64
		{BD537C9A-FECA-1BAD-6757-8A6363336A1C}.Static Debug|x64.Build.0 = Debug|x64
		{BD537C9A-FECA-1BAD-6757-8A6363336A1C}.Static Release|Win32.ActiveCfg = Release|Win32
		{BD537C9A-FECA-1BAD-6757-8A6363336A1C}.Static Release|Win32.Build.0 = Release|Win32
		{BD537C9A-FECA-1BAD-6757-8A6363336A1C}.Static Release|x64.ActiveCfg = Release|x64
		{BD537C9A-FECA-1BAD-6757-8A6363336A1C}.Static Release|x64.Build.0 = Release|x64
		{96C27024-6DEE-45ED-BCC3-A731949131FA}.Debug|Win32.ActiveCfg = Debug|Win32
		{96C27024-6DEE-45ED-BCC3-A731949131FA}.Debug|Win32.Build.0 = Debug|Win32
		{96C27024-6DEE-45ED-BCC3-A731949131FA}.Debug|x64.ActiveCfg = Debug|x64
		{96C27024-6DEE-45ED-BCC3-A731949131FA}.Debug|x64.Build.0 = Debug|x64
		{96C27024-6DEE-45ED-BCC3-A731949131FA}.ICU Debug|Win32.ActiveCfg = Debug|Win32
		{96C27024-6DEE-45ED-BCC3-A731949131FA}.ICU Debug|Win32.Build.0 = Debug|Win32
		{96C27024-6DEE-45ED-BCC3-A731949131FA}.ICU Debug|x64.ActiveCfg = Debug|x64
		{96C27024-6DEE-45ED-BCC3-A731949131FA}.ICU Debug|x64.Build.0 = Debug|x64
		{96C27024-6DEE-45ED-BCC3-A731949131FA}.ICU Release|Win32.ActiveCfg = Release|Win32
		{96C27024-6DEE-45ED-BCC3-A731949131FA}.ICU Release|Win32.Build.0 = Release|Win32
		{96C27024-6DEE-45ED-BCC3-A731949131FA}.ICU Release|x64.ActiveCfg = Release|x64
		{96C27024-6DEE-45ED-BCC3-A731949131FA}.ICU Release|x64.Build.0 = Release|x64
		{96C27024-6DEE-45ED-BCC3-A731949131FA}.Release|Win32.ActiveCfg = Release|Win32
		{96C27024-6DEE-45ED-BCC3-A731949131FA}.Release|Win32.Build.0 = Release|Win32
		{96C27024-6DEE-45ED-BCC3-A731949131FA}.Release|x64.ActiveCfg = Release|x64
		{96C27024-6DEE-45ED-BCC3-A731949131FA}.Release|x64.Build.0 = Release|x64
		{96C27024-6DEE-45ED-BCC3-A731949131FA}.Static Debug|Win32.ActiveCfg = Debug|Win32
		{96C27024-6DEE-45ED-BCC3-A731949131FA}.Static Debug|Win32.Build.0 = Debug|Win32
		{96C27024-6DEE-45ED-BCC3-A731949131FA}.Static Debug|x64.ActiveCfg = Debug|x64
		{96C27024-6DEE-45ED-BCC3-A731949131FA}.Static Debug|x64.Build.0 = Debug|x64
		{96C27024-6DEE-45ED-BCC3-A731949131FA}.Static Release|Win32.ActiveCfg = Release|Win32
		{96C27024-6DEE-45ED-BCC3-A731949131FA}.Static Release|Win32.Build.0 = Release|Win32
		{96C27024-6DEE-45ED-BCC3-A731949131FA}.Static Release|x64.ActiveCfg = Release|x64
		{96C27024-6DEE-45ED-BCC3-A731949131FA}.Static Release|x64.Build.0 = Release|x64
		{56056344-53A1-4FA6-B20B-862C0BA68953}.Debug|Win32.ActiveCfg = Debug|Win32
		{56056344-53A1-4FA6-B20B-862C0BA68953}.Debug|Win32.Build.0 = Debug|Win32
		{56056344-53A1-4FA6-B20B-862C0BA68953}.Debug|x64.ActiveCfg = Debug|x64
		{56056344-53A1-4FA6-B20B-862C0BA68953}.Debug|x64.Build.0 = Debug|x64
		{56056344-53A1-4FA6-B20B-862C0BA68953}.ICU Debug|Win32.ActiveCfg = Debug|Win32
		{56056344-53A1-4FA6-B20B-862C0BA68953}.ICU Debug|Win32.Build.0 = Debug|Win32
		{56056344-53A1-4FA6-B20B-862C0BA68953}.ICU Debug|x64.ActiveCfg = Debug|x64
		{56056344-53A1-4FA6-B20B-862C0BA68953}.ICU Debug|x64.Build.0 = Debug|x64
		{56056344-53A1-4FA6-B20B-862C0BA68953}.ICU Release|Win32.ActiveCfg = Release|Win32
		{56056344-53A1-4FA6-B20B-862C0BA68953}.ICU Release|Win32.Build.0 = Release|Win32
		{56056344-53A1-4FA6-B20B-862C0BA68953}.ICU Release|x64.ActiveCfg = Release|x64
		{56056344-53A1-4FA6-B20B-862C0BA68953}.ICU Release|x64.Build.0 = Release|x64
		{56056344-53A1-4FA6-B20B-862C0BA68953}.Release|Win32.ActiveCfg = Release|Win32
		{56056344-53A1-4FA6-B20B-862C0BA68953}.Release|Win32.Build.0 = Release|Win32
		{56056344-53A1-4FA6-B20B-862C0BA68953}.Release|x64.ActiveCfg = Release|x64
		{56056344-53A1-4FA6-B20B-862C0BA68953}.Release|x64.Build.0 = Release|x64
		{56056344-53A1-4FA6-B20B-862C0BA68953}.Static Debug|Win32.ActiveCfg = Debug|Win32
		{56056344-53A1-4FA6-B20B-862C0BA68953}.Static Debug|Win32.Build.0 = Debug|Win32
		{56056344-53A1-4FA6-B20B-862C0BA68953}.Static Debug|x64.ActiveCfg = Debug|x64
		{56056344-53A1-4FA6-B20B-862C0BA68953}.Static Debug|x64.Build.0 = Debug|x64
		{56056344-53A1-4FA6-B20B-862C0BA68953}.Static Release|Win32.ActiveCfg = Release|Win32
		{56056344-53A1-4FA6-B20B-862C0BA68953}.Static Release|Win32.Build.0 = Release|Win32
		{56056344-53A1-4FA6-B20B-862C0BA68953}.Static Release|x64.ActiveCfg = Release|x64
		{56056344-53A1-4FA6-B20B-862C0BA68953}.Static Release|x64.Build.0 = Release|x64
		{A3BE0163-1E6C-4235-9B6B-3A36ABB5E285}.Debug|Win32.ActiveCfg = Debug|Win32
		{A3BE0163-1E6C-4235-9B6B-3A36ABB5E285}.Debug|Win32.Build.0 = Debug|Win32
		{A3BE0163-1E6C-4235-9B6B-3A36ABB5E285}.Debug|x64.ActiveCfg = Debug|x64
		{A3BE0163-1E6C-4235-9B6B-3A36ABB5E285}.Debug|x64.Build.0 = Debug|x64
		{A3BE0163-1E6C-4235-9B6B-3A36ABB5E285}.ICU Debug|Win32.ActiveCfg = Debug|Win32
		{A3BE0163-1E6C-4235-9B6B-3A36ABB5E285}.ICU Debug|Win32.Build.0 = Debug|Win32
		{A3BE0163-1E6C-4235-9B6B-3A36ABB5E285}.ICU Debug|x64.ActiveCfg = Debug|x64
		{A3BE0163-1E6C-4235-9B6B-3A36ABB5E285}.ICU Debug|x64.Build.0 = Debug|x64
		{A3BE0163-1E6C-4235-9B6B-3A36ABB5E285}.ICU Release|Win32.ActiveCfg = Release|Win32
		{A3BE0163-1E6C-4235-9B6B-3A36ABB5E285}.ICU Release|Win32.Build.0 = Release|Win32
		{A3BE0163-1E6C-4235-9B6B-3A36ABB5E285}.ICU Release|x64.ActiveCfg = Release|x64
		{A3BE0163-1E6C-4235-9B6B-3A36ABB5E285}.ICU Release|x64.Build.0 = Release|x64
		{A3BE0163-1E6C-4235-9B6B-3A36ABB5E285}.Release|Win32.ActiveCfg = Release|Win32
		{A3BE0163-1E6C-4235-9B6B-3A36ABB5E285}.Release|Win32.Build.0 = Release|Win32
		{A3BE0163-1E6C-4235-9B6B-3A36ABB5E285}.Release|x64.ActiveCfg = Release|x64
		{A3BE0163-1E6C-4235-9B6B-3A36ABB5E285}.Release|x64.Build.0 = Release|x64
		{A3BE0163-1E6C-4235-9B6B-3A36ABB5E285}.Static Debug|Win32.ActiveCfg = Debug|Win32
		{A3BE0163-1E6C-4235-9B6B-3A36ABB5E285}.Static Debug|Win32.Build.0 = Debug|Win32
		{A3BE0163-1E6C-4235-9B6B-3A36ABB5E285}.Static Debug|x64.ActiveCfg = Debug|x64
		{A3BE0163-1E6C-4235-9B6B-3A36ABB5E285}.Static Debug|x64.Build.0 = Debug|x64
		{A3BE0163-1E6C-4235-9B6B-3A36ABB5E285}.Static Release|Win32.ActiveCfg = Release|Win32
		{A3BE0163-1E6C-4235-9B6B-3A36ABB5E285}.Static Release|Win32.Build.0 = Release|Win32
		{A3BE0163-1E6C-4235-9B6B-3A36ABB5E285}.Static Release|x64.ActiveCfg = Release|x64
		{A3BE0163-1E6C-4235-9B6B-3A36ABB5E285}.Static Release|x64.Build.0 = Release|x64
		{DB067D2C-7163-428B-AAF8-642316AB173B}.Debug|Win32.ActiveCfg = Debug|Win32
		{DB067D2C-7163-428B-AAF8-642316AB173B}.Debug|Win32.Build.0 = Debug|Win32
		{DB067D2C-7163-428B-AAF8-642316AB173B}.Debug|x64.ActiveCfg = Debug|x64
		{DB067D2C-7163-428B-AAF8-642316AB173B}.Debug|x64.Build.0 = Debug|x64
		{DB067D2C-7163-428B-AAF8-642316AB173B}.ICU Debug|Win32.ActiveCfg = Debug|Win32
		{DB067D2C-7163-428B-AAF8-642316AB173B}.ICU Debug|Win32.Build.0 = Debug|Win32
		{DB067D2C-7163-428B-AAF8-642316AB173B}.ICU Debug|x64.ActiveCfg = Debug|x64
		{DB067D2C-7163-428B-AAF8-642316AB173B}.ICU Debug|x64.Build.0 = Debug|x64
		{DB067D2C-7163-428B-AAF8-642316AB173B}.ICU Release|Win32.ActiveCfg = Release|Win32
		{DB067D2C-7163-428B-AAF8-642316AB173B}.ICU Release|Win32.Build.0 = Release|Win32
		{DB067D2C-7163-428B-AAF8-642316AB173B}.ICU Release|x64.ActiveCfg = Release|x64
		{DB067D2C-7163-428B-AAF8-642316AB173B}.ICU Release|x64.Build.0 = Release|x64
		{DB067D2C-7163-428B-AAF8-642316AB173B}.Release|Win32.ActiveCfg = Release|Win32
		{DB067D2C-7163-428B-AAF8-642316AB173B}.Release|Win32.Build.0 = Release|Win32
		{DB067D2C-7163-428B-AAF8-642316AB173B}.Release|x64.ActiveCfg = Release|x64
		{DB067D2C-7163-428B-AAF8-642316AB173B}.Release|x64.Build.0 = Release|x64
		{DB067D2C-7163-428B-AAF8-642316AB173B}.Static Debug|Win32.ActiveCfg = Debug|Win32
		{DB067D2C-7163-428B-AAF8-642316AB173B}.Static Debug|Win32.Build.0 = Debug|Win32
		{DB067D2C-7163-428B-AAF8-642316AB173B}.Static Debug|x64.ActiveCfg = Debug|x64
		{DB067D2C-7163-428B-AAF8-642316AB173B}.Static Debug|x64.Build.0 = Debug|x64
		{DB067D2C-7163-428B-AAF8-642316AB173B}.Static Release|Win32.ActiveCfg = Release|Win32
		{DB067D2C-7163-428B-AAF8-642316AB173B}.Static Release|Win32.Build.0 = Release|Win32
		{DB067D2C-7163-428B-AAF8-642316AB173B}.Static Release|x64.ActiveCfg = Release|x64
		{DB067D2C-7163-428B-AAF8-642316AB173B}.Static Release|x64.Build.0 = Release|x64
		{67C0DABC-353A-491F-9A77-8E2E601ED52B}.Debug|Win32.ActiveCfg = Debug|Win32
		{67C0DABC-353A-491F-9A77-8E2E601ED52B}.Debug|Win32.Build.0 = Debug|Win32
		{67C0DABC-353A-491F-9A77-8E2E601ED52B}.Debug|x64.ActiveCfg = Debug|x64
		{67C0DABC-353A-491F-9A77-8E2E601ED52B}.Debug|x64.Build.0 = Debug|x64
		{67C0DABC-353A-491F-9A77-8E2E601ED52B}.ICU Debug|Win32.ActiveCfg = Debug|Win32
		{67C0DABC-353A-491F-9A77-8E2E601ED52B}.ICU Debug|Win32.Build.0 = Debug|Win32
		{67C0DABC-353A-491F-9A77-8E2E601ED52B}.ICU Debug|x64.ActiveCfg = Debug|x64
		{67C0DABC-353A-491F-9A77-8E2E601ED52B}.ICU Debug|x64.Build.0 = Debug|x64
		{67C0DABC-353A-491F-9A77-8E2E601ED52B}.ICU Release|Win32.ActiveCfg = Release|Win32
		{67C0DABC-353A-491F-9A77-8E2E601ED52B}.ICU Release|Win32.Build.0 = Release|Win32
		{67C0DABC-353A-491F-9A77-8E2E601ED52B}.ICU Release|x64.ActiveCfg = Release|x64
		{67C0DABC-353A-491F-9A77-8E2E601ED52B}.ICU Release|x64.Build.0 = Release|x64
		{67C0DABC-353A-491F-9A77-8E2E601ED52B}.Release|Win32.ActiveCfg = Release|Win32
		{67C0DABC-353A-491F-9A77-8E2E601ED52B}.Release|Win32.Build.0 = Release|Win32
		{67C0DABC-353A-491F-9A77-8E2E601ED52B}.Release|x64.ActiveCfg = Release|x64
		{67C0DABC-353A-491F-9A77-8E2E601ED52B}.Release|x64.Build.0 = Release|x64
		{67C0DABC-353A-491F-9A77-8E2E601ED52B}.Static Debug|Win32.ActiveCfg = Debug|Win32
		{67C0DABC-353A-491F-9A77-8E2E601ED52B}.Static Debug|Win32.Build.0 = Debug|Win32
		{67C0DABC-353A-491F-9A77-8E2E601ED52B}.Static Debug|x64.ActiveCfg = Debug|x64
		{67C0DABC-353A-491F-9A77-8E2E601ED52B}.Static Debug|x64.Build.0 = Debug|x64
		{67C0DABC-353A-491F-9A77-8E2E601ED52B}.Static Release|Win32.ActiveCfg = Release|Win32
		{67C0DABC-353A-491F-9A77-8E2E601ED52B}.Static Release|Win32.Build.0 = Release|Win32
		{67C0DABC-353A-491F-9A77-8E2E601ED52B}.Static Release|x64.ActiveCfg = Release|x64
		{67C0DABC-353A-491F-9A77-8E2E601ED52B}.Static Release|x64.Build.0 = Release|x64
		{7640133F-4AB8-42DA-ADB5-95F21447F7D5}.Debug|Win32.ActiveCfg = Debug|Win32
		{7640133F-4AB8-42DA-ADB5-95F21447F7D5}.Debug|Win32.Build.0 = Debug|Win32
		{7640133F-4AB8-42DA-ADB5-95F21447F7D5}.Debug|x64.ActiveCfg = Debug|x64
		{7640133F-4AB8-42DA-ADB5-95F21447F7D5}.Debug|x64.Build.0 = Debug|x64
		{7640133F-4AB8-42DA-ADB5-95F21447F7D5}.ICU Debug|Win32.ActiveCfg = Debug|Win32
		{7640133F-4AB8-42DA-ADB5-95F21447F7D5}.ICU Debug|Win32.Build.0 = Debug|Win32
		{7640133F-4AB8-42DA-ADB5-95F21447F7D5}.ICU Debug|x64.ActiveCfg = Debug|x64
		{7640133F-4AB8-42DA-ADB5-95F21447F7D5}.ICU Debug|x64.Build.0 = Debug|x64
		{7640133F-4AB8-42DA-ADB5-95F21447F7D5}.ICU Release|Win32.ActiveCfg = Release|Win32
		{7640133F-4AB8-42DA-ADB5-95F21447F7D5}.ICU Release|Win32.Build.0 = Release|Win32
		{7640133F-4AB8-42DA-ADB5-95F21447F7D5}.ICU Release|x64.ActiveCfg = Release|x64
		{7640133F-4AB8-42DA-ADB5-95F21447F7D5}.ICU Release|x64.Build.0 = Release|x64
		{7640133F-4AB8-42DA-ADB5-95F21447F7D5}.Release|Win32.ActiveCfg = Release|Win32
		{7640133F-4AB8-42DA-ADB5-95F21447F7D5}.Release|Win32.Build.0 = Release|Win32
		{7640133F-4AB8-42DA-ADB5-95F21447F7D5}.Release|x64.ActiveCfg = Release|x64
		{7640133F-4AB8-42DA-ADB5-95F21447F7D5}.Release|x64.Build.0 = Release|x64
		{7640133F-4AB8-42DA-ADB5-95F21447F7D5}.Static Debug|Win32.ActiveCfg = Debug|Win32
		{7640133F-4AB8-42DA-ADB5-95F21447F7D5}.Static Debug|Win32.Build.0 = Debug|Win32
		{7640133F-4AB8-42DA-ADB5-95F21447F7D5}.Static Debug|x64.ActiveCfg = Debug|x64
		{7640133F-4AB8-42DA-ADB5-95F21447F7D5}.Static Debug|x64.Build.0 = Debug|x64
		{7640133F-4AB8-42DA-ADB5-95F21447F7D5}.Static Release|Win32.ActiveCfg = Release|Win32
		{7640133F-4AB8-42DA-ADB5-95F21447F7D5}.Static Release|Win32.Build.0 = Release|Win32
		{7640133F-4AB8-42DA-ADB5-95F21447F7D5}.Static Release|x64.ActiveCfg = Release|x64
		{7640133F-4AB8-42DA-ADB5-95F21447F7D5}.Static Release|x64.Build.0 = Release|x64
		{9E03FD51-E387-4EEF-9EEA-E71707A56212}.Debug|Win32.ActiveCfg = Debug|Win32
		{9E03FD51-E387-4EEF-9EEA-E71707A56212}.Debug|Win32.Build.0 = Debug|Win32
		{9E03FD51-E387-4EEF-9EEA-E71707A56212}.Debug|x64.ActiveCfg = Debug|x64
		{9E03FD51-E387-4EEF-9EEA-E71707A56212}.Debug|x64.Build.0 = Debug|x64
		{9E03FD51-E387-4EEF-9EEA-E71707A56212}.ICU Debug|Win32.ActiveCfg = Debug|Win32
		{9E03FD51-E387-4EEF-9EEA-E71707A56212}.ICU Debug|Win32.Build.0 = Debug|Win32
		{9E03FD51-E387-4EEF-9EEA-E71707A56212}.ICU Debug|x64.ActiveCfg = Debug|x64
		{9E03FD51-E387-4EEF-9EEA-E71707A56212}.ICU Debug|x64.Build.0 = Debug|x64
		{9E03FD51-E387-4EEF-9EEA-E71707A56212}.ICU Release|Win32.ActiveCfg = Release|Win32
		{9E03FD51-E387-4EEF-9EEA-E71707A56212}.ICU Release|Win32.Build.0 = Release|Win32
		{9E03FD51-E387-4EEF-9EEA-E71707A56212}.ICU Release|x64.ActiveCfg = Release|x64
		{9E03FD51-E387-4EEF-9EEA-E71707A56212}.ICU Release|x64.Build.0 = Release|x64
		{9E03FD51-E387-4EEF-9EEA-E71707A56212}.Release|Win32.ActiveCfg = Release|Win32
		{9E03FD51-E387-4EEF-9EEA-E71707A56212}.Release|Win32.Build.0 = Release|Win32
		{9E03FD51-E387-4EEF-9EEA-E71707A56212}.Release|x64.ActiveCfg = Release|x64
		{9E03FD51-E387-4EEF-9EEA-E71707A56212}.Release|x64.Build.0 = Release|x64
		{9E03FD51-E387-4EEF-9EEA-E71707A56212}.Static Debug|Win32.ActiveCfg = Debug|Win32
		{9E03FD51-E387-4EEF-9EEA-E71707A56212}.Static Debug|Win32.Build.0 = Debug|Win32
		{9E03FD51-E387-4EEF-9EEA-E71707A56212}.Static Debug|x64.ActiveCfg = Debug|x64
		{9E03FD51-E387-4EEF-9EEA-E71707A56212}.Static Debug|x64.Build.0 = Debug|x64
		{9E03FD51-E387-4EEF-9EEA-E71707A56212}.Static Release|Win32.ActiveCfg = Release|Win32
		{9E03FD51-E387-4EEF-9EEA-E71707A56212}.Static Release|Win32.Build.0 = Release|Win32
		{9E03FD51-E387-4EEF-9EEA-E71707A56212}.Static Release|x64.ActiveCfg = Release|x64
		{9E03FD51-E387-4EEF-9EEA-E71707A56212}.Static Release|x64.Build.0 = Release|x64
		{5F4D66DB-8D75-43D4-A1BB-60A01BC6B32F}.Debug|Win32.ActiveCfg = Debug|Win32
		{5F4D66DB-8D75-43D4-A1BB-60A01BC6B32F}.Debug|Win32.Build.0 = Debug|Win32
		{5F4D66DB-8D75-43D4-A1BB-60A01BC6B32F}.Debug|x64.ActiveCfg = Debug|x64
		{5F4D66DB-8D75-43D4-A1BB-60A01BC6B32F}.Debug|x64.Build.0 = Debug|x64
		{5F4D66DB-8D75-43D4-A1BB-60A01BC6B32F}.ICU Debug|Win32.ActiveCfg = Debug|Win32
		{5F4D66DB-8D75-43D4-A1BB-60A01BC6B32F}.ICU Debug|Win32.Build.0 = Debug|Win32
		{5F4D66DB-8D75-43D4-A1BB-60A01BC6B32F}.ICU Debug|x64.ActiveCfg = Debug|x64
		{5F4D66DB-8D75-43D4-A1BB-60A01BC6B32F}.ICU Debug|x64.Build.0 = Debug|x64
		{5F4D66DB-8D75-43D4-A1BB-60A01BC6B32F}.ICU Release|Win32.ActiveCfg = Release|Win32
		{5F4D66DB-8D75-43D4-A1BB-60A01BC6B32F}.ICU Release|Win32.Build.0 = Release|Win32
		{5F4D66DB-8D75-43D4-A1BB-60A01BC6B32F}.ICU Release|x64.ActiveCfg = Release|x64
		{5F4D66DB-8D75-43D4-A1BB-60A01BC6B32F}.ICU Release|x64.Build.0 = Release|x64
		{5F4D66DB-8D75-43D4-A1BB-60A01BC6B32F}.Release|Win32.ActiveCfg = Release|Win32
		{5F4D66DB-8D75-43D4-A1BB-60A01BC6B32F}.Release|Win32.Build.0 = Release|Win32
		{5F4D66DB-8D75-43D4-A1BB-60A01BC6B32F}.Release|x64.ActiveCfg = Release|x64
		{5F4D66DB-8D75-43D4-A1BB-60A01BC6B32F}.Release|x64.Build.0 = Release|x64
		{5F4D66DB-8D75-43D4-A1BB-60A01BC6B32F}.Static Debug|Win32.ActiveCfg = Debug|Win32
		{5F4D66DB-8D75-43D4-A1BB-60A01BC6B32F}.Static Debug|Win32.Build.0 = Debug|Win32
		{5F4D66DB-8D75-43D4-A1BB-60A01BC6B32F}.Static Debug|x64.ActiveCfg = Debug|x64
		{5F4D66DB-8D75-43D4-A1BB-60A01BC6B32F}.Static Debug|x64.Build.0 = Debug|x64
		{5F4D66DB-8D75-43D4-A1BB-60A01BC6B32F}.Static Release|Win32.ActiveCfg = Release|Win32
		{5F4D66DB-8D75-43D4-A1BB-60A01BC6B32F}.Static Release|Win32.Build.0 = Release|Win32
		{5F4D66DB-8D75-43D4-A1BB-60A01BC6B32F}.Static Release|x64.ActiveCfg = Release|x64
		{5F4D66DB-8D75-43D4-A1BB-60A01BC6B32F}.Static Release|x64.Build.0 = Release|x64
		{12E118CA-CAAE-4F54-AE81-8D9981AA0635}.Debug|Win32.ActiveCfg = Debug|Win32
		{12E118CA-CAAE-4F54-AE81-8D9981AA0635}.Debug|Win32.Build.0 = Debug|Win32
		{12E118CA-CAAE-4F54-AE81-8D9981AA0635}.Debug|x64.ActiveCfg = Debug|x64
		{12E118CA-CAAE-4F54-AE81-8D9981AA0635}.Debug|x64.Build.0 = Debug|x64
		{12E118CA-CAAE-4F54-AE81-8D9981AA0635}.ICU Debug|Win32.ActiveCfg = Debug|Win32
		{12E118CA-CAAE-4F54-AE81-8D9981AA0635}.ICU Debug|Win32.Build.0 = Debug|Win32
		{12E118CA-CAAE-4F54-AE81-8D9981AA0635}.ICU Debug|x64.ActiveCfg = Debug|x64
		{12E118CA-CAAE-4F54-AE81-8D9981AA0635}.ICU Debug|x64.Build.0 = Debug|x64
		{12E118CA-CAAE-4F54-AE81-8D9981AA0635}.ICU Release|Win32.ActiveCfg = Release|Win32
		{12E118CA-CAAE-4F54-AE81-8D9981AA0635}.ICU Release|Win32.Build.0 = Release|Win32
		{12E118CA-CAAE-4F54-AE81-8D9981AA0635}.ICU Release|x64.ActiveCfg = Release|x64
		{12E118CA-CAAE-4F54-AE81-8D9981AA0635}.ICU Release|x64.Build.0 = Release|x64
		{12E118CA-CAAE-4F54-AE81-8D9981AA0635}.Release|Win32.ActiveCfg = Release|Win32
		{12E118CA-CAAE-4F54-AE81-8D9981AA0635}.Release|Win32.Build.0 = Release|Win32
		{12E118CA-CAAE-4F54-AE81-8D9981AA0635}.Release|x64.ActiveCfg = Release|x64
		{12E118CA-CAAE-4F54-AE81-8D9981AA0635}.Release|x64.Build.0 = Release|x64
		{12E118CA-CAAE-4F54-AE81-8D9981AA0635}.Static Debug|Win32.ActiveCfg = Debug|Win32
		{12E118CA-CAAE-4F54-AE81-8D9981AA0635}.Static Debug|Win32.Build.0 = Debug|Win32
		{12E118CA-CAAE-4F54-AE81-8D9981AA0635}.Static Debug|x64.ActiveCfg = Debug|x64
		{12E118CA-CAAE-4F54-AE81-8D9981AA0635}.Static Debug|x64.Build.0 = Debug|x64
		{12E118CA-CAAE-4F54-AE81-8D9981AA0635}.Static Release|Win32.ActiveCfg = Release|Win32
		{12E118CA-CAAE-4F54-AE81-8D9981AA0635}.Static Release|Win32.Build.0 = Release|Win32
		{12E118CA-CAAE-4F54-AE81-8D9981AA0635}.Static Release|x64.ActiveCfg = Release|x64
		{12E118CA-CAAE-4F54-AE81-8D9981AA0635}.Static Release|x64.Build.0 = Release|x64
		{63E85107-41E0-4FC7-8083-40E85861B426}.Debug|Win32.ActiveCfg = Debug|Win32
		{63E85107-41E0-4FC7-8083-40E85861B426}.Debug|Win32.Build.0 = Debug|Win32
		{63E85107-41E0-4FC7-8083-40E85861B426}.Debug|x64.ActiveCfg = Debug|x64
		{63E85107-41E0-4FC7-8083-40E85861B426}.Debug|x64.Build.0 = Debug|x64
		{63E85107-41E0-4FC7-8083-40E85861B426}.ICU Debug|Win32.ActiveCfg = Debug|Win32
		{63E85107-41E0-4FC7-8083-40E85861B426}.ICU Debug|Win32.Build.0 = Debug|Win32
		{63E85107-41E0-4FC7-8083-40E85861B426}.ICU Debug|x64.ActiveCfg = Debug|x64
		{63E85107-41E0-4FC7-8083-40E85861B426}.ICU Debug|x64.Build.0 = Debug|x64
		{63E85107-41E0-4FC7-8083-40E85861B426}.ICU Release|Win32.ActiveCfg = Release|Win32
		{63E85107-41E0-4FC7-8083-40E85861B426}.ICU Release|Win32.Build.0 = Release|Win32
		{63E85107-41E0-4FC7-8083-40E85861B426}.ICU Release|x64.ActiveCfg = Release|x64
		{63E85107-41E0-4FC7-8083-40E85861B426}.ICU Release|x64.Build.0 = Release|x64
		{63E85107-41E0-4FC7-8083-40E85861B426}.Release|Win32.ActiveCfg = Release|Win32
		{63E85107-41E0-4FC7-8083-40E85861B426}.Release|Win32.Build.0 = Release|Win32
		{63E85107-41E0-4FC7-8083-40E85861B426}.Release|x64.ActiveCfg = Release|x64
		{63E85107-41E0-4FC7-8083-40E85861B426}.Release|x64.Build.0 = Release|x64
		{63E85107-41E0-4FC7-8083-40E85861B426}.Static Debug|Win32.ActiveCfg = Static Debug|Win32
		{63E85107-41E0-4FC7-8083-40E85861B426}.Static Debug|Win32.Build.0 = Static Debug|Win32
		{63E85107-41E0-4FC7-8083-40E85861B426}.Static Debug|x64.ActiveCfg = Static Debug|x64
		{63E85107-41E0-4FC7-8083-40E85861B426}.Static Debug|x64.Build.0 = Static Debug|x64
		{63E85107-41E0-4FC7-8083-40E85861B426}.Static Release|Win32.ActiveCfg = Static Release|Win32
		{63E85107-41E0-4FC7-8083-40E85861B426}.Static Release|Win32.Build.0 = Static Release|Win32
		{63E85107-41E0-4FC7-8083-40E85861B426}.Static Release|x64.ActiveCfg = Static Release|x64
		{63E85107-41E0-4FC7-8083-40E85861B426}.Static Release|x64.Build.0 = Static Release|x64
		{0047EDFC-C26D-49D0-9559-029FA38B3839}.Debug|Win32.ActiveCfg = Debug|Win32
		{0047EDFC-C26D-49D0-9559-029FA38B3839}.Debug|Win32.Build.0 = Debug|Win32
		{0047EDFC-C26D-49D0-9559-029FA38B3839}.Debug|x64.ActiveCfg = Debug|x64
		{0047EDFC-C26D-49D0-9559-029FA38B3839}.Debug|x64.Build.0 = Debug|x64
		{0047EDFC-C26D-49D0-9559-029FA38B3839}.ICU Debug|Win32.ActiveCfg = Debug|Win32
		{0047EDFC-C26D-49D0-9559-029FA38B3839}.ICU Debug|Win32.Build.0 = Debug|Win32
		{0047EDFC-C26D-49D0-9559-029FA38B3839}.ICU Debug|x64.ActiveCfg = Debug|x64
		{0047EDFC-C26D-49D0-9559-029FA38B3839}.ICU Debug|x64.Build.0 = Debug|x64
		{0047EDFC-C26D-49D0-9559-029FA38B3839}.ICU Release|Win32.ActiveCfg = Release|Win32
		{0047EDFC-C26D-49D0-9559-029FA38B3839}.ICU Release|Win32.Build.0 = Release|Win32
		{0047EDFC-C26D-49D0-9559-029FA38B3839}.ICU Release|x64.ActiveCfg = Release|x64
		{0047EDFC-C26D-49D0-9559-029FA38B3839}.ICU Release|x64.Build.0 = Release|x64
		{0047EDFC-C26D-49D0-9559-029FA38B3839}.Release|Win32.ActiveCfg = Release|Win32
		{0047EDFC-C26D-49D0-9559-029FA38B3839}.Release|Win32.Build.0 = Release|Win32
		{0047EDFC-C26D-49D0-9559-029FA38B3839}.Release|x64.ActiveCfg = Release|x64
		{0047EDFC-C26D-49D0-9559-029FA38B3839}.Release|x64.Build.0 = Release|x64
		{0047EDFC-C26D-49D0-9559-029FA38B3839}.Static Debug|Win32.ActiveCfg = Static Debug|Win32
		{0047EDFC-C26D-49D0-9559-029FA38B3839}.Static Debug|Win32.Build.0 = Static Debug|Win32
		{0047EDFC-C26D-49D0-9559-029FA38B3839}.Static Debug|x64.ActiveCfg = Static Debug|x64
		{0047EDFC-C26D-49D0-9559-029FA38B3839}.Static Debug|x64.Build.0 = Static Debug|x64
		{0047EDFC-C26D-49D0-9559-029FA38B3839}.Static Release|Win32.ActiveCfg = Static Release|Win32
		{0047EDFC-C26D-49D0-9559-029FA38B3839}.Static Release|Win32.Build.0 = Static Release|Win32
		{0047EDFC-C26D-49D0-9559-029FA38B3839}.Static Release|x64.ActiveCfg = Static Release|x64
		{0047EDFC-C26D-49D0-9559-029FA38B3839}.Static Release|x64.Build.0 = Static Release|x64
		{3D50C9C1-88B9-4323-B656-97E1F9C1376B}.Debug|Win32.ActiveCfg = Debug|Win32
		{3D50C9C1-88B9-4323-B656-97E1F9C1376B}.Debug|Win32.Build.0 = Debug|Win32
		{3D50C9C1-88B9-4323-B656-97E1F9C1376B}.Debug|x64.ActiveCfg = Debug|x64
		{3D50C9C1-88B9-4323-B656-97E1F9C1376B}.Debug|x64.Build.0 = Debug|x64
		{3D50C9C1-88B9-4323-B656-97E1F9C1376B}.ICU Debug|Win32.ActiveCfg = Debug|Win32
		{3D50C9C1-88B9-4323-B656-97E1F9C1376B}.ICU Debug|Win32.Build.0 = Debug|Win32
		{3D50C9C1-88B9-4323-B656-97E1F9C1376B}.ICU Debug|x64.ActiveCfg = Debug|x64
		{3D50C9C1-88B9-4323-B656-97E1F9C1376B}.ICU Debug|x64.Build.0 = Debug|x64
		{3D50C9C1-88B9-4323-B656-97E1F9C1376B}.ICU Release|Win32.ActiveCfg = Release|Win32
		{3D50C9C1-88B9-4323-B656-97E1F9C1376B}.ICU Release|Win32.Build.0 = Release|Win32
		{3D50C9C1-88B9-4323-B656-97E1F9C1376B}.ICU Release|x64.ActiveCfg = Release|x64
		{3D50C9C1-88B9-4323-B656-97E1F9C1376B}.ICU Release|x64.Build.0 = Release|x64
		{3D50C9C1-88B9-4323-B656-97E1F9C1376B}.Release|Win32.ActiveCfg = Release|Win32
		{3D50C9C1-88B9-4323-B656-97E1F9C1376B}.Release|Win32.Build.0 = Release|Win32
		{3D50C9C1-88B9-4323-B656-97E1F9C1376B}.Release|x64.ActiveCfg = Release|x64
		{3D50C9C1-88B9-4323-B656-97E1F9C1376B}.Release|x64.Build.0 = Release|x64
		{3D50C9C1-88B9-4323-B656-97E1F9C1376B}.Static Debug|Win32.ActiveCfg = Debug|Win32
		{3D50C9C1-88B9-4323-B656-97E1F9C1376B}.Static Debug|Win32.Build.0 = Debug|Win32
		{3D50C9C1-88B9-4323-B656-97E1F9C1376B}.Static Debug|x64.ActiveCfg = Debug|x64
		{3D50C9C1-88B9-4323-B656-97E1F9C1376B}.Static Debug|x64.Build.0 = Debug|x64
		{3D50C9C1-88B9-4323-B656-97E1F9C1376B}.Static Release|Win32.ActiveCfg = Release|Win32
		{3D50C9C1-88B9-4323-B656-97E1F9C1376B}.Static Release|Win32.Build.0 = Release|Win32
		{3D50C9C1-88B9-4323-B656-97E1F9C1376B}.Static Release|x64.ActiveCfg = Release|x64
		{3D50C9C1-88B9-4323-B656-97E1F9C1376B}.Static Release|x64.Build.0 = Release|x64
		{63F00D08-A8E1-4506-BFB9-3149AAA90C13}.Debug|Win32.ActiveCfg = Debug|Win32
		{63F00D08-A8E1-4506-BFB9-3149AAA90C13}.Debug|Win32.Build.0 = Debug|Win32
		{63F00D08-A8E1-4506-BFB9-3149AAA90C13}.Debug|x64.ActiveCfg = Debug|x64
		{63F00D08-A8E1-4506-BFB9-3149AAA90C13}.Debug|x64.Build.0 = Debug|x64
		{63F00D08-A8E1-4506-BFB9-3149AAA90C13}.ICU Debug|Win32.ActiveCfg = Debug|Win32
		{63F00D08-A8E1-4506-BFB9-3149AAA90C13}.ICU Debug|Win32.Build.0 = Debug|Win32
		{63F00D08-A8E1-4506-BFB9-3149AAA90C13}.ICU Debug|x64.ActiveCfg = Debug|x64
		{63F00D08-A8E1-4506-BFB9-3149AAA90C13}.ICU Debug|x64.Build.0 = Debug|x64
		{63F00D08-A8E1-4506-BFB9-3149AAA90C13}.ICU Release|Win32.ActiveCfg = Release|Win32
		{63F00D08-A8E1-4506-BFB9-3149AAA90C13}.ICU Release|Win32.Build.0 = Release|Win32
		{63F00D08-A8E1-4506-BFB9-3149AAA90C13}.ICU Release|x64.ActiveCfg = Release|x64
		{63F00D08-A8E1-4506-BFB9-3149AAA90C13}.ICU Release|x64.Build.0 = Release|x64
		{63F00D08-A8E1-4506-BFB9-3149AAA90C13}.Release|Win32.ActiveCfg = Release|Win32
		{63F00D08-A8E1-4506-BFB9-3149AAA90C13}.Release|Win32.Build.0 = Release|Win32
		{63F00D08-A8E1-4506-BFB9-3149AAA90C13}.Release|x64.ActiveCfg = Release|x64
		{63F00D08-A8E1-4506-BFB9-3149AAA90C13}.Release|x64.Build.0 = Release|x64
		{63F00D08-A8E1-4506-BFB9-3149AAA90C13}.Static Debug|Win32.ActiveCfg = Debug|Win32
		{63F00D08-A8E1-4506-BFB9-3149AAA90C13}.Static Debug|Win32.Build.0 = Debug|Win32
		{63F00D08-A8E1-4506-BFB9-3149AAA90C13}.Static Debug|x64.ActiveCfg = Debug|x64
		{63F00D08-A8E1-4506-BFB9-3149AAA90C13}.Static Debug|x64.Build.0 = Debug|x64
		{63F00D08-A8E1-4506-BFB9-3149AAA90C13}.Static Release|Win32.ActiveCfg = Release|Win32
		{63F00D08-A8E1-4506-BFB9-3149AAA90C13}.Static Release|Win32.Build.0 = Release|Win32
		{63F00D08-A8E1-4506-BFB9-3149AAA90C13}.Static Release|x64.ActiveCfg = Release|x64
		{63F00D08-A8E1-4506-BFB9-3149AAA90C13}.Static Release|x64.Build.0 = Release|x64
		{DF725DAC-C6F3-4BC1-A1D3-C4745232B05D}.Debug|Win32.ActiveCfg = Debug|Win32
		{DF725DAC-C6F3-4BC1-A1D3-C4745232B05D}.Debug|Win32.Build.0 = Debug|Win32
		{DF725DAC-C6F3-4BC1-A1D3-C4745232B05D}.Debug|x64.ActiveCfg = Debug|x64
		{DF725DAC-C6F3-4BC1-A1D3-C4745232B05D}.Debug|x64.Build.0 = Debug|x64
		{DF725DAC-C6F3-4BC1-A1D3-C4745232B05D}.ICU Debug|Win32.ActiveCfg = Debug|Win32
		{DF725DAC-C6F3-4BC1-A1D3-C4745232B05D}.ICU Debug|Win32.Build.0 = Debug|Win32
		{DF725DAC-C6F3-4BC1-A1D3-C4745232B05D}.ICU Debug|x64.ActiveCfg = Debug|x64
		{DF725DAC-C6F3-4BC1-A1D3-C4745232B05D}.ICU Debug|x64.Build.0 = Debug|x64
		{DF725DAC-C6F3-4BC1-A1D3-C4745232B05D}.ICU Release|Win32.ActiveCfg = Release|Win32
		{DF725DAC-C6F3-4BC1-A1D3-C4745232B05D}.ICU Release|Win32.Build.0 = Release|Win32
		{DF725DAC-C6F3-4BC1-A1D3-C4745232B05D}.ICU Release|x64.ActiveCfg = Release|x64
		{DF725DAC-C6F3-4BC1-A1D3-C4745232B05D}.ICU Release|x64.Build.0 = Release|x64
		{DF725DAC-C6F3-4BC1-A1D3-C4745232B05D}.Release|Win32.ActiveCfg = Release|Win32
		{DF725DAC-C6F3-4BC1-A1D3-C4745232B05D}.Release|Win32.Build.0 = Release|Win32
		{DF725DAC-C6F3-4BC1-A1D3-C4745232B05D}.Release|x64.ActiveCfg = Release|x64
		{DF725DAC-C6F3-4BC1-A1D3-C4745232B05D}.Release|x64.Build.0 = Release|x64
		{DF725DAC-C6F3-4BC1-A1D3-C4745232B05D}.Static Debug|Win32.ActiveCfg = Static Debug|Win32
		{DF725DAC-C6F3-4BC1-A1D3-C4745232B05D}.Static Debug|Win32.Build.0 = Static Debug|Win32
		{DF725DAC-C6F3-4BC1-A1D3-C4745232B05D}.Static Debug|x64.ActiveCfg = Static Debug|x64
		{DF725DAC-C6F3-4BC1-A1D3-C4745232B05D}.Static Debug|x64.Build.0 = Static Debug|x64
		{DF725DAC-C6F3-4BC1-A1D3-C4745232B05D}.Static Release|Win32.ActiveCfg = Static Release|Win32
		{DF725DAC-C6F3-4BC1-A1D3-C4745232B05D}.Static Release|Win32.Build.0 = Static Release|Win32
		{DF725DAC-C6F3-4BC1-A1D3-C4745232B05D}.Static Release|x64.ActiveCfg = Static Release|x64
		{DF725DAC-C6F3-4BC1-A1D3-C4745232B05D}.Static Release|x64.Build.0 = Static Release|x64
		{8BECE007-1749-4300-87D8-267B613AAE6B}.Debug|Win32.ActiveCfg = Debug (Read-Write WChar LIB)|Win32
		{8BECE007-1749-4300-87D8-267B613AAE6B}.Debug|Win32.Build.0 = Debug (Read-Write WChar LIB)|Win32
		{8BECE007-1749-4300-87D8-267B613AAE6B}.Debug|x64.ActiveCfg = Debug (Read-Write WChar LIB)|x64
		{8BECE007-1749-4300-87D8-267B613AAE6B}.Debug|x64.Build.0 = Debug (Read-Write WChar LIB)|x64
		{8BECE007-1749-4300-87D8-267B613AAE6B}.ICU Debug|Win32.ActiveCfg = Release (Read-Write WChar LIB)|x64
		{8BECE007-1749-4300-87D8-267B613AAE6B}.ICU Debug|x64.ActiveCfg = Release (Read-Write WChar LIB)|x64
		{8BECE007-1749-4300-87D8-267B613AAE6B}.ICU Debug|x64.Build.0 = Release (Read-Write WChar LIB)|x64
		{8BECE007-1749-4300-87D8-267B613AAE6B}.ICU Release|Win32.ActiveCfg = Release (Read-Write WChar LIB)|x64
		{8BECE007-1749-4300-87D8-267B613AAE6B}.ICU Release|x64.ActiveCfg = Release (Read-Write WChar LIB)|x64
		{8BECE007-1749-4300-87D8-267B613AAE6B}.ICU Release|x64.Build.0 = Release (Read-Write WChar LIB)|x64
		{8BECE007-1749-4300-87D8-267B613AAE6B}.Release|Win32.ActiveCfg = Release (Read-Write WChar LIB)|Win32
		{8BECE007-1749-4300-87D8-267B613AAE6B}.Release|Win32.Build.0 = Release (Read-Write WChar LIB)|Win32
		{8BECE007-1749-4300-87D8-267B613AAE6B}.Release|x64.ActiveCfg = Release (Read-Write WChar LIB)|x64
		{8BECE007-1749-4300-87D8-267B613AAE6B}.Release|x64.Build.0 = Release (Read-Write WChar LIB)|x64
		{8BECE007-1749-4300-87D8-267B613AAE6B}.Static Debug|Win32.ActiveCfg = Release (Read-Write WChar LIB)|x64
		{8BECE007-1749-4300-87D8-267B613AAE6B}.Static Debug|x64.ActiveCfg = Release (Read-Write WChar LIB)|x64
		{8BECE007-1749-4300-87D8-267B613AAE6B}.Static Debug|x64.Build.0 = Release (Read-Write WChar LIB)|x64
		{8BECE007-1749-4300-87D8-267B613AAE6B}.Static Release|Win32.ActiveCfg = Release (Read-Write WChar LIB)|x64
		{8BECE007-1749-4300-87D8-267B613AAE6B}.Static Release|x64.ActiveCfg = Release (Read-Write WChar LIB)|x64
		{8BECE007-1749-4300-87D8-267B613AAE6B}.Static Release|x64.Build.0 = Release (Read-Write WChar LIB)|x64
		{B3FC0127-BE6A-48DE-A90D-1F3AA2DE968D}.Debug|Win32.ActiveCfg = Debug (Read-Write WChar LIB)|Win32
		{B3FC0127-BE6A-48DE-A90D-1F3AA2DE968D}.Debug|Win32.Build.0 = Debug (Read-Write WChar LIB)|Win32
		{B3FC0127-BE6A-48DE-A90D-1F3AA2DE968D}.Debug|x64.ActiveCfg = Debug (Read-Write WChar LIB)|x64
		{B3FC0127-BE6A-48DE-A90D-1F3AA2DE968D}.Debug|x64.Build.0 = Debug (Read-Write WChar LIB)|x64
		{B3FC0127-BE6A-48DE-A90D-1F3AA2DE968D}.ICU Debug|Win32.ActiveCfg = Release (Read-Write WChar LIB)|x64
		{B3FC0127-BE6A-48DE-A90D-1F3AA2DE968D}.ICU Debug|x64.ActiveCfg = Release (Read-Write WChar LIB)|x64
		{B3FC0127-BE6A-48DE-A90D-1F3AA2DE968D}.ICU Debug|x64.Build.0 = Release (Read-Write WChar LIB)|x64
		{B3FC0127-BE6A-48DE-A90D-1F3AA2DE968D}.ICU Release|Win32.ActiveCfg = Release (Read-Write WChar LIB)|x64
		{B3FC0127-BE6A-48DE-A90D-1F3AA2DE968D}.ICU Release|x64.ActiveCfg = Release (Read-Write WChar LIB)|x64
		{B3FC0127-BE6A-48DE-A90D-1F3AA2DE968D}.ICU Release|x64.Build.0 = Release (Read-Write WChar LIB)|x64
		{B3FC0127-BE6A-48DE-A90D-1F3AA2DE968D}.Release|Win32.ActiveCfg = Release (Read-Write WChar LIB)|Win32
		{B3FC0127-BE6A-48DE-A90D-1F3AA2DE968D}.Release|Win32.Build.0 = Release (Read-Write WChar LIB)|Win32
		{B3FC0127-BE6A-48DE-A90D-1F3AA2DE968D}.Release|x64.ActiveCfg = Release (Read-Write WChar LIB)|x64
		{B3FC0127-BE6A-48DE-A90D-1F3AA2DE968D}.Release|x64.Build.0 = Release (Read-Write WChar LIB)|x64
		{B3FC0127-BE6A-48DE-A90D-1F3AA2DE968D}.Static Debug|Win32.ActiveCfg = Release (Read-Write WChar LIB)|x64
		{B3FC0127-BE6A-48DE-A90D-1F3AA2DE968D}.Static Debug|x64.ActiveCfg = Release (Read-Write WChar LIB)|x64
		{B3FC0127-BE6A-48DE-A90D-1F3AA2DE968D}.Static Debug|x64.Build.0 = Release (Read-Write WChar LIB)|x64
		{B3FC0127-BE6A-48DE-A90D-1F3AA2DE968D}.Static Release|Win32.ActiveCfg = Release (Read-Write WChar LIB)|x64
		{B3FC0127-BE6A-48DE-A90D-1F3AA2DE968D}.Static Release|x64.ActiveCfg = Release (Read-Write WChar LIB)|x64
		{B3FC0127-BE6A-48DE-A90D-1F3AA2DE968D}.Static Release|x64.Build.0 = Release (Read-Write WChar LIB)|x64
		{2D22C637-6219-4096-8399-EEA4BBD142AA}.Debug|Win32.ActiveCfg = Debug (Read-Write WChar LIB)|Win32
		{2D22C637-6219-4096-8399-EEA4BBD142AA}.Debug|Win32.Build.0 = Debug (Read-Write WChar LIB)|Win32
		{2D22C637-6219-4096-8399-EEA4BBD142AA}.Debug|x64.ActiveCfg = Debug (Read-Write WChar LIB)|x64
		{2D22C637-6219-4096-8399-EEA4BBD142AA}.Debug|x64.Build.0 = Debug (Read-Write WChar LIB)|x64
		{2D22C637-6219-4096-8399-EEA4BBD142AA}.ICU Debug|Win32.ActiveCfg = Release (Read-Write WChar LIB)|x64
		{2D22C637-6219-4096-8399-EEA4BBD142AA}.ICU Debug|x64.ActiveCfg = Release (Read-Write WChar LIB)|x64
		{2D22C637-6219-4096-8399-EEA4BBD142AA}.ICU Debug|x64.Build.0 = Release (Read-Write WChar LIB)|x64
		{2D22C637-6219-4096-8399-EEA4BBD142AA}.ICU Release|Win32.ActiveCfg = Release (Read-Write WChar LIB)|x64
		{2D22C637-6219-4096-8399-EEA4BBD142AA}.ICU Release|x64.ActiveCfg = Release (Read-Write WChar LIB)|x64
		{2D22C637-6219-4096-8399-EEA4BBD142AA}.ICU Release|x64.Build.0 = Release (Read-Write WChar LIB)|x64
		{2D22C637-6219-4096-8399-EEA4BBD142AA}.Release|Win32.ActiveCfg = Release (Read-Write WChar LIB)|Win32
		{2D22C637-6219-4096-8399-EEA4BBD142AA}.Release|Win32.Build.0 = Release (Read-Write WChar LIB)|Win32
		{2D22C637-6219-4096-8399-EEA4BBD142AA}.Release|x64.ActiveCfg = Release (Read-Write WChar LIB)|x64
		{2D22C637-6219-4096-8399-EEA4BBD142AA}.Release|x64.Build.0 = Release (Read-Write WChar LIB)|x64
		{2D22C637-6219-4096-8399-EEA4BBD142AA}.Static Debug|Win32.ActiveCfg = Release (Read-Write WChar LIB)|x64
		{2D22C637-6219-4096-8399-EEA4BBD142AA}.Static Debug|x64.ActiveCfg = Release (Read-Write WChar LIB)|x64
		{2D22C637-6219-4096-8399-EEA4BBD142AA}.Static Debug|x64.Build.0 = Release (Read-Write WChar LIB)|x64
		{2D22C637-6219-4096-8399-EEA4BBD142AA}.Static Release|Win32.ActiveCfg = Release (Read-Write WChar LIB)|x64
		{2D22C637-6219-4096-8399-EEA4BBD142AA}.Static Release|x64.ActiveCfg = Release (Read-Write WChar LIB)|x64
		{2D22C637-6219-4096-8399-EEA4BBD142AA}.Static Release|x64.Build.0 = Release (Read-Write WChar LIB)|x64
		{9415DE9A-E01E-47C1-A159-EB1E1D4E518C}.Debug|Win32.ActiveCfg = Debug (Read-Write WChar LIB)|Win32
		{9415DE9A-E01E-47C1-A159-EB1E1D4E518C}.Debug|Win32.Build.0 = Debug (Read-Write WChar LIB)|Win32
		{9415DE9A-E01E-47C1-A159-EB1E1D4E518C}.Debug|x64.ActiveCfg = Debug (Read-Write WChar LIB)|x64
		{9415DE9A-E01E-47C1-A159-EB1E1D4E518C}.Debug|x64.Build.0 = Debug (Read-Write WChar LIB)|x64
		{9415DE9A-E01E-47C1-A159-EB1E1D4E518C}.ICU Debug|Win32.ActiveCfg = Release (Read-Write WChar LIB)|x64
		{9415DE9A-E01E-47C1-A159-EB1E1D4E518C}.ICU Debug|x64.ActiveCfg = Release (Read-Write WChar LIB)|x64
		{9415DE9A-E01E-47C1-A159-EB1E1D4E518C}.ICU Debug|x64.Build.0 = Release (Read-Write WChar LIB)|x64
		{9415DE9A-E01E-47C1-A159-EB1E1D4E518C}.ICU Release|Win32.ActiveCfg = Release (Read-Write WChar LIB)|x64
		{9415DE9A-E01E-47C1-A159-EB1E1D4E518C}.ICU Release|x64.ActiveCfg = Release (Read-Write WChar LIB)|x64
		{9415DE9A-E01E-47C1-A159-EB1E1D4E518C}.ICU Release|x64.Build.0 = Release (Read-Write WChar LIB)|x64
		{9415DE9A-E01E-47C1-A159-EB1E1D4E518C}.Release|Win32.ActiveCfg = Release (Read-Write WChar LIB)|Win32
		{9415DE9A-E01E-47C1-A159-EB1E1D4E518C}.Release|Win32.Build.0 = Release (Read-Write WChar LIB)|Win32
		{9415DE9A-E01E-47C1-A159-EB1E1D4E518C}.Release|x64.ActiveCfg = Release (Read-Write WChar LIB)|x64
		{9415DE9A-E01E-47C1-A159-EB1E1D4E518C}.Release|x64.Build.0 = Release (Read-Write WChar LIB)|x64
		{9415DE9A-E01E-47C1-A159-EB1E1D4E518C}.Static Debug|Win32.ActiveCfg = Release (Read-Write WChar LIB)|x64
		{9415DE9A-E01E-47C1-A159-EB1E1D4E518C}.Static Debug|x64.ActiveCfg = Release (Read-Write WChar LIB)|x64
		{9415DE9A-E01E-47C1-A159-EB1E1D4E518C}.Static Debug|x64.Build.0 = Release (Read-Write WChar LIB)|x64
		{9415DE9A-E01E-47C1-A159-EB1E1D4E518C}.Static Release|Win32.ActiveCfg = Release (Read-Write WChar LIB)|x64
		{9415DE9A-E01E-47C1-A159-EB1E1D4E518C}.Static Release|x64.ActiveCfg = Release (Read-Write WChar LIB)|x64
		{9415DE9A-E01E-47C1-A159-EB1E1D4E518C}.Static Release|x64.Build.0 = Release (Read-Write WChar LIB)|x64
		{681750CF-B191-4A41-B92C-0F94599B121D}.Debug|Win32.ActiveCfg = Debug (Read-Write WChar LIB)|Win32
		{681750CF-B191-4A41-B92C-0F94599B121D}.Debug|Win32.Build.0 = Debug (Read-Write WChar LIB)|Win32
		{681750CF-B191-4A41-B92C-0F94599B121D}.Debug|x64.ActiveCfg = Debug (Read-Write WChar LIB)|x64
		{681750CF-B191-4A41-B92C-0F94599B121D}.Debug|x64.Build.0 = Debug (Read-Write WChar LIB)|x64
		{681750CF-B191-4A41-B92C-0F94599B121D}.ICU Debug|Win32.ActiveCfg = Release (Read-Write WChar LIB)|x64
		{681750CF-B191-4A41-B92C-0F94599B121D}.ICU Debug|x64.ActiveCfg = Release (Read-Write WChar LIB)|x64
		{681750CF-B191-4A41-B92C-0F94599B121D}.ICU Debug|x64.Build.0 = Release (Read-Write WChar LIB)|x64
		{681750CF-B191-4A41-B92C-0F94599B121D}.ICU Release|Win32.ActiveCfg = Release (Read-Write WChar LIB)|x64
		{681750CF-B191-4A41-B92C-0F94599B121D}.ICU Release|x64.ActiveCfg = Release (Read-Write WChar LIB)|x64
		{681750CF-B191-4A41-B92C-0F94599B121D}.ICU Release|x64.Build.0 = Release (Read-Write WChar LIB)|x64
		{681750CF-B191-4A41-B92C-0F94599B121D}.Release|Win32.ActiveCfg = Release (Read-Write WChar LIB)|Win32
		{681750CF-B191-4A41-B92C-0F94599B121D}.Release|Win32.Build.0 = Release (Read-Write WChar LIB)|Win32
		{681750CF-B191-4A41-B92C-0F94599B121D}.Release|x64.ActiveCfg = Release (Read-Write WChar LIB)|x64
		{681750CF-B191-4A41-B92C-0F94599B121D}.Release|x64.Build.0 = Release (Read-Write WChar LIB)|x64
		{681750CF-B191-4A41-B92C-0F94599B121D}.Static Debug|Win32.ActiveCfg = Release (Read-Write WChar LIB)|x64
		{681750CF-B191-4A41-B92C-0F94599B121D}.Static Debug|x64.ActiveCfg = Release (Read-Write WChar LIB)|x64
		{681750CF-B191-4A41-B92C-0F94599B121D}.Static Debug|x64.Build.0 = Release (Read-Write WChar LIB)|x64
		{681750CF-B191-4A41-B92C-0F94599B121D}.Static Release|Win32.ActiveCfg = Release (Read-Write WChar LIB)|x64
		{681750CF-B191-4A41-B92C-0F94599B121D}.Static Release|x64.ActiveCfg = Release (Read-Write WChar LIB)|x64
		{681750CF-B191-4A41-B92C-0F94599B121D}.Static Release|x64.Build.0 = Release (Read-Write WChar LIB)|x64
		{78B079BD-9FC7-4B9E-B4A6-96DA0F00248B}.Debug|Win32.ActiveCfg = Debug|Win32
		{78B079BD-9FC7-4B9E-B4A6-96DA0F00248B}.Debug|Win32.Build.0 = Debug|Win32
		{78B079BD-9FC7-4B9E-B4A6-96DA0F00248B}.Debug|x64.ActiveCfg = Debug|x64
		{78B079BD-9FC7-4B9E-B4A6-96DA0F00248B}.Debug|x64.Build.0 = Debug|x64
		{78B079BD-9FC7-4B9E-B4A6-96DA0F00248B}.ICU Debug|Win32.ActiveCfg = Debug|Win32
		{78B079BD-9FC7-4B9E-B4A6-96DA0F00248B}.ICU Debug|Win32.Build.0 = Debug|Win32
		{78B079BD-9FC7-4B9E-B4A6-96DA0F00248B}.ICU Debug|x64.ActiveCfg = Debug|x64
		{78B079BD-9FC7-4B9E-B4A6-96DA0F00248B}.ICU Debug|x64.Build.0 = Debug|x64
		{78B079BD-9FC7-4B9E-B4A6-96DA0F00248B}.ICU Release|Win32.ActiveCfg = Release|Win32
		{78B079BD-9FC7-4B9E-B4A6-96DA0F00248B}.ICU Release|Win32.Build.0 = Release|Win32
		{78B079BD-9FC7-4B9E-B4A6-96DA0F00248B}.ICU Release|x64.ActiveCfg = Release|x64
		{78B079BD-9FC7-4B9E-B4A6-96DA0F00248B}.ICU Release|x64.Build.0 = Release|x64
		{78B079BD-9FC7-4B9E-B4A6-96DA0F00248B}.Release|Win32.ActiveCfg = Release|Win32
		{78B079BD-9FC7-4B9E-B4A6-96DA0F00248B}.Release|Win32.Build.0 = Release|Win32
		{78B079BD-9FC7-4B9E-B4A6-96DA0F00248B}.Release|x64.ActiveCfg = Release|x64
		{78B079BD-9FC7-4B9E-B4A6-96DA0F00248B}.Release|x64.Build.0 = Release|x64
		{78B079BD-9FC7-4B9E-B4A6-96DA0F00248B}.Static Debug|Win32.ActiveCfg = Debug|Win32
		{78B079BD-9FC7-4B9E-B4A6-96DA0F00248B}.Static Debug|Win32.Build.0 = Debug|Win32
		{78B079BD-9FC7-4B9E-B4A6-96DA0F00248B}.Static Debug|x64.ActiveCfg = Debug|x64
		{78B079BD-9FC7-4B9E-B4A6-96DA0F00248B}.Static Debug|x64.Build.0 = Debug|x64
		{78B079BD-9FC7-4B9E-B4A6-96DA0F00248B}.Static Release|Win32.ActiveCfg = Release|Win32
		{78B079BD-9FC7-4B9E-B4A6-96DA0F00248B}.Static Release|Win32.Build.0 = Release|Win32
		{78B079BD-9FC7-4B9E-B4A6-96DA0F00248B}.Static Release|x64.ActiveCfg = Release|x64
		{78B079BD-9FC7-4B9E-B4A6-96DA0F00248B}.Static Release|x64.Build.0 = Release|x64
		{D8925FEC-07A3-4E8A-90DC-8DC2CB9A342E}.Debug|Win32.ActiveCfg = Debug|Win32
		{D8925FEC-07A3-4E8A-90DC-8DC2CB9A342E}.Debug|Win32.Build.0 = Debug|Win32
		{D8925FEC-07A3-4E8A-90DC-8DC2CB9A342E}.Debug|x64.ActiveCfg = Debug|x64
		{D8925FEC-07A3-4E8A-90DC-8DC2CB9A342E}.Debug|x64.Build.0 = Debug|x64
		{D8925FEC-07A3-4E8A-90DC-8DC2CB9A342E}.ICU Debug|Win32.ActiveCfg = Debug|Win32
		{D8925FEC-07A3-4E8A-90DC-8DC2CB9A342E}.ICU Debug|Win32.Build.0 = Debug|Win32
		{D8925FEC-07A3-4E8A-90DC-8DC2CB9A342E}.ICU Debug|x64.ActiveCfg = Debug|x64
		{D8925FEC-07A3-4E8A-90DC-8DC2CB9A342E}.ICU Debug|x64.Build.0 = Debug|x64
		{D8925FEC-07A3-4E8A-90DC-8DC2CB9A342E}.ICU Release|Win32.ActiveCfg = Release|Win32
		{D8925FEC-07A3-4E8A-90DC-8DC2CB9A342E}.ICU Release|Win32.Build.0 = Release|Win32
		{D8925FEC-07A3-4E8A-90DC-8DC2CB9A342E}.ICU Release|x64.ActiveCfg = Release|x64
		{D8925FEC-07A3-4E8A-90DC-8DC2CB9A342E}.ICU Release|x64.Build.0 = Release|x64
		{D8925FEC-07A3-4E8A-90DC-8DC2CB9A342E}.Release|Win32.ActiveCfg = Release|Win32
		{D8925FEC-07A3-4E8A-90DC-8DC2CB9A342E}.Release|Win32.Build.0 = Release|Win32
		{D8925FEC-07A3-4E8A-90DC-8DC2CB9A342E}.Release|x64.ActiveCfg = Release|x64
		{D8925FEC-07A3-4E8A-90DC-8DC2CB9A342E}.Release|x64.Build.0 = Release|x64
		{D8925FEC-07A3-4E8A-90DC-8DC2CB9A342E}.Static Debug|Win32.ActiveCfg = Debug|Win32
		{D8925FEC-07A3-4E8A-90DC-8DC2CB9A342E}.Static Debug|Win32.Build.0 = Debug|Win32
		{D8925FEC-07A3-4E8A-90DC-8DC2CB9A342E}.Static Debug|x64.ActiveCfg = Debug|x64
		{D8925FEC-07A3-4E8A-90DC-8DC2CB9A342E}.Static Debug|x64.Build.0 = Debug|x64
		{D8925FEC-07A3-4E8A-90DC-8DC2CB9A342E}.Static Release|Win32.ActiveCfg = Release|Win32
		{D8925FEC-07A3-4E8A-90DC-8DC2CB9A342E}.Static Release|Win32.Build.0 = Release|Win32
		{D8925FEC-07A3-4E8A-90DC-8DC2CB9A342E}.Static Release|x64.ActiveCfg = Release|x64
		{D8925FEC-07A3-4E8A-90DC-8DC2CB9A342E}.Static Release|x64.Build.0 = Release|x64
		{3CECB989-0B34-449D-9161-8BEE074D7EC0}.Debug|Win32.ActiveCfg = LIB Debug|Win32
		{3CECB989-0B34-449D-9161-8BEE074D7EC0}.Debug|Win32.Build.0 = LIB Debug|Win32
		{3CECB989-0B34-449D-9161-8BEE074D7EC0}.Debug|x64.ActiveCfg = LIB Debug|x64
		{3CECB989-0B34-449D-9161-8BEE074D7EC0}.Debug|x64.Build.0 = LIB Debug|x64
		{3CECB989-0B34-449D-9161-8BEE074D7EC0}.ICU Debug|Win32.ActiveCfg = LIB Release|x64
		{3CECB989-0B34-449D-9161-8BEE074D7EC0}.ICU Debug|x64.ActiveCfg = LIB Release|x64
		{3CECB989-0B34-449D-9161-8BEE074D7EC0}.ICU Debug|x64.Build.0 = LIB Release|x64
		{3CECB989-0B34-449D-9161-8BEE074D7EC0}.ICU Release|Win32.ActiveCfg = LIB Release|x64
		{3CECB989-0B34-449D-9161-8BEE074D7EC0}.ICU Release|x64.ActiveCfg = LIB Release|x64
		{3CECB989-0B34-449D-9161-8BEE074D7EC0}.ICU Release|x64.Build.0 = LIB Release|x64
		{3CECB989-0B34-449D-9161-8BEE074D7EC0}.Release|Win32.ActiveCfg = LIB Release|Win32
		{3CECB989-0B34-449D-9161-8BEE074D7EC0}.Release|Win32.Build.0 = LIB Release|Win32
		{3CECB989-0B34-449D-9161-8BEE074D7EC0}.Release|x64.ActiveCfg = LIB Release|x64
		{3CECB989-0B34-449D-9161-8BEE074D7EC0}.Release|x64.Build.0 = LIB Release|x64
		{3CECB989-0B34-449D-9161-8BEE074D7EC0}.Static Debug|Win32.ActiveCfg = LIB Release|x64
		{3CECB989-0B34-449D-9161-8BEE074D7EC0}.Static Debug|x64.ActiveCfg = LIB Release|x64
		{3CECB989-0B34-449D-9161-8BEE074D7EC0}.Static Debug|x64.Build.0 = LIB Release|x64
		{3CECB989-0B34-449D-9161-8BEE074D7EC0}.Static Release|Win32.ActiveCfg = LIB Release|x64
		{3CECB989-0B34-449D-9161-8BEE074D7EC0}.Static Release|x64.ActiveCfg = LIB Release|x64
		{3CECB989-0B34-449D-9161-8BEE074D7EC0}.Static Release|x64.Build.0 = LIB Release|x64
		{AB3DAD75-F5C9-4DA6-9773-9B659E97274C}.Debug|Win32.ActiveCfg = LIB ASM Debug|Win32
		{AB3DAD75-F5C9-4DA6-9773-9B659E97274C}.Debug|Win32.Build.0 = LIB ASM Debug|Win32
		{AB3DAD75-F5C9-4DA6-9773-9B659E97274C}.Debug|x64.ActiveCfg = LIB Debug|x64
		{AB3DAD75-F5C9-4DA6-9773-9B659E97274C}.Debug|x64.Build.0 = LIB Debug|x64
		{AB3DAD75-F5C9-4DA6-9773-9B659E97274C}.ICU Debug|Win32.ActiveCfg = LIB Release|x64
		{AB3DAD75-F5C9-4DA6-9773-9B659E97274C}.ICU Debug|x64.ActiveCfg = LIB Release|x64
		{AB3DAD75-F5C9-4DA6-9773-9B659E97274C}.ICU Debug|x64.Build.0 = LIB Release|x64
		{AB3DAD75-F5C9-4DA6-9773-9B659E97274C}.ICU Release|Win32.ActiveCfg = LIB Release|x64
		{AB3DAD75-F5C9-4DA6-9773-9B659E97274C}.ICU Release|x64.ActiveCfg = LIB Release|x64
		{AB3DAD75-F5C9-4DA6-9773-9B659E97274C}.ICU Release|x64.Build.0 = LIB Release|x64
		{AB3DAD75-F5C9-4DA6-9773-9B659E97274C}.Release|Win32.ActiveCfg = LIB ASM Release|Win32
		{AB3DAD75-F5C9-4DA6-9773-9B659E97274C}.Release|Win32.Build.0 = LIB ASM Release|Win32
		{AB3DAD75-F5C9-4DA6-9773-9B659E97274C}.Release|x64.ActiveCfg = LIB Release|x64
		{AB3DAD75-F5C9-4DA6-9773-9B659E97274C}.Release|x64.Build.0 = LIB Release|x64
		{AB3DAD75-F5C9-4DA6-9773-9B659E97274C}.Static Debug|Win32.ActiveCfg = LIB Release|x64
		{AB3DAD75-F5C9-4DA6-9773-9B659E97274C}.Static Debug|x64.ActiveCfg = LIB Release|x64
		{AB3DAD75-F5C9-4DA6-9773-9B659E97274C}.Static Debug|x64.Build.0 = LIB Release|x64
		{AB3DAD75-F5C9-4DA6-9773-9B659E97274C}.Static Release|Win32.ActiveCfg = LIB Release|x64
		{AB3DAD75-F5C9-4DA6-9773-9B659E97274C}.Static Release|x64.ActiveCfg = LIB Release|x64
		{AB3DAD75-F5C9-4DA6-9773-9B659E97274C}.Static Release|x64.Build.0 = LIB Release|x64
		{F2B9F79A-57CC-4864-B537-EFC98E1C5E95}.Debug|Win32.ActiveCfg = Debug|Win32
		{F2B9F79A-57CC-4864-B537-EFC98E1C5E95}.Debug|Win32.Build.0 = Debug|Win32
		{F2B9F79A-57CC-4864-B537-EFC98E1C5E95}.Debug|x64.ActiveCfg = Debug|x64
		{F2B9F79A-57CC-4864-B537-EFC98E1C5E95}.Debug|x64.Build.0 = Debug|x64
		{F2B9F79A-57CC-4864-B537-EFC98E1C5E95}.ICU Debug|Win32.ActiveCfg = Debug|Win32
		{F2B9F79A-57CC-4864-B537-EFC98E1C5E95}.ICU Debug|Win32.Build.0 = Debug|Win32
		{F2B9F79A-57CC-4864-B537-EFC98E1C5E95}.ICU Debug|x64.ActiveCfg = Debug|x64
		{F2B9F79A-57CC-4864-B537-EFC98E1C5E95}.ICU Debug|x64.Build.0 = Debug|x64
		{F2B9F79A-57CC-4864-B537-EFC98E1C5E95}.ICU Release|Win32.ActiveCfg = Release|Win32
		{F2B9F79A-57CC-4864-B537-EFC98E1C5E95}.ICU Release|Win32.Build.0 = Release|Win32
		{F2B9F79A-57CC-4864-B537-EFC98E1C5E95}.ICU Release|x64.ActiveCfg = Release|x64
		{F2B9F79A-57CC-4864-B537-EFC98E1C5E95}.ICU Release|x64.Build.0 = Release|x64
		{F2B9F79A-57CC-4864-B537-EFC98E1C5E95}.Release|Win32.ActiveCfg = Release|Win32
		{F2B9F79A-57CC-4864-B537-EFC98E1C5E95}.Release|Win32.Build.0 = Release|Win32
		{F2B9F79A-57CC-4864-B537-EFC98E1C5E95}.Release|x64.ActiveCfg = Release|x64
		{F2B9F79A-57CC-4864-B537-EFC98E1C5E95}.Release|x64.Build.0 = Release|x64
		{F2B9F79A-57CC-4864-B537-EFC98E1C5E95}.Static Debug|Win32.ActiveCfg = Debug|Win32
		{F2B9F79A-57CC-4864-B537-EFC98E1C5E95}.Static Debug|Win32.Build.0 = Debug|Win32
		{F2B9F79A-57CC-4864-B537-EFC98E1C5E95}.Static Debug|x64.ActiveCfg = Debug|x64
		{F2B9F79A-57CC-4864-B537-EFC98E1C5E95}.Static Debug|x64.Build.0 = Debug|x64
		{F2B9F79A-57CC-4864-B537-EFC98E1C5E95}.Static Release|Win32.ActiveCfg = Release|Win32
		{F2B9F79A-57CC-4864-B537-EFC98E1C5E95}.Static Release|Win32.Build.0 = Release|Win32
		{F2B9F79A-57CC-4864-B537-EFC98E1C5E95}.Static Release|x64.ActiveCfg = Release|x64
		{F2B9F79A-57CC-4864-B537-EFC98E1C5E95}.Static Release|x64.Build.0 = Release|x64
		{1B9196BF-C194-47BC-846A-D9BBB134F2B3}.Debug|Win32.ActiveCfg = Debug|Win32
		{1B9196BF-C194-47BC-846A-D9BBB134F2B3}.Debug|Win32.Build.0 = Debug|Win32
		{1B9196BF-C194-47BC-846A-D9BBB134F2B3}.Debug|x64.ActiveCfg = Debug|x64
		{1B9196BF-C194-47BC-846A-D9BBB134F2B3}.Debug|x64.Build.0 = Debug|x64
		{1B9196BF-C194-47BC-846A-D9BBB134F2B3}.ICU Debug|Win32.ActiveCfg = Debug|Win32
		{1B9196BF-C194-47BC-846A-D9BBB134F2B3}.ICU Debug|Win32.Build.0 = Debug|Win32
		{1B9196BF-C194-47BC-846A-D9BBB134F2B3}.ICU Debug|x64.ActiveCfg = Debug|x64
		{1B9196BF-C194-47BC-846A-D9BBB134F2B3}.ICU Debug|x64.Build.0 = Debug|x64
		{1B9196BF-C194-47BC-846A-D9BBB134F2B3}.ICU Release|Win32.ActiveCfg = Release|Win32
		{1B9196BF-C194-47BC-846A-D9BBB134F2B3}.ICU Release|Win32.Build.0 = Release|Win32
		{1B9196BF-C194-47BC-846A-D9BBB134F2B3}.ICU Release|x64.ActiveCfg = Release|x64
		{1B9196BF-C194-47BC-846A-D9BBB134F2B3}.ICU Release|x64.Build.0 = Release|x64
		{1B9196BF-C194-47BC-846A-D9BBB134F2B3}.Release|Win32.ActiveCfg = Release|Win32
		{1B9196BF-C194-47BC-846A-D9BBB134F2B3}.Release|Win32.Build.0 = Release|Win32
		{1B9196BF-C194-47BC-846A-D9BBB134F2B3}.Release|x64.ActiveCfg = Release|x64
		{1B9196BF-C194-47BC-846A-D9BBB134F2B3}.Release|x64.Build.0 = Release|x64
		{1B9196BF-C194-47BC-846A-D9BBB134F2B3}.Static Debug|Win32.ActiveCfg = Debug|Win32
		{1B9196BF-C194-47BC-846A-D9BBB134F2B3}.Static Debug|Win32.Build.0 = Debug|Win32
		{1B9196BF-C194-47BC-846A-D9BBB134F2B3}.Static Debug|x64.ActiveCfg = Debug|x64
		{1B9196BF-C194-47BC-846A-D9BBB134F2B3}.Static Debug|x64.Build.0 = Debug|x64
		{1B9196BF-C194-47BC-846A-D9BBB134F2B3}.Static Release|Win32.ActiveCfg = Release|Win32
		{1B9196BF-C194-47BC-846A-D9BBB134F2B3}.Static Release|Win32.Build.0 = Release|Win32
		{1B9196BF-C194-47BC-846A-D9BBB134F2B3}.Static Release|x64.ActiveCfg = Release|x64
		{1B9196BF-C194-47BC-846A-D9BBB134F2B3}.Static Release|x64.Build.0 = Release|x64
		{AA0817E7-095C-465C-90B3-9221DE17EC70}.Debug|Win32.ActiveCfg = Debug|Win32
		{AA0817E7-095C-465C-90B3-9221DE17EC70}.Debug|Win32.Build.0 = Debug|Win32
		{AA0817E7-095C-465C-90B3-9221DE17EC70}.Debug|x64.ActiveCfg = Debug|x64
		{AA0817E7-095C-465C-90B3-9221DE17EC70}.Debug|x64.Build.0 = Debug|x64
		{AA0817E7-095C-465C-90B3-9221DE17EC70}.ICU Debug|Win32.ActiveCfg = Debug|Win32
		{AA0817E7-095C-465C-90B3-9221DE17EC70}.ICU Debug|Win32.Build.0 = Debug|Win32
		{AA0817E7-095C-465C-90B3-9221DE17EC70}.ICU Debug|x64.ActiveCfg = Debug|x64
		{AA0817E7-095C-465C-90B3-9221DE17EC70}.ICU Debug|x64.Build.0 = Debug|x64
		{AA0817E7-095C-465C-90B3-9221DE17EC70}.ICU Release|Win32.ActiveCfg = Release|Win32
		{AA0817E7-095C-465C-90B3-9221DE17EC70}.ICU Release|Win32.Build.0 = Release|Win32
		{AA0817E7-095C-465C-90B3-9221DE17EC70}.ICU Release|x64.ActiveCfg = Release|x64
		{AA0817E7-095C-465C-90B3-9221DE17EC70}.ICU Release|x64.Build.0 = Release|x64
		{AA0817E7-095C-465C-90B3-9221DE17EC70}.Release|Win32.ActiveCfg = Release|Win32
		{AA0817E7-095C-465C-90B3-9221DE17EC70}.Release|Win32.Build.0 = Release|Win32
		{AA0817E7-095C-465C-90B3-9221DE17EC70}.Release|x64.ActiveCfg = Release|x64
		{AA0817E7-095C-465C-90B3-9221DE17EC70}.Release|x64.Build.0 = Release|x64
		{AA0817E7-095C-465C-90B3-9221DE17EC70}.Static Debug|Win32.ActiveCfg = Debug|Win32
		{AA0817E7-095C-465C-90B3-9221DE17EC70}.Static Debug|Win32.Build.0 = Debug|Win32
		{AA0817E7-095C-465C-90B3-9221DE17EC70}.Static Debug|x64.ActiveCfg = Debug|x64
		{AA0817E7-095C-465C-90B3-9221DE17EC70}.Static Debug|x64.Build.0 = Debug|x64
		{AA0817E7-095C-465C-90B3-9221DE17EC70}.Static Release|Win32.ActiveCfg = Release|Win32
		{AA0817E7-095C-465C-90B3-9221DE17EC70}.Static Release|Win32.Build.0 = Release|Win32
		{AA0817E7-095C-465C-90B3-9221DE17EC70}.Static Release|x64.ActiveCfg = Release|x64
		{AA0817E7-095C-465C-90B3-9221DE17EC70}.Static Release|x64.Build.0 = Release|x64
		{6BE4F878-73F2-42F7-B77F-4974DCF8B005}.Debug|Win32.ActiveCfg = Debug|Win32
		{6BE4F878-73F2-42F7-B77F-4974DCF8B005}.Debug|Win32.Build.0 = Debug|Win32
		{6BE4F878-73F2-42F7-B77F-4974DCF8B005}.Debug|x64.ActiveCfg = Debug|x64
		{6BE4F878-73F2-42F7-B77F-4974DCF8B005}.Debug|x64.Build.0 = Debug|x64
		{6BE4F878-73F2-42F7-B77F-4974DCF8B005}.ICU Debug|Win32.ActiveCfg = Debug|Win32
		{6BE4F878-73F2-42F7-B77F-4974DCF8B005}.ICU Debug|Win32.Build.0 = Debug|Win32
		{6BE4F878-73F2-42F7-B77F-4974DCF8B005}.ICU Debug|x64.ActiveCfg = Debug|x64
		{6BE4F878-73F2-42F7-B77F-4974DCF8B005}.ICU Debug|x64.Build.0 = Debug|x64
		{6BE4F878-73F2-42F7-B77F-4974DCF8B005}.ICU Release|Win32.ActiveCfg = Release|Win32
		{6BE4F878-73F2-42F7-B77F-4974DCF8B005}.ICU Release|Win32.Build.0 = Release|Win32
		{6BE4F878-73F2-42F7-B77F-4974DCF8B005}.ICU Release|x64.ActiveCfg = Release|x64
		{6BE4F878-73F2-42F7-B77F-4974DCF8B005}.ICU Release|x64.Build.0 = Release|x64
		{6BE4F878-73F2-42F7-B77F-4974DCF8B005}.Release|Win32.ActiveCfg = Release|Win32
		{6BE4F878-73F2-42F7-B77F-4974DCF8B005}.Release|Win32.Build.0 = Release|Win32
		{6BE4F878-73F2-42F7-B77F-4974DCF8B005}.Release|x64.ActiveCfg = Release|x64
		{6BE4F878-73F2-42F7-B77F-4974DCF8B005}.Release|x64.Build.0 = Release|x64
		{6BE4F878-73F2-42F7-B77F-4974DCF8B005}.Static Debug|Win32.ActiveCfg = Debug|Win32
		{6BE4F878-73F2-42F7-B77F-4974DCF8B005}.Static Debug|Win32.Build.0 = Debug|Win32
		{6BE4F878-73F2-42F7-B77F-4974DCF8B005}.Static Debug|x64.ActiveCfg = Debug|x64
		{6BE4F878-73F2-42F7-B77F-4974DCF8B005}.Static Debug|x64.Build.0 = Debug|x64
		{6BE4F878-73F2-42F7-B77F-4974DCF8B005}.Static Release|Win32.ActiveCfg = Release|Win32
		{6BE4F878-73F2-42F7-B77F-4974DCF8B005}.Static Release|Win32.Build.0 = Release|Win32
		{6BE4F878-73F2-42F7-B77F-4974DCF8B005}.Static Release|x64.ActiveCfg = Release|x64
		{6BE4F878-73F2-42F7-B77F-4974DCF8B005}.Static Release|x64.Build.0 = Release|x64
		{82BAB86A-BBDE-42F3-B0BD-E69CDF1E8119}.Debug|Win32.ActiveCfg = Debug|Win32
		{82BAB86A-BBDE-42F3-B0BD-E69CDF1E8119}.Debug|Win32.Build.0 = Debug|Win32
		{82BAB86A-BBDE-42F3-B0BD-E69CDF1E8119}.Debug|x64.ActiveCfg = Debug|x64
		{82BAB86A-BBDE-42F3-B0BD-E69CDF1E8119}.Debug|x64.Build.0 = Debug|x64
		{82BAB86A-BBDE-42F3-B0BD-E69CDF1E8119}.ICU Debug|Win32.ActiveCfg = Debug|Win32
		{82BAB86A-BBDE-42F3-B0BD-E69CDF1E8119}.ICU Debug|Win32.Build.0 = Debug|Win32
		{82BAB86A-BBDE-42F3-B0BD-E69CDF1E8119}.ICU Debug|x64.ActiveCfg = Debug|x64
		{82BAB86A-BBDE-42F3-B0BD-E69CDF1E8119}.ICU Debug|x64.Build.0 = Debug|x64
		{82BAB86A-BBDE-42F3-B0BD-E69CDF1E8119}.ICU Release|Win32.ActiveCfg = Release|Win32
		{82BAB86A-BBDE-42F3-B0BD-E69CDF1E8119}.ICU Release|Win32.Build.0 = Release|Win32
		{82BAB86A-BBDE-42F3-B0BD-E69CDF1E8119}.ICU Release|x64.ActiveCfg = Release|x64
		{82BAB86A-BBDE-42F3-B0BD-E69CDF1E8119}.ICU Release|x64.Build.0 = Release|x64
		{82BAB86A-BBDE-42F3-B0BD-E69CDF1E8119}.Release|Win32.ActiveCfg = Release|Win32
		{82BAB86A-BBDE-42F3-B0BD-E69CDF1E8119}.Release|Win32.Build.0 = Release|Win32
		{82BAB86A-BBDE-42F3-B0BD-E69CDF1E8119}.Release|x64.ActiveCfg = Release|x64
		{82BAB86A-BBDE-42F3-B0BD-E69CDF1E8119}.Release|x64.Build.0 = Release|x64
		{82BAB86A-BBDE-42F3-B0BD-E69CDF1E8119}.Static Debug|Win32.ActiveCfg = Debug|Win32
		{82BAB86A-BBDE-42F3-B0BD-E69CDF1E8119}.Static Debug|Win32.Build.0 = Debug|Win32
		{82BAB86A-BBDE-42F3-B0BD-E69CDF1E8119}.Static Debug|x64.ActiveCfg = Debug|x64
		{82BAB86A-BBDE-42F3-B0BD-E69CDF1E8119}.Static Debug|x64.Build.0 = Debug|x64
		{82BAB86A-BBDE-42F3-B0BD-E69CDF1E8119}.Static Release|Win32.ActiveCfg = Release|Win32
		{82BAB86A-BBDE-42F3-B0BD-E69CDF1E8119}.Static Release|Win32.Build.0 = Release|Win32
		{82BAB86A-BBDE-42F3-B0BD-E69CDF1E8119}.Static Release|x64.ActiveCfg = Release|x64
		{82BAB86A-BBDE-42F3-B0BD-E69CDF1E8119}.Static Release|x64.Build.0 = Release|x64
		{7E6F7F0D-0045-47B9-868C-E31C04FAE81F}.Debug|Win32.ActiveCfg = Debug|Win32
		{7E6F7F0D-0045-47B9-868C-E31C04FAE81F}.Debug|Win32.Build.0 = Debug|Win32
		{7E6F7F0D-0045-47B9-868C-E31C04FAE81F}.Debug|x64.ActiveCfg = Debug|x64
		{7E6F7F0D-0045-47B9-868C-E31C04FAE81F}.Debug|x64.Build.0 = Debug|x64
		{7E6F7F0D-0045-47B9-868C-E31C04FAE81F}.ICU Debug|Win32.ActiveCfg = Debug|Win32
		{7E6F7F0D-0045-47B9-868C-E31C04FAE81F}.ICU Debug|Win32.Build.0 = Debug|Win32
		{7E6F7F0D-0045-47B9-868C-E31C04FAE81F}.ICU Debug|x64.ActiveCfg = Debug|x64
		{7E6F7F0D-0045-47B9-868C-E31C04FAE81F}.ICU Debug|x64.Build.0 = Debug|x64
		{7E6F7F0D-0045-47B9-868C-E31C04FAE81F}.ICU Release|Win32.ActiveCfg = Release|Win32
		{7E6F7F0D-0045-47B9-868C-E31C04FAE81F}.ICU Release|Win32.Build.0 = Release|Win32
		{7E6F7F0D-0045-47B9-868C-E31C04FAE81F}.ICU Release|x64.ActiveCfg = Release|x64
		{7E6F7F0D-0045-47B9-868C-E31C04FAE81F}.ICU Release|x64.Build.0 = Release|x64
		{7E6F7F0D-0045-47B9-868C-E31C04FAE81F}.Release|Win32.ActiveCfg = Release|Win32
		{7E6F7F0D-0045-47B9-868C-E31C04FAE81F}.Release|Win32.Build.0 = Release|Win32
		{7E6F7F0D-0045-47B9-868C-E31C04FAE81F}.Release|x64.ActiveCfg = Release|x64
		{7E6F7F0D-0045-47B9-868C-E31C04FAE81F}.Release|x64.Build.0 = Release|x64
		{7E6F7F0D-0045-47B9-868C-E31C04FAE81F}.Static Debug|Win32.ActiveCfg = Debug|Win32
		{7E6F7F0D-0045-47B9-868C-E31C04FAE81F}.Static Debug|Win32.Build.0 = Debug|Win32
		{7E6F7F0D-0045-47B9-868C-E31C04FAE81F}.Static Debug|x64.ActiveCfg = Debug|x64
		{7E6F7F0D-0045-47B9-868C-E31C04FAE81F}.Static Debug|x64.Build.0 = Debug|x64
		{7E6F7F0D-0045-47B9-868C-E31C04FAE81F}.Static Release|Win32.ActiveCfg = Release|Win32
		{7E6F7F0D-0045-47B9-868C-E31C04FAE81F}.Static Release|Win32.Build.0 = Release|Win32
		{7E6F7F0D-0045-47B9-868C-E31C04FAE81F}.Static Release|x64.ActiveCfg = Release|x64
		{7E6F7F0D-0045-47B9-868C-E31C04FAE81F}.Static Release|x64.Build.0 = Release|x64
		{CC1C1060-E94B-46BC-886B-4997C384F346}.Debug|Win32.ActiveCfg = Debug|Win32
		{CC1C1060-E94B-46BC-886B-4997C384F346}.Debug|Win32.Build.0 = Debug|Win32
		{CC1C1060-E94B-46BC-886B-4997C384F346}.Debug|x64.ActiveCfg = Debug|x64
		{CC1C1060-E94B-46BC-886B-4997C384F346}.Debug|x64.Build.0 = Debug|x64
		{CC1C1060-E94B-46BC-886B-4997C384F346}.ICU Debug|Win32.ActiveCfg = Debug|Win32
		{CC1C1060-E94B-46BC-886B-4997C384F346}.ICU Debug|Win32.Build.0 = Debug|Win32
		{CC1C1060-E94B-46BC-886B-4997C384F346}.ICU Debug|x64.ActiveCfg = Debug|x64
		{CC1C1060-E94B-46BC-886B-4997C384F346}.ICU Debug|x64.Build.0 = Debug|x64
		{CC1C1060-E94B-46BC-886B-4997C384F346}.ICU Release|Win32.ActiveCfg = Release|Win32
		{CC1C1060-E94B-46BC-886B-4997C384F346}.ICU Release|Win32.Build.0 = Release|Win32
		{CC1C1060-E94B-46BC-886B-4997C384F346}.ICU Release|x64.ActiveCfg = Release|x64
		{CC1C1060-E94B-46BC-886B-4997C384F346}.ICU Release|x64.Build.0 = Release|x64
		{CC1C1060-E94B-46BC-886B-4997C384F346}.Release|Win32.ActiveCfg = Release|Win32
		{CC1C1060-E94B-46BC-886B-4997C384F346}.Release|Win32.Build.0 = Release|Win32
		{CC1C1060-E94B-46BC-886B-4997C384F346}.Release|x64.ActiveCfg = Release|x64
		{CC1C1060-E94B-46BC-886B-4997C384F346}.Release|x64.Build.0 = Release|x64
		{CC1C1060-E94B-46BC-886B-4997C384F346}.Static Debug|Win32.ActiveCfg = Debug|Win32
		{CC1C1060-E94B-46BC-886B-4997C384F346}.Static Debug|Win32.Build.0 = Debug|Win32
		{CC1C1060-E94B-46BC-886B-4997C384F346}.Static Debug|x64.ActiveCfg = Debug|x64
		{CC1C1060-E94B-46BC-886B-4997C384F346}.Static Debug|x64.Build.0 = Debug|x64
		{CC1C1060-E94B-46BC-886B-4997C384F346}.Static Release|Win32.ActiveCfg = Release|Win32
		{CC1C1060-E94B-46BC-886B-4997C384F346}.Static Release|Win32.Build.0 = Release|Win32
		{CC1C1060-E94B-46BC-886B-4997C384F346}.Static Release|x64.ActiveCfg = Release|x64
		{CC1C1060-E94B-46BC-886B-4997C384F346}.Static Release|x64.Build.0 = Release|x64
		{BE0B498C-2C41-46E9-82B7-697FDD3F68E3}.Debug|Win32.ActiveCfg = Debug|Win32
		{BE0B498C-2C41-46E9-82B7-697FDD3F68E3}.Debug|Win32.Build.0 = Debug|Win32
		{BE0B498C-2C41-46E9-82B7-697FDD3F68E3}.Debug|x64.ActiveCfg = Debug|x64
		{BE0B498C-2C41-46E9-82B7-697FDD3F68E3}.Debug|x64.Build.0 = Debug|x64
		{BE0B498C-2C41-46E9-82B7-697FDD3F68E3}.ICU Debug|Win32.ActiveCfg = Debug|Win32
		{BE0B498C-2C41-46E9-82B7-697FDD3F68E3}.ICU Debug|Win32.Build.0 = Debug|Win32
		{BE0B498C-2C41-46E9-82B7-697FDD3F68E3}.ICU Debug|x64.ActiveCfg = Debug|x64
		{BE0B498C-2C41-46E9-82B7-697FDD3F68E3}.ICU Debug|x64.Build.0 = Debug|x64
		{BE0B498C-2C41-46E9-82B7-697FDD3F68E3}.ICU Release|Win32.ActiveCfg = Release|Win32
		{BE0B498C-2C41-46E9-82B7-697FDD3F68E3}.ICU Release|Win32.Build.0 = Release|Win32
		{BE0B498C-2C41-46E9-82B7-697FDD3F68E3}.ICU Release|x64.ActiveCfg = Release|x64
		{BE0B498C-2C41-46E9-82B7-697FDD3F68E3}.ICU Release|x64.Build.0 = Release|x64
		{BE0B498C-2C41-46E9-82B7-697FDD3F68E3}.Release|Win32.ActiveCfg = Release|Win32
		{BE0B498C-2C41-46E9-82B7-697FDD3F68E3}.Release|Win32.Build.0 = Release|Win32
		{BE0B498C-2C41-46E9-82B7-697FDD3F68E3}.Release|x64.ActiveCfg = Release|x64
		{BE0B498C-2C41-46E9-82B7-697FDD3F68E3}.Release|x64.Build.0 = Release|x64
		{BE0B498C-2C41-46E9-82B7-697FDD3F68E3}.Static Debug|Win32.ActiveCfg = Debug|Win32
		{BE0B498C-2C41-46E9-82B7-697FDD3F68E3}.Static Debug|Win32.Build.0 = Debug|Win32
		{BE0B498C-2C41-46E9-82B7-697FDD3F68E3}.Static Debug|x64.ActiveCfg = Debug|x64
		{BE0B498C-2C41-46E9-82B7-697FDD3F68E3}.Static Debug|x64.Build.0 = Debug|x64
		{BE0B498C-2C41-46E9-82B7-697FDD3F68E3}.Static Release|Win32.ActiveCfg = Release|Win32
		{BE0B498C-2C41-46E9-82B7-697FDD3F68E3}.Static Release|Win32.Build.0 = Release|Win32
		{BE0B498C-2C41-46E9-82B7-697FDD3F68E3}.Static Release|x64.ActiveCfg = Release|x64
		{BE0B498C-2C41-46E9-82B7-697FDD3F68E3}.Static Release|x64.Build.0 = Release|x64
		{B84F7231-16CE-41D8-8C08-7B523FF4225B}.Debug|Win32.ActiveCfg = Debug|Win32
		{B84F7231-16CE-41D8-8C08-7B523FF4225B}.Debug|Win32.Build.0 = Debug|Win32
		{B84F7231-16CE-41D8-8C08-7B523FF4225B}.Debug|x64.ActiveCfg = Debug|x64
		{B84F7231-16CE-41D8-8C08-7B523FF4225B}.Debug|x64.Build.0 = Debug|x64
		{B84F7231-16CE-41D8-8C08-7B523FF4225B}.ICU Debug|Win32.ActiveCfg = Debug|Win32
		{B84F7231-16CE-41D8-8C08-7B523FF4225B}.ICU Debug|Win32.Build.0 = Debug|Win32
		{B84F7231-16CE-41D8-8C08-7B523FF4225B}.ICU Debug|x64.ActiveCfg = Debug|x64
		{B84F7231-16CE-41D8-8C08-7B523FF4225B}.ICU Debug|x64.Build.0 = Debug|x64
		{B84F7231-16CE-41D8-8C08-7B523FF4225B}.ICU Release|Win32.ActiveCfg = Release|Win32
		{B84F7231-16CE-41D8-8C08-7B523FF4225B}.ICU Release|Win32.Build.0 = Release|Win32
		{B84F7231-16CE-41D8-8C08-7B523FF4225B}.ICU Release|x64.ActiveCfg = Release|x64
		{B84F7231-16CE-41D8-8C08-7B523FF4225B}.ICU Release|x64.Build.0 = Release|x64
		{B84F7231-16CE-41D8-8C08-7B523FF4225B}.Release|Win32.ActiveCfg = Release|Win32
		{B84F7231-16CE-41D8-8C08-7B523FF4225B}.Release|Win32.Build.0 = Release|Win32
		{B84F7231-16CE-41D8-8C08-7B523FF4225B}.Release|x64.ActiveCfg = Release|x64
		{B84F7231-16CE-41D8-8C08-7B523FF4225B}.Release|x64.Build.0 = Release|x64
		{B84F7231-16CE-41D8-8C08-7B523FF4225B}.Static Debug|Win32.ActiveCfg = Debug|Win32
		{B84F7231-16CE-41D8-8C08-7B523FF4225B}.Static Debug|Win32.Build.0 = Debug|Win32
		{B84F7231-16CE-41D8-8C08-7B523FF4225B}.Static Debug|x64.ActiveCfg = Debug|x64
		{B84F7231-16CE-41D8-8C08-7B523FF4225B}.Static Debug|x64.Build.0 = Debug|x64
		{B84F7231-16CE-41D8-8C08-7B523FF4225B}.Static Release|Win32.ActiveCfg = Release|Win32
		{B84F7231-16CE-41D8-8C08-7B523FF4225B}.Static Release|Win32.Build.0 = Release|Win32
		{B84F7231-16CE-41D8-8C08-7B523FF4225B}.Static Release|x64.ActiveCfg = Release|x64
		{B84F7231-16CE-41D8-8C08-7B523FF4225B}.Static Release|x64.Build.0 = Release|x64
		{5CB5F2F4-D9B5-4E3E-B758-240E6E5D156A}.Debug|Win32.ActiveCfg = Debug|Any CPU
		{5CB5F2F4-D9B5-4E3E-B758-240E6E5D156A}.Debug|Win32.Build.0 = Debug|Any CPU
		{5CB5F2F4-D9B5-4E3E-B758-240E6E5D156A}.Debug|x64.ActiveCfg = Debug|x64
		{5CB5F2F4-D9B5-4E3E-B758-240E6E5D156A}.Debug|x64.Build.0 = Debug|x64
		{5CB5F2F4-D9B5-4E3E-B758-240E6E5D156A}.ICU Debug|Win32.ActiveCfg = Debug|x64
		{5CB5F2F4-D9B5-4E3E-B758-240E6E5D156A}.ICU Debug|x64.ActiveCfg = Debug|x64
		{5CB5F2F4-D9B5-4E3E-B758-240E6E5D156A}.ICU Debug|x64.Build.0 = Debug|x64
		{5CB5F2F4-D9B5-4E3E-B758-240E6E5D156A}.ICU Release|Win32.ActiveCfg = Release|x64
		{5CB5F2F4-D9B5-4E3E-B758-240E6E5D156A}.ICU Release|x64.ActiveCfg = Release|x64
		{5CB5F2F4-D9B5-4E3E-B758-240E6E5D156A}.ICU Release|x64.Build.0 = Release|x64
		{5CB5F2F4-D9B5-4E3E-B758-240E6E5D156A}.Release|Win32.ActiveCfg = Release|Any CPU
		{5CB5F2F4-D9B5-4E3E-B758-240E6E5D156A}.Release|Win32.Build.0 = Release|Any CPU
		{5CB5F2F4-D9B5-4E3E-B758-240E6E5D156A}.Release|x64.ActiveCfg = Release|x64
		{5CB5F2F4-D9B5-4E3E-B758-240E6E5D156A}.Release|x64.Build.0 = Release|x64
		{5CB5F2F4-D9B5-4E3E-B758-240E6E5D156A}.Static Debug|Win32.ActiveCfg = Debug|x64
		{5CB5F2F4-D9B5-4E3E-B758-240E6E5D156A}.Static Debug|x64.ActiveCfg = Debug|x64
		{5CB5F2F4-D9B5-4E3E-B758-240E6E5D156A}.Static Debug|x64.Build.0 = Debug|x64
		{5CB5F2F4-D9B5-4E3E-B758-240E6E5D156A}.Static Release|Win32.ActiveCfg = Release|x64
		{5CB5F2F4-D9B5-4E3E-B758-240E6E5D156A}.Static Release|x64.ActiveCfg = Release|x64
		{5CB5F2F4-D9B5-4E3E-B758-240E6E5D156A}.Static Release|x64.Build.0 = Release|x64
		{152CE948-F659-4206-A50A-1D2B9658EF96}.Debug|Win32.ActiveCfg = Debug|Win32
		{152CE948-F659-4206-A50A-1D2B9658EF96}.Debug|Win32.Build.0 = Debug|Win32
		{152CE948-F659-4206-A50A-1D2B9658EF96}.Debug|x64.ActiveCfg = Debug|x64
		{152CE948-F659-4206-A50A-1D2B9658EF96}.Debug|x64.Build.0 = Debug|x64
		{152CE948-F659-4206-A50A-1D2B9658EF96}.ICU Debug|Win32.ActiveCfg = ICU Debug|Win32
		{152CE948-F659-4206-A50A-1D2B9658EF96}.ICU Debug|Win32.Build.0 = ICU Debug|Win32
		{152CE948-F659-4206-A50A-1D2B9658EF96}.ICU Debug|x64.ActiveCfg = ICU Debug|x64
		{152CE948-F659-4206-A50A-1D2B9658EF96}.ICU Debug|x64.Build.0 = ICU Debug|x64
		{152CE948-F659-4206-A50A-1D2B9658EF96}.ICU Release|Win32.ActiveCfg = ICU Release|Win32
		{152CE948-F659-4206-A50A-1D2B9658EF96}.ICU Release|Win32.Build.0 = ICU Release|Win32
		{152CE948-F659-4206-A50A-1D2B9658EF96}.ICU Release|x64.ActiveCfg = ICU Release|x64
		{152CE948-F659-4206-A50A-1D2B9658EF96}.ICU Release|x64.Build.0 = ICU Release|x64
		{152CE948-F659-4206-A50A-1D2B9658EF96}.Release|Win32.ActiveCfg = Release|Win32
		{152CE948-F659-4206-A50A-1D2B9658EF96}.Release|Win32.Build.0 = Release|Win32
		{152CE948-F659-4206-A50A-1D2B9658EF96}.Release|x64.ActiveCfg = Release|x64
		{152CE948-F659-4206-A50A-1D2B9658EF96}.Release|x64.Build.0 = Release|x64
		{152CE948-F659-4206-A50A-1D2B9658EF96}.Static Debug|Win32.ActiveCfg = Static Debug|Win32
		{152CE948-F659-4206-A50A-1D2B9658EF96}.Static Debug|Win32.Build.0 = Static Debug|Win32
		{152CE948-F659-4206-A50A-1D2B9658EF96}.Static Debug|x64.ActiveCfg = Static Debug|x64
		{152CE948-F659-4206-A50A-1D2B9658EF96}.Static Debug|x64.Build.0 = Static Debug|x64
		{152CE948-F659-4206-A50A-1D2B9658EF96}.Static Release|Win32.ActiveCfg = Static Release|Win32
		{152CE948-F659-4206-A50A-1D2B9658EF96}.Static Release|Win32.Build.0 = Static Release|Win32
		{152CE948-F659-4206-A50A-1D2B9658EF96}.Static Release|x64.ActiveCfg = Static Release|x64
		{152CE948-F659-4206-A50A-1D2B9658EF96}.Static Release|x64.Build.0 = Static Release|x64
	EndGlobalSection
	GlobalSection(SolutionProperties) = preSolution
		HideSolutionNode = FALSE
	EndGlobalSection
EndGlobal
