Microsoft Visual Studio Solution File, Format Version 10.00
# Visual Studio 2008
Project("{8BC9CEB8-8B4A-11D0-8D11-00A0C91BC942}") = "ServerCore", "src\Core\ServerCore.vcproj", "{FDF553DE-0D30-4456-8A84-5009C9EAAED2}"
	ProjectSection(ProjectDependencies) = postProject
		{531778C6-C340-40F2-B403-9B58B8121AAB} = {531778C6-C340-40F2-B403-9B58B8121AAB}
		{42491401-B624-440D-91D7-1F2633EFB4E3} = {42491401-B624-440D-91D7-1F2633EFB4E3}
		{F7334B1B-0EFA-47E3-8E66-DF158E61B7E4} = {F7334B1B-0EFA-47E3-8E66-DF158E61B7E4}
		{85882748-DD71-4D2B-9E5A-03AF8C8D91B7} = {85882748-DD71-4D2B-9E5A-03AF8C8D91B7}
		{FBC27460-155E-4C13-AFDF-BA8B7BE28F7F} = {FBC27460-155E-4C13-AFDF-BA8B7BE28F7F}
		{341D5463-186E-49BA-B942-3D3BE28D65C0} = {341D5463-186E-49BA-B942-3D3BE28D65C0}
		{A82ADC7D-4DA4-42F2-9BF6-DF5DCFB44425} = {A82ADC7D-4DA4-42F2-9BF6-DF5DCFB44425}
		{38161685-88ED-415E-A545-CCC17BE069AE} = {38161685-88ED-415E-A545-CCC17BE069AE}
		{5287A594-4D4F-43FE-A281-E279AB708CF1} = {5287A594-4D4F-43FE-A281-E279AB708CF1}
		{D954DAAC-E305-40CE-B3F3-C229A0BEF4F0} = {D954DAAC-E305-40CE-B3F3-C229A0BEF4F0}
		{B50806B2-0E74-4DFD-B283-C7E380BD6F58} = {B50806B2-0E74-4DFD-B283-C7E380BD6F58}
		{A4F7F6B2-0E74-4DFD-B283-C7E380BD6F58} = {A4F7F6B2-0E74-4DFD-B283-C7E380BD6F58}
		{ADBF25E2-C629-4832-B315-F12ABDE05632} = {ADBF25E2-C629-4832-B315-F12ABDE05632}
		{561F38EE-E22F-481A-8EFB-DC0AA25B4C1D} = {561F38EE-E22F-481A-8EFB-DC0AA25B4C1D}
		{561F38EE-E22F-481A-8EFB-DC0AA25B4C1E} = {561F38EE-E22F-481A-8EFB-DC0AA25B4C1E}
		{561F38EE-E22F-481A-8EFB-DC0AA25B4C1F} = {561F38EE-E22F-481A-8EFB-DC0AA25B4C1F}
		{561F38EE-E22F-481A-8EFB-DC0AA25B4C20} = {561F38EE-E22F-481A-8EFB-DC0AA25B4C20}
		{561F38EE-E22F-481A-8EFB-DC0AA25B4C21} = {561F38EE-E22F-481A-8EFB-DC0AA25B4C21}
		{561F38EE-E22F-481A-8EFB-DC0AA25B4C22} = {561F38EE-E22F-481A-8EFB-DC0AA25B4C22}
		{561F38EE-E22F-481A-8EFB-DC0AA25B4C23} = {561F38EE-E22F-481A-8EFB-DC0AA25B4C23}
		{C50254F2-654A-48DE-AF5B-20605AEF8D10} = {C50254F2-654A-48DE-AF5B-20605AEF8D10}
	EndProjectSection
EndProject
Project("{8BC9CEB8-8B4A-11D0-8D11-00A0C91BC942}") = "Foundation", "..\Common\Foundation\Foundation.vcproj", "{A82ADC7D-4DA4-42F2-9BF6-DF5DCFB44425}"
	ProjectSection(ProjectDependencies) = postProject
		{C50254F2-654A-48DE-AF5B-20605AEF8D10} = {C50254F2-654A-48DE-AF5B-20605AEF8D10}
	EndProjectSection
EndProject
Project("{8BC9CEB8-8B4A-11D0-8D11-00A0C91BC942}") = "Geometry", "..\Common\Geometry\Geometry.vcproj", "{D954DAAC-E305-40CE-B3F3-C229A0BEF4F0}"
	ProjectSection(ProjectDependencies) = postProject
		{A82ADC7D-4DA4-42F2-9BF6-DF5DCFB44425} = {A82ADC7D-4DA4-42F2-9BF6-DF5DCFB44425}
	EndProjectSection
EndProject
Project("{8BC9CEB8-8B4A-11D0-8D11-00A0C91BC942}") = "MapGuideCommon", "..\Common\MapGuideCommon\MapGuideCommon.vcproj", "{5287A594-4D4F-43FE-A281-E279AB708CF1}"
	ProjectSection(ProjectDependencies) = postProject
		{F7334B1B-0EFA-47E3-8E66-DF158E61B7E4} = {F7334B1B-0EFA-47E3-8E66-DF158E61B7E4}
		{85882748-DD71-4D2B-9E5A-03AF8C8D91B7} = {85882748-DD71-4D2B-9E5A-03AF8C8D91B7}
		{A82ADC7D-4DA4-42F2-9BF6-DF5DCFB44425} = {A82ADC7D-4DA4-42F2-9BF6-DF5DCFB44425}
		{7C1C5695-C51C-4017-ABEF-BC3032CBAF3B} = {7C1C5695-C51C-4017-ABEF-BC3032CBAF3B}
		{D954DAAC-E305-40CE-B3F3-C229A0BEF4F0} = {D954DAAC-E305-40CE-B3F3-C229A0BEF4F0}
		{C50254F2-654A-48DE-AF5B-20605AEF8D10} = {C50254F2-654A-48DE-AF5B-20605AEF8D10}
	EndProjectSection
EndProject
Project("{8BC9CEB8-8B4A-11D0-8D11-00A0C91BC942}") = "MdfModel", "..\Common\MdfModel\MDFModel.vcproj", "{C50254F2-654A-48DE-AF5B-20605AEF8D10}"
EndProject
Project("{8BC9CEB8-8B4A-11D0-8D11-00A0C91BC942}") = "MdfParser", "..\Common\MDFParser\MDFParser.vcproj", "{85882748-DD71-4D2B-9E5A-03AF8C8D91B7}"
	ProjectSection(ProjectDependencies) = postProject
		{C50254F2-654A-48DE-AF5B-20605AEF8D10} = {C50254F2-654A-48DE-AF5B-20605AEF8D10}
	EndProjectSection
EndProject
Project("{8BC9CEB8-8B4A-11D0-8D11-00A0C91BC942}") = "PlatformBase", "..\Common\PlatformBase\PlatformBase.vcproj", "{F7334B1B-0EFA-47E3-8E66-DF158E61B7E4}"
	ProjectSection(ProjectDependencies) = postProject
		{85882748-DD71-4D2B-9E5A-03AF8C8D91B7} = {85882748-DD71-4D2B-9E5A-03AF8C8D91B7}
		{A82ADC7D-4DA4-42F2-9BF6-DF5DCFB44425} = {A82ADC7D-4DA4-42F2-9BF6-DF5DCFB44425}
		{D954DAAC-E305-40CE-B3F3-C229A0BEF4F0} = {D954DAAC-E305-40CE-B3F3-C229A0BEF4F0}
		{C50254F2-654A-48DE-AF5B-20605AEF8D10} = {C50254F2-654A-48DE-AF5B-20605AEF8D10}
	EndProjectSection
EndProject
Project("{8BC9CEB8-8B4A-11D0-8D11-00A0C91BC942}") = "Renderers", "..\Common\Renderers\Renderers.vcproj", "{38161685-88ED-415E-A545-CCC17BE069AE}"
	ProjectSection(ProjectDependencies) = postProject
		{341D5463-186E-49BA-B942-3D3BE28D65C0} = {341D5463-186E-49BA-B942-3D3BE28D65C0}
		{C50254F2-654A-48DE-AF5B-20605AEF8D10} = {C50254F2-654A-48DE-AF5B-20605AEF8D10}
	EndProjectSection
EndProject
Project("{8BC9CEB8-8B4A-11D0-8D11-00A0C91BC942}") = "Security", "..\Common\Security\Security.vcproj", "{7C1C5695-C51C-4017-ABEF-BC3032CBAF3B}"
EndProject
Project("{8BC9CEB8-8B4A-11D0-8D11-00A0C91BC942}") = "Stylization", "..\Common\Stylization\Stylization.vcproj", "{341D5463-186E-49BA-B942-3D3BE28D65C0}"
	ProjectSection(ProjectDependencies) = postProject
		{A82ADC7D-4DA4-42F2-9BF6-DF5DCFB44425} = {A82ADC7D-4DA4-42F2-9BF6-DF5DCFB44425}
		{C50254F2-654A-48DE-AF5B-20605AEF8D10} = {C50254F2-654A-48DE-AF5B-20605AEF8D10}
	EndProjectSection
EndProject
Project("{8BC9CEB8-8B4A-11D0-8D11-00A0C91BC942}") = "GwsCommon", "src\Gws\GwsCommon\GwsCommon.vcproj", "{DB2CC2E3-4754-4932-B865-424A44E58FD0}"
	ProjectSection(ProjectDependencies) = postProject
		{8F654896-85DC-4F32-99B2-670D66B0FBF1} = {8F654896-85DC-4F32-99B2-670D66B0FBF1}
	EndProjectSection
EndProject
Project("{8BC9CEB8-8B4A-11D0-8D11-00A0C91BC942}") = "GwsInclude", "src\Gws\Include\GwsInclude.vcproj", "{E6B0012F-58F6-42F4-8F02-065C35829569}"
EndProject
Project("{8BC9CEB8-8B4A-11D0-8D11-00A0C91BC942}") = "GwsQueryEngine", "src\Gws\GwsQueryEngine\GwsQueryEngine.vcproj", "{8D947123-A12C-45DA-BD00-8B62DD5A0459}"
	ProjectSection(ProjectDependencies) = postProject
		{DB2CC2E3-4754-4932-B865-424A44E58FD0} = {DB2CC2E3-4754-4932-B865-424A44E58FD0}
	EndProjectSection
EndProject
Project("{8BC9CEB8-8B4A-11D0-8D11-00A0C91BC942}") = "GwsResource", "src\Gws\GwsResource\GwsResource.vcproj", "{8F654896-85DC-4F32-99B2-670D66B0FBF1}"
EndProject
Project("{8BC9CEB8-8B4A-11D0-8D11-00A0C91BC942}") = "ServerBase", "src\Common\Base\ServerBase.vcproj", "{A4F7F6B2-0E74-4DFD-B283-C7E380BD6F58}"
	ProjectSection(ProjectDependencies) = postProject
		{F7334B1B-0EFA-47E3-8E66-DF158E61B7E4} = {F7334B1B-0EFA-47E3-8E66-DF158E61B7E4}
		{A82ADC7D-4DA4-42F2-9BF6-DF5DCFB44425} = {A82ADC7D-4DA4-42F2-9BF6-DF5DCFB44425}
		{5287A594-4D4F-43FE-A281-E279AB708CF1} = {5287A594-4D4F-43FE-A281-E279AB708CF1}
		{D954DAAC-E305-40CE-B3F3-C229A0BEF4F0} = {D954DAAC-E305-40CE-B3F3-C229A0BEF4F0}
		{ADBF25E2-C629-4832-B315-F12ABDE05632} = {ADBF25E2-C629-4832-B315-F12ABDE05632}
	EndProjectSection
EndProject
Project("{8BC9CEB8-8B4A-11D0-8D11-00A0C91BC942}") = "ServerManager", "src\Common\Manager\ServerManager.vcproj", "{ADBF25E2-C629-4832-B315-F12ABDE05632}"
	ProjectSection(ProjectDependencies) = postProject
		{531778C6-C340-40F2-B403-9B58B8121AAB} = {531778C6-C340-40F2-B403-9B58B8121AAB}
		{F7334B1B-0EFA-47E3-8E66-DF158E61B7E4} = {F7334B1B-0EFA-47E3-8E66-DF158E61B7E4}
		{85882748-DD71-4D2B-9E5A-03AF8C8D91B7} = {85882748-DD71-4D2B-9E5A-03AF8C8D91B7}
		{A82ADC7D-4DA4-42F2-9BF6-DF5DCFB44425} = {A82ADC7D-4DA4-42F2-9BF6-DF5DCFB44425}
		{5287A594-4D4F-43FE-A281-E279AB708CF1} = {5287A594-4D4F-43FE-A281-E279AB708CF1}
		{7C1C5695-C51C-4017-ABEF-BC3032CBAF3B} = {7C1C5695-C51C-4017-ABEF-BC3032CBAF3B}
		{D954DAAC-E305-40CE-B3F3-C229A0BEF4F0} = {D954DAAC-E305-40CE-B3F3-C229A0BEF4F0}
		{B50806B2-0E74-4DFD-B283-C7E380BD6F58} = {B50806B2-0E74-4DFD-B283-C7E380BD6F58}
		{C50254F2-654A-48DE-AF5B-20605AEF8D10} = {C50254F2-654A-48DE-AF5B-20605AEF8D10}
	EndProjectSection
EndProject
Project("{8BC9CEB8-8B4A-11D0-8D11-00A0C91BC942}") = "ServerThread", "src\Common\Thread\ServerThread.vcproj", "{B50806B2-0E74-4DFD-B283-C7E380BD6F58}"
	ProjectSection(ProjectDependencies) = postProject
		{A82ADC7D-4DA4-42F2-9BF6-DF5DCFB44425} = {A82ADC7D-4DA4-42F2-9BF6-DF5DCFB44425}
	EndProjectSection
EndProject
Project("{8BC9CEB8-8B4A-11D0-8D11-00A0C91BC942}") = "ServerAdminService", "src\Services\ServerAdmin\ServerAdminService.vcproj", "{561F38EE-E22F-481A-8EFB-DC0AA25B4C22}"
	ProjectSection(ProjectDependencies) = postProject
		{F7334B1B-0EFA-47E3-8E66-DF158E61B7E4} = {F7334B1B-0EFA-47E3-8E66-DF158E61B7E4}
		{A82ADC7D-4DA4-42F2-9BF6-DF5DCFB44425} = {A82ADC7D-4DA4-42F2-9BF6-DF5DCFB44425}
		{5287A594-4D4F-43FE-A281-E279AB708CF1} = {5287A594-4D4F-43FE-A281-E279AB708CF1}
		{D954DAAC-E305-40CE-B3F3-C229A0BEF4F0} = {D954DAAC-E305-40CE-B3F3-C229A0BEF4F0}
		{A4F7F6B2-0E74-4DFD-B283-C7E380BD6F58} = {A4F7F6B2-0E74-4DFD-B283-C7E380BD6F58}
		{ADBF25E2-C629-4832-B315-F12ABDE05632} = {ADBF25E2-C629-4832-B315-F12ABDE05632}
	EndProjectSection
EndProject
Project("{8BC9CEB8-8B4A-11D0-8D11-00A0C91BC942}") = "ServerDrawingService", "src\Services\Drawing\ServerDrawingService.vcproj", "{561F38EE-E22F-481A-8EFB-DC0AA25B4C1D}"
	ProjectSection(ProjectDependencies) = postProject
		{F7334B1B-0EFA-47E3-8E66-DF158E61B7E4} = {F7334B1B-0EFA-47E3-8E66-DF158E61B7E4}
		{A82ADC7D-4DA4-42F2-9BF6-DF5DCFB44425} = {A82ADC7D-4DA4-42F2-9BF6-DF5DCFB44425}
		{5287A594-4D4F-43FE-A281-E279AB708CF1} = {5287A594-4D4F-43FE-A281-E279AB708CF1}
		{D954DAAC-E305-40CE-B3F3-C229A0BEF4F0} = {D954DAAC-E305-40CE-B3F3-C229A0BEF4F0}
		{A4F7F6B2-0E74-4DFD-B283-C7E380BD6F58} = {A4F7F6B2-0E74-4DFD-B283-C7E380BD6F58}
		{ADBF25E2-C629-4832-B315-F12ABDE05632} = {ADBF25E2-C629-4832-B315-F12ABDE05632}
	EndProjectSection
EndProject
Project("{8BC9CEB8-8B4A-11D0-8D11-00A0C91BC942}") = "ServerFeatureService", "src\Services\Feature\ServerFeatureService.vcproj", "{561F38EE-E22F-481A-8EFB-DC0AA25B4C1E}"
	ProjectSection(ProjectDependencies) = postProject
		{8D947123-A12C-45DA-BD00-8B62DD5A0459} = {8D947123-A12C-45DA-BD00-8B62DD5A0459}
		{85882748-DD71-4D2B-9E5A-03AF8C8D91B7} = {85882748-DD71-4D2B-9E5A-03AF8C8D91B7}
		{A82ADC7D-4DA4-42F2-9BF6-DF5DCFB44425} = {A82ADC7D-4DA4-42F2-9BF6-DF5DCFB44425}
		{5287A594-4D4F-43FE-A281-E279AB708CF1} = {5287A594-4D4F-43FE-A281-E279AB708CF1}
		{7C1C5695-C51C-4017-ABEF-BC3032CBAF3B} = {7C1C5695-C51C-4017-ABEF-BC3032CBAF3B}
		{D954DAAC-E305-40CE-B3F3-C229A0BEF4F0} = {D954DAAC-E305-40CE-B3F3-C229A0BEF4F0}
		{A4F7F6B2-0E74-4DFD-B283-C7E380BD6F58} = {A4F7F6B2-0E74-4DFD-B283-C7E380BD6F58}
		{ADBF25E2-C629-4832-B315-F12ABDE05632} = {ADBF25E2-C629-4832-B315-F12ABDE05632}
		{DB2CC2E3-4754-4932-B865-424A44E58FD0} = {DB2CC2E3-4754-4932-B865-424A44E58FD0}
		{C50254F2-654A-48DE-AF5B-20605AEF8D10} = {C50254F2-654A-48DE-AF5B-20605AEF8D10}
		{531778C6-C340-40F2-B403-9B58B8121AAB} = {531778C6-C340-40F2-B403-9B58B8121AAB}
		{F7334B1B-0EFA-47E3-8E66-DF158E61B7E4} = {F7334B1B-0EFA-47E3-8E66-DF158E61B7E4}
	EndProjectSection
EndProject
Project("{8BC9CEB8-8B4A-11D0-8D11-00A0C91BC942}") = "ServerKmlService", "src\Services\Kml\ServerKmlService.vcproj", "{FBC27460-155E-4C13-AFDF-BA8B7BE28F7F}"
	ProjectSection(ProjectDependencies) = postProject
		{F7334B1B-0EFA-47E3-8E66-DF158E61B7E4} = {F7334B1B-0EFA-47E3-8E66-DF158E61B7E4}
		{341D5463-186E-49BA-B942-3D3BE28D65C0} = {341D5463-186E-49BA-B942-3D3BE28D65C0}
		{A82ADC7D-4DA4-42F2-9BF6-DF5DCFB44425} = {A82ADC7D-4DA4-42F2-9BF6-DF5DCFB44425}
		{38161685-88ED-415E-A545-CCC17BE069AE} = {38161685-88ED-415E-A545-CCC17BE069AE}
		{5287A594-4D4F-43FE-A281-E279AB708CF1} = {5287A594-4D4F-43FE-A281-E279AB708CF1}
		{D954DAAC-E305-40CE-B3F3-C229A0BEF4F0} = {D954DAAC-E305-40CE-B3F3-C229A0BEF4F0}
		{A4F7F6B2-0E74-4DFD-B283-C7E380BD6F58} = {A4F7F6B2-0E74-4DFD-B283-C7E380BD6F58}
		{ADBF25E2-C629-4832-B315-F12ABDE05632} = {ADBF25E2-C629-4832-B315-F12ABDE05632}
		{561F38EE-E22F-481A-8EFB-DC0AA25B4C1E} = {561F38EE-E22F-481A-8EFB-DC0AA25B4C1E}
		{561F38EE-E22F-481A-8EFB-DC0AA25B4C1F} = {561F38EE-E22F-481A-8EFB-DC0AA25B4C1F}
		{C50254F2-654A-48DE-AF5B-20605AEF8D10} = {C50254F2-654A-48DE-AF5B-20605AEF8D10}
	EndProjectSection
EndProject
Project("{8BC9CEB8-8B4A-11D0-8D11-00A0C91BC942}") = "ServerMappingService", "src\Services\Mapping\ServerMappingService.vcproj", "{561F38EE-E22F-481A-8EFB-DC0AA25B4C1F}"
	ProjectSection(ProjectDependencies) = postProject
		{F7334B1B-0EFA-47E3-8E66-DF158E61B7E4} = {F7334B1B-0EFA-47E3-8E66-DF158E61B7E4}
		{85882748-DD71-4D2B-9E5A-03AF8C8D91B7} = {85882748-DD71-4D2B-9E5A-03AF8C8D91B7}
		{341D5463-186E-49BA-B942-3D3BE28D65C0} = {341D5463-186E-49BA-B942-3D3BE28D65C0}
		{A82ADC7D-4DA4-42F2-9BF6-DF5DCFB44425} = {A82ADC7D-4DA4-42F2-9BF6-DF5DCFB44425}
		{38161685-88ED-415E-A545-CCC17BE069AE} = {38161685-88ED-415E-A545-CCC17BE069AE}
		{5287A594-4D4F-43FE-A281-E279AB708CF1} = {5287A594-4D4F-43FE-A281-E279AB708CF1}
		{D954DAAC-E305-40CE-B3F3-C229A0BEF4F0} = {D954DAAC-E305-40CE-B3F3-C229A0BEF4F0}
		{A4F7F6B2-0E74-4DFD-B283-C7E380BD6F58} = {A4F7F6B2-0E74-4DFD-B283-C7E380BD6F58}
		{ADBF25E2-C629-4832-B315-F12ABDE05632} = {ADBF25E2-C629-4832-B315-F12ABDE05632}
		{561F38EE-E22F-481A-8EFB-DC0AA25B4C1E} = {561F38EE-E22F-481A-8EFB-DC0AA25B4C1E}
		{561F38EE-E22F-481A-8EFB-DC0AA25B4C21} = {561F38EE-E22F-481A-8EFB-DC0AA25B4C21}
		{C50254F2-654A-48DE-AF5B-20605AEF8D10} = {C50254F2-654A-48DE-AF5B-20605AEF8D10}
	EndProjectSection
EndProject
Project("{8BC9CEB8-8B4A-11D0-8D11-00A0C91BC942}") = "ServerRenderingService", "src\Services\Rendering\ServerRenderingService.vcproj", "{561F38EE-E22F-481A-8EFB-DC0AA25B4C20}"
	ProjectSection(ProjectDependencies) = postProject
		{F7334B1B-0EFA-47E3-8E66-DF158E61B7E4} = {F7334B1B-0EFA-47E3-8E66-DF158E61B7E4}
		{341D5463-186E-49BA-B942-3D3BE28D65C0} = {341D5463-186E-49BA-B942-3D3BE28D65C0}
		{A82ADC7D-4DA4-42F2-9BF6-DF5DCFB44425} = {A82ADC7D-4DA4-42F2-9BF6-DF5DCFB44425}
		{38161685-88ED-415E-A545-CCC17BE069AE} = {38161685-88ED-415E-A545-CCC17BE069AE}
		{5287A594-4D4F-43FE-A281-E279AB708CF1} = {5287A594-4D4F-43FE-A281-E279AB708CF1}
		{D954DAAC-E305-40CE-B3F3-C229A0BEF4F0} = {D954DAAC-E305-40CE-B3F3-C229A0BEF4F0}
		{A4F7F6B2-0E74-4DFD-B283-C7E380BD6F58} = {A4F7F6B2-0E74-4DFD-B283-C7E380BD6F58}
		{ADBF25E2-C629-4832-B315-F12ABDE05632} = {ADBF25E2-C629-4832-B315-F12ABDE05632}
		{561F38EE-E22F-481A-8EFB-DC0AA25B4C1E} = {561F38EE-E22F-481A-8EFB-DC0AA25B4C1E}
		{561F38EE-E22F-481A-8EFB-DC0AA25B4C1F} = {561F38EE-E22F-481A-8EFB-DC0AA25B4C1F}
		{C50254F2-654A-48DE-AF5B-20605AEF8D10} = {C50254F2-654A-48DE-AF5B-20605AEF8D10}
	EndProjectSection
EndProject
Project("{8BC9CEB8-8B4A-11D0-8D11-00A0C91BC942}") = "ServerResourceService", "src\Services\Resource\ServerResourceService.vcproj", "{561F38EE-E22F-481A-8EFB-DC0AA25B4C21}"
	ProjectSection(ProjectDependencies) = postProject
		{F7334B1B-0EFA-47E3-8E66-DF158E61B7E4} = {F7334B1B-0EFA-47E3-8E66-DF158E61B7E4}
		{A82ADC7D-4DA4-42F2-9BF6-DF5DCFB44425} = {A82ADC7D-4DA4-42F2-9BF6-DF5DCFB44425}
		{5287A594-4D4F-43FE-A281-E279AB708CF1} = {5287A594-4D4F-43FE-A281-E279AB708CF1}
		{7C1C5695-C51C-4017-ABEF-BC3032CBAF3B} = {7C1C5695-C51C-4017-ABEF-BC3032CBAF3B}
		{D954DAAC-E305-40CE-B3F3-C229A0BEF4F0} = {D954DAAC-E305-40CE-B3F3-C229A0BEF4F0}
		{A4F7F6B2-0E74-4DFD-B283-C7E380BD6F58} = {A4F7F6B2-0E74-4DFD-B283-C7E380BD6F58}
		{ADBF25E2-C629-4832-B315-F12ABDE05632} = {ADBF25E2-C629-4832-B315-F12ABDE05632}
		{C50254F2-654A-48DE-AF5B-20605AEF8D10} = {C50254F2-654A-48DE-AF5B-20605AEF8D10}
	EndProjectSection
EndProject
Project("{8BC9CEB8-8B4A-11D0-8D11-00A0C91BC942}") = "ServerSiteService", "src\Services\Site\ServerSiteService.vcproj", "{561F38EE-E22F-481A-8EFB-DC0AA25B4C23}"
	ProjectSection(ProjectDependencies) = postProject
		{F7334B1B-0EFA-47E3-8E66-DF158E61B7E4} = {F7334B1B-0EFA-47E3-8E66-DF158E61B7E4}
		{A82ADC7D-4DA4-42F2-9BF6-DF5DCFB44425} = {A82ADC7D-4DA4-42F2-9BF6-DF5DCFB44425}
		{5287A594-4D4F-43FE-A281-E279AB708CF1} = {5287A594-4D4F-43FE-A281-E279AB708CF1}
		{7C1C5695-C51C-4017-ABEF-BC3032CBAF3B} = {7C1C5695-C51C-4017-ABEF-BC3032CBAF3B}
		{D954DAAC-E305-40CE-B3F3-C229A0BEF4F0} = {D954DAAC-E305-40CE-B3F3-C229A0BEF4F0}
		{A4F7F6B2-0E74-4DFD-B283-C7E380BD6F58} = {A4F7F6B2-0E74-4DFD-B283-C7E380BD6F58}
		{ADBF25E2-C629-4832-B315-F12ABDE05632} = {ADBF25E2-C629-4832-B315-F12ABDE05632}
		{561F38EE-E22F-481A-8EFB-DC0AA25B4C21} = {561F38EE-E22F-481A-8EFB-DC0AA25B4C21}
	EndProjectSection
EndProject
Project("{8BC9CEB8-8B4A-11D0-8D11-00A0C91BC942}") = "ServerTileService", "src\Services\Tile\ServerTileService.vcproj", "{42491401-B624-440D-91D7-1F2633EFB4E3}"
	ProjectSection(ProjectDependencies) = postProject
		{F7334B1B-0EFA-47E3-8E66-DF158E61B7E4} = {F7334B1B-0EFA-47E3-8E66-DF158E61B7E4}
		{A82ADC7D-4DA4-42F2-9BF6-DF5DCFB44425} = {A82ADC7D-4DA4-42F2-9BF6-DF5DCFB44425}
		{5287A594-4D4F-43FE-A281-E279AB708CF1} = {5287A594-4D4F-43FE-A281-E279AB708CF1}
		{D954DAAC-E305-40CE-B3F3-C229A0BEF4F0} = {D954DAAC-E305-40CE-B3F3-C229A0BEF4F0}
		{A4F7F6B2-0E74-4DFD-B283-C7E380BD6F58} = {A4F7F6B2-0E74-4DFD-B283-C7E380BD6F58}
		{ADBF25E2-C629-4832-B315-F12ABDE05632} = {ADBF25E2-C629-4832-B315-F12ABDE05632}
	EndProjectSection
EndProject
Project("{8BC9CEB8-8B4A-11D0-8D11-00A0C91BC942}") = "UnitTesting", "src\UnitTesting\UnitTesting.vcproj", "{DD0284A0-1ECE-4387-AED3-E9BF5EE74FF8}"
	ProjectSection(ProjectDependencies) = postProject
		{42491401-B624-440D-91D7-1F2633EFB4E3} = {42491401-B624-440D-91D7-1F2633EFB4E3}
		{F7334B1B-0EFA-47E3-8E66-DF158E61B7E4} = {F7334B1B-0EFA-47E3-8E66-DF158E61B7E4}
		{85882748-DD71-4D2B-9E5A-03AF8C8D91B7} = {85882748-DD71-4D2B-9E5A-03AF8C8D91B7}
		{FBC27460-155E-4C13-AFDF-BA8B7BE28F7F} = {FBC27460-155E-4C13-AFDF-BA8B7BE28F7F}
		{341D5463-186E-49BA-B942-3D3BE28D65C0} = {341D5463-186E-49BA-B942-3D3BE28D65C0}
		{A82ADC7D-4DA4-42F2-9BF6-DF5DCFB44425} = {A82ADC7D-4DA4-42F2-9BF6-DF5DCFB44425}
		{5287A594-4D4F-43FE-A281-E279AB708CF1} = {5287A594-4D4F-43FE-A281-E279AB708CF1}
		{7C1C5695-C51C-4017-ABEF-BC3032CBAF3B} = {7C1C5695-C51C-4017-ABEF-BC3032CBAF3B}
		{D954DAAC-E305-40CE-B3F3-C229A0BEF4F0} = {D954DAAC-E305-40CE-B3F3-C229A0BEF4F0}
		{A4F7F6B2-0E74-4DFD-B283-C7E380BD6F58} = {A4F7F6B2-0E74-4DFD-B283-C7E380BD6F58}
		{FDF553DE-0D30-4456-8A84-5009C9EAAED2} = {FDF553DE-0D30-4456-8A84-5009C9EAAED2}
		{ADBF25E2-C629-4832-B315-F12ABDE05632} = {ADBF25E2-C629-4832-B315-F12ABDE05632}
		{561F38EE-E22F-481A-8EFB-DC0AA25B4C1D} = {561F38EE-E22F-481A-8EFB-DC0AA25B4C1D}
		{561F38EE-E22F-481A-8EFB-DC0AA25B4C1E} = {561F38EE-E22F-481A-8EFB-DC0AA25B4C1E}
		{561F38EE-E22F-481A-8EFB-DC0AA25B4C1F} = {561F38EE-E22F-481A-8EFB-DC0AA25B4C1F}
		{561F38EE-E22F-481A-8EFB-DC0AA25B4C20} = {561F38EE-E22F-481A-8EFB-DC0AA25B4C20}
		{561F38EE-E22F-481A-8EFB-DC0AA25B4C21} = {561F38EE-E22F-481A-8EFB-DC0AA25B4C21}
		{561F38EE-E22F-481A-8EFB-DC0AA25B4C22} = {561F38EE-E22F-481A-8EFB-DC0AA25B4C22}
		{561F38EE-E22F-481A-8EFB-DC0AA25B4C23} = {561F38EE-E22F-481A-8EFB-DC0AA25B4C23}
		{C50254F2-654A-48DE-AF5B-20605AEF8D10} = {C50254F2-654A-48DE-AF5B-20605AEF8D10}
	EndProjectSection
EndProject
Project("{8BC9CEB8-8B4A-11D0-8D11-00A0C91BC942}") = "PostBuild", "src\PostBuild\PostBuild.vcproj", "{F486B768-640A-445D-8C09-437C896EFFAD}"
	ProjectSection(ProjectDependencies) = postProject
		{42491401-B624-440D-91D7-1F2633EFB4E3} = {42491401-B624-440D-91D7-1F2633EFB4E3}
		{F7334B1B-0EFA-47E3-8E66-DF158E61B7E4} = {F7334B1B-0EFA-47E3-8E66-DF158E61B7E4}
		{8D947123-A12C-45DA-BD00-8B62DD5A0459} = {8D947123-A12C-45DA-BD00-8B62DD5A0459}
		{E6B0012F-58F6-42F4-8F02-065C35829569} = {E6B0012F-58F6-42F4-8F02-065C35829569}
		{85882748-DD71-4D2B-9E5A-03AF8C8D91B7} = {85882748-DD71-4D2B-9E5A-03AF8C8D91B7}
		{FBC27460-155E-4C13-AFDF-BA8B7BE28F7F} = {FBC27460-155E-4C13-AFDF-BA8B7BE28F7F}
		{341D5463-186E-49BA-B942-3D3BE28D65C0} = {341D5463-186E-49BA-B942-3D3BE28D65C0}
		{A82ADC7D-4DA4-42F2-9BF6-DF5DCFB44425} = {A82ADC7D-4DA4-42F2-9BF6-DF5DCFB44425}
		{38161685-88ED-415E-A545-CCC17BE069AE} = {38161685-88ED-415E-A545-CCC17BE069AE}
		{5287A594-4D4F-43FE-A281-E279AB708CF1} = {5287A594-4D4F-43FE-A281-E279AB708CF1}
		{7C1C5695-C51C-4017-ABEF-BC3032CBAF3B} = {7C1C5695-C51C-4017-ABEF-BC3032CBAF3B}
		{8F654896-85DC-4F32-99B2-670D66B0FBF1} = {8F654896-85DC-4F32-99B2-670D66B0FBF1}
		{DD0284A0-1ECE-4387-AED3-E9BF5EE74FF8} = {DD0284A0-1ECE-4387-AED3-E9BF5EE74FF8}
		{D954DAAC-E305-40CE-B3F3-C229A0BEF4F0} = {D954DAAC-E305-40CE-B3F3-C229A0BEF4F0}
		{B50806B2-0E74-4DFD-B283-C7E380BD6F58} = {B50806B2-0E74-4DFD-B283-C7E380BD6F58}
		{A4F7F6B2-0E74-4DFD-B283-C7E380BD6F58} = {A4F7F6B2-0E74-4DFD-B283-C7E380BD6F58}
		{FDF553DE-0D30-4456-8A84-5009C9EAAED2} = {FDF553DE-0D30-4456-8A84-5009C9EAAED2}
		{ADBF25E2-C629-4832-B315-F12ABDE05632} = {ADBF25E2-C629-4832-B315-F12ABDE05632}
		{DB2CC2E3-4754-4932-B865-424A44E58FD0} = {DB2CC2E3-4754-4932-B865-424A44E58FD0}
		{561F38EE-E22F-481A-8EFB-DC0AA25B4C1D} = {561F38EE-E22F-481A-8EFB-DC0AA25B4C1D}
		{561F38EE-E22F-481A-8EFB-DC0AA25B4C1E} = {561F38EE-E22F-481A-8EFB-DC0AA25B4C1E}
		{561F38EE-E22F-481A-8EFB-DC0AA25B4C1F} = {561F38EE-E22F-481A-8EFB-DC0AA25B4C1F}
		{561F38EE-E22F-481A-8EFB-DC0AA25B4C20} = {561F38EE-E22F-481A-8EFB-DC0AA25B4C20}
		{561F38EE-E22F-481A-8EFB-DC0AA25B4C21} = {561F38EE-E22F-481A-8EFB-DC0AA25B4C21}
		{561F38EE-E22F-481A-8EFB-DC0AA25B4C22} = {561F38EE-E22F-481A-8EFB-DC0AA25B4C22}
		{561F38EE-E22F-481A-8EFB-DC0AA25B4C23} = {561F38EE-E22F-481A-8EFB-DC0AA25B4C23}
		{C50254F2-654A-48DE-AF5B-20605AEF8D10} = {C50254F2-654A-48DE-AF5B-20605AEF8D10}
	EndProjectSection
EndProject
Project("{8BC9CEB8-8B4A-11D0-8D11-00A0C91BC942}") = "ServerCache", "src\Common\Cache\ServerCache.vcproj", "{531778C6-C340-40F2-B403-9B58B8121AAB}"
	ProjectSection(ProjectDependencies) = postProject
		{5287A594-4D4F-43FE-A281-E279AB708CF1} = {5287A594-4D4F-43FE-A281-E279AB708CF1}
		{A82ADC7D-4DA4-42F2-9BF6-DF5DCFB44425} = {A82ADC7D-4DA4-42F2-9BF6-DF5DCFB44425}
		{F7334B1B-0EFA-47E3-8E66-DF158E61B7E4} = {F7334B1B-0EFA-47E3-8E66-DF158E61B7E4}
	EndProjectSection
EndProject
Global
	GlobalSection(SolutionConfigurationPlatforms) = preSolution
		Debug|Win32 = Debug|Win32
		Release|Win32 = Release|Win32
	EndGlobalSection
	GlobalSection(ProjectConfigurationPlatforms) = postSolution
		{FDF553DE-0D30-4456-8A84-5009C9EAAED2}.Debug|Win32.ActiveCfg = Debug|Win32
		{FDF553DE-0D30-4456-8A84-5009C9EAAED2}.Debug|Win32.Build.0 = Debug|Win32
		{FDF553DE-0D30-4456-8A84-5009C9EAAED2}.Release|Win32.ActiveCfg = Release|Win32
		{FDF553DE-0D30-4456-8A84-5009C9EAAED2}.Release|Win32.Build.0 = Release|Win32
		{A82ADC7D-4DA4-42F2-9BF6-DF5DCFB44425}.Debug|Win32.ActiveCfg = Debug|Win32
		{A82ADC7D-4DA4-42F2-9BF6-DF5DCFB44425}.Debug|Win32.Build.0 = Debug|Win32
		{A82ADC7D-4DA4-42F2-9BF6-DF5DCFB44425}.Release|Win32.ActiveCfg = Release|Win32
		{A82ADC7D-4DA4-42F2-9BF6-DF5DCFB44425}.Release|Win32.Build.0 = Release|Win32
		{D954DAAC-E305-40CE-B3F3-C229A0BEF4F0}.Debug|Win32.ActiveCfg = Debug|Win32
		{D954DAAC-E305-40CE-B3F3-C229A0BEF4F0}.Debug|Win32.Build.0 = Debug|Win32
		{D954DAAC-E305-40CE-B3F3-C229A0BEF4F0}.Release|Win32.ActiveCfg = Release|Win32
		{D954DAAC-E305-40CE-B3F3-C229A0BEF4F0}.Release|Win32.Build.0 = Release|Win32
		{5287A594-4D4F-43FE-A281-E279AB708CF1}.Debug|Win32.ActiveCfg = Debug|Win32
		{5287A594-4D4F-43FE-A281-E279AB708CF1}.Debug|Win32.Build.0 = Debug|Win32
		{5287A594-4D4F-43FE-A281-E279AB708CF1}.Release|Win32.ActiveCfg = Release|Win32
		{5287A594-4D4F-43FE-A281-E279AB708CF1}.Release|Win32.Build.0 = Release|Win32
		{C50254F2-654A-48DE-AF5B-20605AEF8D10}.Debug|Win32.ActiveCfg = Debug|Win32
		{C50254F2-654A-48DE-AF5B-20605AEF8D10}.Debug|Win32.Build.0 = Debug|Win32
		{C50254F2-654A-48DE-AF5B-20605AEF8D10}.Release|Win32.ActiveCfg = Release|Win32
		{C50254F2-654A-48DE-AF5B-20605AEF8D10}.Release|Win32.Build.0 = Release|Win32
		{85882748-DD71-4D2B-9E5A-03AF8C8D91B7}.Debug|Win32.ActiveCfg = Debug|Win32
		{85882748-DD71-4D2B-9E5A-03AF8C8D91B7}.Debug|Win32.Build.0 = Debug|Win32
		{85882748-DD71-4D2B-9E5A-03AF8C8D91B7}.Release|Win32.ActiveCfg = Release|Win32
		{85882748-DD71-4D2B-9E5A-03AF8C8D91B7}.Release|Win32.Build.0 = Release|Win32
		{F7334B1B-0EFA-47E3-8E66-DF158E61B7E4}.Debug|Win32.ActiveCfg = Debug|Win32
		{F7334B1B-0EFA-47E3-8E66-DF158E61B7E4}.Debug|Win32.Build.0 = Debug|Win32
		{F7334B1B-0EFA-47E3-8E66-DF158E61B7E4}.Release|Win32.ActiveCfg = Release|Win32
		{F7334B1B-0EFA-47E3-8E66-DF158E61B7E4}.Release|Win32.Build.0 = Release|Win32
		{38161685-88ED-415E-A545-CCC17BE069AE}.Debug|Win32.ActiveCfg = Debug|Win32
		{38161685-88ED-415E-A545-CCC17BE069AE}.Debug|Win32.Build.0 = Debug|Win32
		{38161685-88ED-415E-A545-CCC17BE069AE}.Release|Win32.ActiveCfg = Release|Win32
		{38161685-88ED-415E-A545-CCC17BE069AE}.Release|Win32.Build.0 = Release|Win32
		{7C1C5695-C51C-4017-ABEF-BC3032CBAF3B}.Debug|Win32.ActiveCfg = Debug|Win32
		{7C1C5695-C51C-4017-ABEF-BC3032CBAF3B}.Debug|Win32.Build.0 = Debug|Win32
		{7C1C5695-C51C-4017-ABEF-BC3032CBAF3B}.Release|Win32.ActiveCfg = Release|Win32
		{7C1C5695-C51C-4017-ABEF-BC3032CBAF3B}.Release|Win32.Build.0 = Release|Win32
		{341D5463-186E-49BA-B942-3D3BE28D65C0}.Debug|Win32.ActiveCfg = Debug|Win32
		{341D5463-186E-49BA-B942-3D3BE28D65C0}.Debug|Win32.Build.0 = Debug|Win32
		{341D5463-186E-49BA-B942-3D3BE28D65C0}.Release|Win32.ActiveCfg = Release|Win32
		{341D5463-186E-49BA-B942-3D3BE28D65C0}.Release|Win32.Build.0 = Release|Win32
		{DB2CC2E3-4754-4932-B865-424A44E58FD0}.Debug|Win32.ActiveCfg = Debug|Win32
		{DB2CC2E3-4754-4932-B865-424A44E58FD0}.Debug|Win32.Build.0 = Debug|Win32
		{DB2CC2E3-4754-4932-B865-424A44E58FD0}.Release|Win32.ActiveCfg = Release|Win32
		{DB2CC2E3-4754-4932-B865-424A44E58FD0}.Release|Win32.Build.0 = Release|Win32
		{E6B0012F-58F6-42F4-8F02-065C35829569}.Debug|Win32.ActiveCfg = Debug|Win32
		{E6B0012F-58F6-42F4-8F02-065C35829569}.Debug|Win32.Build.0 = Debug|Win32
		{E6B0012F-58F6-42F4-8F02-065C35829569}.Release|Win32.ActiveCfg = Release|Win32
		{E6B0012F-58F6-42F4-8F02-065C35829569}.Release|Win32.Build.0 = Release|Win32
		{8D947123-A12C-45DA-BD00-8B62DD5A0459}.Debug|Win32.ActiveCfg = Debug|Win32
		{8D947123-A12C-45DA-BD00-8B62DD5A0459}.Debug|Win32.Build.0 = Debug|Win32
		{8D947123-A12C-45DA-BD00-8B62DD5A0459}.Release|Win32.ActiveCfg = Release|Win32
		{8D947123-A12C-45DA-BD00-8B62DD5A0459}.Release|Win32.Build.0 = Release|Win32
		{8F654896-85DC-4F32-99B2-670D66B0FBF1}.Debug|Win32.ActiveCfg = Debug|Win32
		{8F654896-85DC-4F32-99B2-670D66B0FBF1}.Debug|Win32.Build.0 = Debug|Win32
		{8F654896-85DC-4F32-99B2-670D66B0FBF1}.Release|Win32.ActiveCfg = Release|Win32
		{8F654896-85DC-4F32-99B2-670D66B0FBF1}.Release|Win32.Build.0 = Release|Win32
		{A4F7F6B2-0E74-4DFD-B283-C7E380BD6F58}.Debug|Win32.ActiveCfg = Debug|Win32
		{A4F7F6B2-0E74-4DFD-B283-C7E380BD6F58}.Debug|Win32.Build.0 = Debug|Win32
		{A4F7F6B2-0E74-4DFD-B283-C7E380BD6F58}.Release|Win32.ActiveCfg = Release|Win32
		{A4F7F6B2-0E74-4DFD-B283-C7E380BD6F58}.Release|Win32.Build.0 = Release|Win32
		{ADBF25E2-C629-4832-B315-F12ABDE05632}.Debug|Win32.ActiveCfg = Debug|Win32
		{ADBF25E2-C629-4832-B315-F12ABDE05632}.Debug|Win32.Build.0 = Debug|Win32
		{ADBF25E2-C629-4832-B315-F12ABDE05632}.Release|Win32.ActiveCfg = Release|Win32
		{ADBF25E2-C629-4832-B315-F12ABDE05632}.Release|Win32.Build.0 = Release|Win32
		{B50806B2-0E74-4DFD-B283-C7E380BD6F58}.Debug|Win32.ActiveCfg = Debug|Win32
		{B50806B2-0E74-4DFD-B283-C7E380BD6F58}.Debug|Win32.Build.0 = Debug|Win32
		{B50806B2-0E74-4DFD-B283-C7E380BD6F58}.Release|Win32.ActiveCfg = Release|Win32
		{B50806B2-0E74-4DFD-B283-C7E380BD6F58}.Release|Win32.Build.0 = Release|Win32
		{561F38EE-E22F-481A-8EFB-DC0AA25B4C22}.Debug|Win32.ActiveCfg = Debug|Win32
		{561F38EE-E22F-481A-8EFB-DC0AA25B4C22}.Debug|Win32.Build.0 = Debug|Win32
		{561F38EE-E22F-481A-8EFB-DC0AA25B4C22}.Release|Win32.ActiveCfg = Release|Win32
		{561F38EE-E22F-481A-8EFB-DC0AA25B4C22}.Release|Win32.Build.0 = Release|Win32
		{561F38EE-E22F-481A-8EFB-DC0AA25B4C1D}.Debug|Win32.ActiveCfg = Debug|Win32
		{561F38EE-E22F-481A-8EFB-DC0AA25B4C1D}.Debug|Win32.Build.0 = Debug|Win32
		{561F38EE-E22F-481A-8EFB-DC0AA25B4C1D}.Release|Win32.ActiveCfg = Release|Win32
		{561F38EE-E22F-481A-8EFB-DC0AA25B4C1D}.Release|Win32.Build.0 = Release|Win32
		{561F38EE-E22F-481A-8EFB-DC0AA25B4C1E}.Debug|Win32.ActiveCfg = Debug|Win32
		{561F38EE-E22F-481A-8EFB-DC0AA25B4C1E}.Debug|Win32.Build.0 = Debug|Win32
		{561F38EE-E22F-481A-8EFB-DC0AA25B4C1E}.Release|Win32.ActiveCfg = Release|Win32
		{561F38EE-E22F-481A-8EFB-DC0AA25B4C1E}.Release|Win32.Build.0 = Release|Win32
		{FBC27460-155E-4C13-AFDF-BA8B7BE28F7F}.Debug|Win32.ActiveCfg = Debug|Win32
		{FBC27460-155E-4C13-AFDF-BA8B7BE28F7F}.Debug|Win32.Build.0 = Debug|Win32
		{FBC27460-155E-4C13-AFDF-BA8B7BE28F7F}.Release|Win32.ActiveCfg = Release|Win32
		{FBC27460-155E-4C13-AFDF-BA8B7BE28F7F}.Release|Win32.Build.0 = Release|Win32
		{561F38EE-E22F-481A-8EFB-DC0AA25B4C1F}.Debug|Win32.ActiveCfg = Debug|Win32
		{561F38EE-E22F-481A-8EFB-DC0AA25B4C1F}.Debug|Win32.Build.0 = Debug|Win32
		{561F38EE-E22F-481A-8EFB-DC0AA25B4C1F}.Release|Win32.ActiveCfg = Release|Win32
		{561F38EE-E22F-481A-8EFB-DC0AA25B4C1F}.Release|Win32.Build.0 = Release|Win32
		{561F38EE-E22F-481A-8EFB-DC0AA25B4C20}.Debug|Win32.ActiveCfg = Debug|Win32
		{561F38EE-E22F-481A-8EFB-DC0AA25B4C20}.Debug|Win32.Build.0 = Debug|Win32
		{561F38EE-E22F-481A-8EFB-DC0AA25B4C20}.Release|Win32.ActiveCfg = Release|Win32
		{561F38EE-E22F-481A-8EFB-DC0AA25B4C20}.Release|Win32.Build.0 = Release|Win32
		{561F38EE-E22F-481A-8EFB-DC0AA25B4C21}.Debug|Win32.ActiveCfg = Debug|Win32
		{561F38EE-E22F-481A-8EFB-DC0AA25B4C21}.Debug|Win32.Build.0 = Debug|Win32
		{561F38EE-E22F-481A-8EFB-DC0AA25B4C21}.Release|Win32.ActiveCfg = Release|Win32
		{561F38EE-E22F-481A-8EFB-DC0AA25B4C21}.Release|Win32.Build.0 = Release|Win32
		{561F38EE-E22F-481A-8EFB-DC0AA25B4C23}.Debug|Win32.ActiveCfg = Debug|Win32
		{561F38EE-E22F-481A-8EFB-DC0AA25B4C23}.Debug|Win32.Build.0 = Debug|Win32
		{561F38EE-E22F-481A-8EFB-DC0AA25B4C23}.Release|Win32.ActiveCfg = Release|Win32
		{561F38EE-E22F-481A-8EFB-DC0AA25B4C23}.Release|Win32.Build.0 = Release|Win32
		{42491401-B624-440D-91D7-1F2633EFB4E3}.Debug|Win32.ActiveCfg = Debug|Win32
		{42491401-B624-440D-91D7-1F2633EFB4E3}.Debug|Win32.Build.0 = Debug|Win32
		{42491401-B624-440D-91D7-1F2633EFB4E3}.Release|Win32.ActiveCfg = Release|Win32
		{42491401-B624-440D-91D7-1F2633EFB4E3}.Release|Win32.Build.0 = Release|Win32
		{DD0284A0-1ECE-4387-AED3-E9BF5EE74FF8}.Debug|Win32.ActiveCfg = Debug|Win32
		{DD0284A0-1ECE-4387-AED3-E9BF5EE74FF8}.Debug|Win32.Build.0 = Debug|Win32
		{DD0284A0-1ECE-4387-AED3-E9BF5EE74FF8}.Release|Win32.ActiveCfg = Release|Win32
		{DD0284A0-1ECE-4387-AED3-E9BF5EE74FF8}.Release|Win32.Build.0 = Release|Win32
		{F486B768-640A-445D-8C09-437C896EFFAD}.Debug|Win32.ActiveCfg = Debug|Win32
		{F486B768-640A-445D-8C09-437C896EFFAD}.Debug|Win32.Build.0 = Debug|Win32
		{F486B768-640A-445D-8C09-437C896EFFAD}.Release|Win32.ActiveCfg = Release|Win32
		{F486B768-640A-445D-8C09-437C896EFFAD}.Release|Win32.Build.0 = Release|Win32
		{531778C6-C340-40F2-B403-9B58B8121AAB}.Debug|Win32.ActiveCfg = Debug|Win32
		{531778C6-C340-40F2-B403-9B58B8121AAB}.Debug|Win32.Build.0 = Debug|Win32
		{531778C6-C340-40F2-B403-9B58B8121AAB}.Release|Win32.ActiveCfg = Release|Win32
		{531778C6-C340-40F2-B403-9B58B8121AAB}.Release|Win32.Build.0 = Release|Win32
	EndGlobalSection
	GlobalSection(SolutionProperties) = preSolution
		HideSolutionNode = FALSE
	EndGlobalSection
EndGlobal
