Microsoft Visual Studio Solution File, Format Version 9.00
# Visual Studio 2005
Project("{8BC9CEB8-8B4A-11D0-8D11-00A0C91BC942}") = "dbxml", "dbxml.vcproj", "{0047EDFC-C26D-49D0-9559-029FA38B3839}"
	ProjectSection(ProjectDependencies) = postProject
		{152CE948-F659-4206-A50A-1D2B9658EF96} = {152CE948-F659-4206-A50A-1D2B9658EF96}
		{68B9D957-0A55-495A-B916-75FD338F2875} = {68B9D957-0A55-495A-B916-75FD338F2875}
		{5CB07CC1-BC18-476B-A8E5-12CF95C08EC7} = {5CB07CC1-BC18-476B-A8E5-12CF95C08EC7}
	EndProjectSection
EndProject
Project("{8BC9CEB8-8B4A-11D0-8D11-00A0C91BC942}") = "dbxml_dump", "dbxml_dump.vcproj", "{3D50C9C1-88B9-4323-B656-97E1F9C1376B}"
	ProjectSection(ProjectDependencies) = postProject
		{0047EDFC-C26D-49D0-9559-029FA38B3839} = {0047EDFC-C26D-49D0-9559-029FA38B3839}
	EndProjectSection
EndProject
Project("{8BC9CEB8-8B4A-11D0-8D11-00A0C91BC942}") = "dbxml_load", "dbxml_load.vcproj", "{63F00D08-A8E1-4506-BFB9-3149AAA90C13}"
	ProjectSection(ProjectDependencies) = postProject
		{0047EDFC-C26D-49D0-9559-029FA38B3839} = {0047EDFC-C26D-49D0-9559-029FA38B3839}
	EndProjectSection
EndProject
Project("{8BC9CEB8-8B4A-11D0-8D11-00A0C91BC942}") = "dbxml_shell", "dbxml_shell.vcproj", "{DF725DAC-C6F3-4BC1-A1D3-C4745232B05D}"
	ProjectSection(ProjectDependencies) = postProject
		{0047EDFC-C26D-49D0-9559-029FA38B3839} = {0047EDFC-C26D-49D0-9559-029FA38B3839}
	EndProjectSection
EndProject
Project("{8BC9CEB8-8B4A-11D0-8D11-00A0C91BC942}") = "dbxml_python", "dbxml_python.vcproj", "{0C4A3D86-635E-4D00-91DE-DC9ED67B74C2}"
	ProjectSection(ProjectDependencies) = postProject
		{0047EDFC-C26D-49D0-9559-029FA38B3839} = {0047EDFC-C26D-49D0-9559-029FA38B3839}
	EndProjectSection
EndProject
Project("{8BC9CEB8-8B4A-11D0-8D11-00A0C91BC942}") = "dbxml_java", "dbxml_java.vcproj", "{5F4D3079-5C22-41A4-833E-4110296973F8}"
	ProjectSection(ProjectDependencies) = postProject
		{0047EDFC-C26D-49D0-9559-029FA38B3839} = {0047EDFC-C26D-49D0-9559-029FA38B3839}
	EndProjectSection
EndProject
Project("{8BC9CEB8-8B4A-11D0-8D11-00A0C91BC942}") = "dbxml_test_driver", "dbxml_test_driver.vcproj", "{B4061339-04EF-4490-B13B-F75D46AB18E6}"
	ProjectSection(ProjectDependencies) = postProject
		{0047EDFC-C26D-49D0-9559-029FA38B3839} = {0047EDFC-C26D-49D0-9559-029FA38B3839}
	EndProjectSection
EndProject
Project("{8BC9CEB8-8B4A-11D0-8D11-00A0C91BC942}") = "dbxml_load_container", "dbxml_load_container.vcproj", "{0E79C069-6DC1-43CA-982E-037EF51EEE6D}"
EndProject
Project("{8BC9CEB8-8B4A-11D0-8D11-00A0C91BC942}") = "dbxml_query_runner", "dbxml_query_runner.vcproj", "{BE0F563C-CC55-4078-BF76-A7B5CB9E4A78}"
EndProject
Project("{8BC9CEB8-8B4A-11D0-8D11-00A0C91BC942}") = "dbxml_test_databases", "dbxml_test_databases.vcproj", "{4E9281FA-D418-488D-B78D-44ED53E66DE8}"
	ProjectSection(ProjectDependencies) = postProject
		{0047EDFC-C26D-49D0-9559-029FA38B3839} = {0047EDFC-C26D-49D0-9559-029FA38B3839}
	EndProjectSection
EndProject
Project("{8BC9CEB8-8B4A-11D0-8D11-00A0C91BC942}") = "dbxml_test_query_processor_api", "dbxml_test_query_processor_api.vcproj", "{DC795FEC-06D2-4E45-A7EB-68153797EF91}"
	ProjectSection(ProjectDependencies) = postProject
		{0047EDFC-C26D-49D0-9559-029FA38B3839} = {0047EDFC-C26D-49D0-9559-029FA38B3839}
	EndProjectSection
EndProject
Project("{8BC9CEB8-8B4A-11D0-8D11-00A0C91BC942}") = "dbxml_test_input_streams", "dbxml_test_input_streams.vcproj", "{A446328F-7BDE-4943-ACF5-2EEA11A534D9}"
	ProjectSection(ProjectDependencies) = postProject
		{0047EDFC-C26D-49D0-9559-029FA38B3839} = {0047EDFC-C26D-49D0-9559-029FA38B3839}
	EndProjectSection
EndProject
Project("{8BC9CEB8-8B4A-11D0-8D11-00A0C91BC942}") = "PathanDll", "..\..\pathan\Win32Projects\Pathan\PathanDll.vcproj", "{68B9D957-0A55-495A-B916-75FD338F2875}"
	ProjectSection(ProjectDependencies) = postProject
		{152CE948-F659-4206-A50A-1D2B9658EF96} = {152CE948-F659-4206-A50A-1D2B9658EF96}
	EndProjectSection
EndProject
Project("{8BC9CEB8-8B4A-11D0-8D11-00A0C91BC942}") = "xquery", "..\..\xquery-1.2.0\build_win32\xquery.vcproj", "{5CB07CC1-BC18-476B-A8E5-12CF95C08EC7}"
	ProjectSection(ProjectDependencies) = postProject
		{152CE948-F659-4206-A50A-1D2B9658EF96} = {152CE948-F659-4206-A50A-1D2B9658EF96}
		{68B9D957-0A55-495A-B916-75FD338F2875} = {68B9D957-0A55-495A-B916-75FD338F2875}
	EndProjectSection
EndProject
Project("{8BC9CEB8-8B4A-11D0-8D11-00A0C91BC942}") = "XercesLib", "..\..\xerces-c-src\Projects\Win32\VC7.1\xerces-all\XercesLib\XercesLib.vcproj", "{152CE948-F659-4206-A50A-1D2B9658EF96}"
EndProject
Project("{8BC9CEB8-8B4A-11D0-8D11-00A0C91BC942}") = "dbxml_tcl", "dbxml_tcl.vcproj", "{D4B63DAA-B936-470F-8FCA-FF9B32E883F3}"
	ProjectSection(ProjectDependencies) = postProject
		{0047EDFC-C26D-49D0-9559-029FA38B3839} = {0047EDFC-C26D-49D0-9559-029FA38B3839}
	EndProjectSection
EndProject
Project("{8BC9CEB8-8B4A-11D0-8D11-00A0C91BC942}") = "dbxml_example_buildDB", "dbxml_example_buildDB.vcproj", "{2EEBF821-F1A5-4F80-846A-159917DD839A}"
EndProject
Project("{8BC9CEB8-8B4A-11D0-8D11-00A0C91BC942}") = "dbxml_example_deleteDocument", "dbxml_example_deleteDocument.vcproj", "{52E051B1-268C-4F21-A38F-562F886445D2}"
EndProject
Project("{8BC9CEB8-8B4A-11D0-8D11-00A0C91BC942}") = "dbxml_example_deleteIndex", "dbxml_example_deleteIndex.vcproj", "{8FD2F6AE-1EAB-43F7-BDE0-4BCF087FC48B}"
EndProject
Project("{8BC9CEB8-8B4A-11D0-8D11-00A0C91BC942}") = "dbxml_example_exampleLoadContainer", "dbxml_example_exampleLoadContainer.vcproj", "{561C3B3D-BA19-4B2D-8610-61670C9EF7E8}"
EndProject
Project("{8BC9CEB8-8B4A-11D0-8D11-00A0C91BC942}") = "dbxml_example_modifyDocument", "dbxml_example_modifyDocument.vcproj", "{56F8E53F-9EFB-4EA5-A89C-31FC033AB70F}"
EndProject
Project("{8BC9CEB8-8B4A-11D0-8D11-00A0C91BC942}") = "dbxml_example_queryForDocumentValue", "dbxml_example_queryForDocumentValue.vcproj", "{390C85B3-6995-4190-A093-E080704C791C}"
EndProject
Project("{8BC9CEB8-8B4A-11D0-8D11-00A0C91BC942}") = "dbxml_example_queryForMetaData", "dbxml_example_queryForMetaData.vcproj", "{8830DDBE-8200-49A4-8441-3D4D04C29A06}"
EndProject
Project("{8BC9CEB8-8B4A-11D0-8D11-00A0C91BC942}") = "dbxml_example_queryWithContext", "dbxml_example_queryWithContext.vcproj", "{5F446399-B615-448F-A0EB-45D21A9C849D}"
EndProject
Project("{8BC9CEB8-8B4A-11D0-8D11-00A0C91BC942}") = "dbxml_example_queryWithDocumentNames", "dbxml_example_queryWithDocumentNames.vcproj", "{79139C14-C58B-482B-9342-78B1C1B8006E}"
EndProject
Project("{8BC9CEB8-8B4A-11D0-8D11-00A0C91BC942}") = "dbxml_example_replaceIndex", "dbxml_example_replaceIndex.vcproj", "{198929D8-6D37-424F-8140-AA4DEFB49127}"
EndProject
Project("{8BC9CEB8-8B4A-11D0-8D11-00A0C91BC942}") = "dbxml_example_retrieveDB", "dbxml_example_retrieveDB.vcproj", "{E6BE5B19-BC4B-4F36-A9B8-FB912D9F80C4}"
EndProject
Project("{8BC9CEB8-8B4A-11D0-8D11-00A0C91BC942}") = "dbxml_example_simpleAdd", "dbxml_example_simpleAdd.vcproj", "{3622BD54-C972-4789-9C3E-FAB19D133BAD}"
EndProject
Project("{8BC9CEB8-8B4A-11D0-8D11-00A0C91BC942}") = "dbxml_example_simpleContainer", "dbxml_example_simpleContainer.vcproj", "{8FECBB62-1230-4E92-8AD7-2A04BDABE057}"
EndProject
Project("{8BC9CEB8-8B4A-11D0-8D11-00A0C91BC942}") = "dbxml_example_simpleContainerInEnv", "dbxml_example_simpleContainerInEnv.vcproj", "{97828A41-23E8-42EE-A3B8-E1E2009C6615}"
EndProject
Project("{8BC9CEB8-8B4A-11D0-8D11-00A0C91BC942}") = "dbxml_example_simpleQuery", "dbxml_example_simpleQuery.vcproj", "{2ADD56CD-D271-4ED1-9718-40D99580E4D5}"
EndProject
Project("{8BC9CEB8-8B4A-11D0-8D11-00A0C91BC942}") = "dbxml_example_updateDocument", "dbxml_example_updateDocument.vcproj", "{2D33A4B6-86AA-472F-9B97-39CE80B386E5}"
EndProject
Project("{8BC9CEB8-8B4A-11D0-8D11-00A0C91BC942}") = "dbxml_example_addIndex", "dbxml_example_addIndex.vcproj", "{02C56105-0960-4F6E-9ACD-47EFA2D14DE4}"
EndProject
Project("{8BC9CEB8-8B4A-11D0-8D11-00A0C91BC942}") = "db_tcl", "..\..\db-4.3.29\build_win32\db_tcl.vcproj", "{C310E338-A9F4-4FCC-BBB7-5770BA990D21}"
EndProject
Project("{8BC9CEB8-8B4A-11D0-8D11-00A0C91BC942}") = "db_stat", "..\..\db-4.3.29\build_win32\db_stat.vcproj", "{9A503573-646C-45AD-BBBF-A2999AA88645}"
EndProject
Project("{8BC9CEB8-8B4A-11D0-8D11-00A0C91BC942}") = "db_recover", "..\..\db-4.3.29\build_win32\db_recover.vcproj", "{4C72FF98-6FEE-4915-8B4C-D9991B63971D}"
EndProject
Project("{8BC9CEB8-8B4A-11D0-8D11-00A0C91BC942}") = "db_load", "..\..\db-4.3.29\build_win32\db_load.vcproj", "{0BD016B2-1A39-4966-82D7-5102EFEE73F8}"
EndProject
Project("{8BC9CEB8-8B4A-11D0-8D11-00A0C91BC942}") = "db_java", "..\..\db-4.3.29\build_win32\db_java.vcproj", "{1A0CAB8D-2BBC-472B-81A2-687642B69147}"
EndProject
Project("{8BC9CEB8-8B4A-11D0-8D11-00A0C91BC942}") = "db_dump", "..\..\db-4.3.29\build_win32\db_dump.vcproj", "{5D23DCF8-2BAD-4848-BEF7-A2122F64B4AC}"
EndProject
Project("{8BC9CEB8-8B4A-11D0-8D11-00A0C91BC942}") = "db_dll", "..\..\db-4.3.29\build_win32\db_dll.vcproj", "{8CD9E7D3-0D04-40E1-8C15-CA211AB76D1F}"
EndProject
Project("{8BC9CEB8-8B4A-11D0-8D11-00A0C91BC942}") = "db_checkpoint", "..\..\db-4.3.29\build_win32\db_checkpoint.vcproj", "{F86F7B59-89AC-453E-9D6E-E234378A7A1E}"
EndProject
Project("{8BC9CEB8-8B4A-11D0-8D11-00A0C91BC942}") = "db_archive", "..\..\db-4.3.29\build_win32\db_archive.vcproj", "{B0FC8830-2351-49D0-9597-8E4F87D4B24D}"
EndProject
Project("{8BC9CEB8-8B4A-11D0-8D11-00A0C91BC942}") = "db_upgrade", "..\..\db-4.3.29\build_win32\db_upgrade.vcproj", "{3DF436E4-69B8-40C2-88B6-C20242E9FD39}"
EndProject
Global
	GlobalSection(SolutionConfigurationPlatforms) = preSolution
		Debug Static|Win32 = Debug Static|Win32
		Debug|Win32 = Debug|Win32
		Release Static|Win32 = Release Static|Win32
		Release|Win32 = Release|Win32
		Static Debug|Win32 = Static Debug|Win32
		Static Release|Win32 = Static Release|Win32
	EndGlobalSection
	GlobalSection(ProjectConfigurationPlatforms) = postSolution
		{0047EDFC-C26D-49D0-9559-029FA38B3839}.Debug Static|Win32.ActiveCfg = Debug|Win32
		{0047EDFC-C26D-49D0-9559-029FA38B3839}.Debug Static|Win32.Build.0 = Debug|Win32
		{0047EDFC-C26D-49D0-9559-029FA38B3839}.Debug|Win32.ActiveCfg = Debug|Win32
		{0047EDFC-C26D-49D0-9559-029FA38B3839}.Debug|Win32.Build.0 = Debug|Win32
		{0047EDFC-C26D-49D0-9559-029FA38B3839}.Release Static|Win32.ActiveCfg = Release|Win32
		{0047EDFC-C26D-49D0-9559-029FA38B3839}.Release Static|Win32.Build.0 = Release|Win32
		{0047EDFC-C26D-49D0-9559-029FA38B3839}.Release|Win32.ActiveCfg = Release|Win32
		{0047EDFC-C26D-49D0-9559-029FA38B3839}.Release|Win32.Build.0 = Release|Win32
		{0047EDFC-C26D-49D0-9559-029FA38B3839}.Static Debug|Win32.ActiveCfg = Debug|Win32
		{0047EDFC-C26D-49D0-9559-029FA38B3839}.Static Debug|Win32.Build.0 = Debug|Win32
		{0047EDFC-C26D-49D0-9559-029FA38B3839}.Static Release|Win32.ActiveCfg = Release|Win32
		{0047EDFC-C26D-49D0-9559-029FA38B3839}.Static Release|Win32.Build.0 = Release|Win32
		{3D50C9C1-88B9-4323-B656-97E1F9C1376B}.Debug Static|Win32.ActiveCfg = Debug|Win32
		{3D50C9C1-88B9-4323-B656-97E1F9C1376B}.Debug Static|Win32.Build.0 = Debug|Win32
		{3D50C9C1-88B9-4323-B656-97E1F9C1376B}.Debug|Win32.ActiveCfg = Debug|Win32
		{3D50C9C1-88B9-4323-B656-97E1F9C1376B}.Debug|Win32.Build.0 = Debug|Win32
		{3D50C9C1-88B9-4323-B656-97E1F9C1376B}.Release Static|Win32.ActiveCfg = Release|Win32
		{3D50C9C1-88B9-4323-B656-97E1F9C1376B}.Release Static|Win32.Build.0 = Release|Win32
		{3D50C9C1-88B9-4323-B656-97E1F9C1376B}.Release|Win32.ActiveCfg = Release|Win32
		{3D50C9C1-88B9-4323-B656-97E1F9C1376B}.Release|Win32.Build.0 = Release|Win32
		{3D50C9C1-88B9-4323-B656-97E1F9C1376B}.Static Debug|Win32.ActiveCfg = Debug|Win32
		{3D50C9C1-88B9-4323-B656-97E1F9C1376B}.Static Debug|Win32.Build.0 = Debug|Win32
		{3D50C9C1-88B9-4323-B656-97E1F9C1376B}.Static Release|Win32.ActiveCfg = Release|Win32
		{3D50C9C1-88B9-4323-B656-97E1F9C1376B}.Static Release|Win32.Build.0 = Release|Win32
		{63F00D08-A8E1-4506-BFB9-3149AAA90C13}.Debug Static|Win32.ActiveCfg = Debug|Win32
		{63F00D08-A8E1-4506-BFB9-3149AAA90C13}.Debug Static|Win32.Build.0 = Debug|Win32
		{63F00D08-A8E1-4506-BFB9-3149AAA90C13}.Debug|Win32.ActiveCfg = Debug|Win32
		{63F00D08-A8E1-4506-BFB9-3149AAA90C13}.Debug|Win32.Build.0 = Debug|Win32
		{63F00D08-A8E1-4506-BFB9-3149AAA90C13}.Release Static|Win32.ActiveCfg = Release|Win32
		{63F00D08-A8E1-4506-BFB9-3149AAA90C13}.Release Static|Win32.Build.0 = Release|Win32
		{63F00D08-A8E1-4506-BFB9-3149AAA90C13}.Release|Win32.ActiveCfg = Release|Win32
		{63F00D08-A8E1-4506-BFB9-3149AAA90C13}.Release|Win32.Build.0 = Release|Win32
		{63F00D08-A8E1-4506-BFB9-3149AAA90C13}.Static Debug|Win32.ActiveCfg = Debug|Win32
		{63F00D08-A8E1-4506-BFB9-3149AAA90C13}.Static Debug|Win32.Build.0 = Debug|Win32
		{63F00D08-A8E1-4506-BFB9-3149AAA90C13}.Static Release|Win32.ActiveCfg = Release|Win32
		{63F00D08-A8E1-4506-BFB9-3149AAA90C13}.Static Release|Win32.Build.0 = Release|Win32
		{DF725DAC-C6F3-4BC1-A1D3-C4745232B05D}.Debug Static|Win32.ActiveCfg = Debug|Win32
		{DF725DAC-C6F3-4BC1-A1D3-C4745232B05D}.Debug Static|Win32.Build.0 = Debug|Win32
		{DF725DAC-C6F3-4BC1-A1D3-C4745232B05D}.Debug|Win32.ActiveCfg = Debug|Win32
		{DF725DAC-C6F3-4BC1-A1D3-C4745232B05D}.Debug|Win32.Build.0 = Debug|Win32
		{DF725DAC-C6F3-4BC1-A1D3-C4745232B05D}.Release Static|Win32.ActiveCfg = Release|Win32
		{DF725DAC-C6F3-4BC1-A1D3-C4745232B05D}.Release Static|Win32.Build.0 = Release|Win32
		{DF725DAC-C6F3-4BC1-A1D3-C4745232B05D}.Release|Win32.ActiveCfg = Release|Win32
		{DF725DAC-C6F3-4BC1-A1D3-C4745232B05D}.Release|Win32.Build.0 = Release|Win32
		{DF725DAC-C6F3-4BC1-A1D3-C4745232B05D}.Static Debug|Win32.ActiveCfg = Debug|Win32
		{DF725DAC-C6F3-4BC1-A1D3-C4745232B05D}.Static Debug|Win32.Build.0 = Debug|Win32
		{DF725DAC-C6F3-4BC1-A1D3-C4745232B05D}.Static Release|Win32.ActiveCfg = Release|Win32
		{DF725DAC-C6F3-4BC1-A1D3-C4745232B05D}.Static Release|Win32.Build.0 = Release|Win32
		{0C4A3D86-635E-4D00-91DE-DC9ED67B74C2}.Debug Static|Win32.ActiveCfg = Debug|Win32
		{0C4A3D86-635E-4D00-91DE-DC9ED67B74C2}.Debug Static|Win32.Build.0 = Debug|Win32
		{0C4A3D86-635E-4D00-91DE-DC9ED67B74C2}.Debug|Win32.ActiveCfg = Debug|Win32
		{0C4A3D86-635E-4D00-91DE-DC9ED67B74C2}.Release Static|Win32.ActiveCfg = Release|Win32
		{0C4A3D86-635E-4D00-91DE-DC9ED67B74C2}.Release Static|Win32.Build.0 = Release|Win32
		{0C4A3D86-635E-4D00-91DE-DC9ED67B74C2}.Release|Win32.ActiveCfg = Release|Win32
		{0C4A3D86-635E-4D00-91DE-DC9ED67B74C2}.Static Debug|Win32.ActiveCfg = Debug|Win32
		{0C4A3D86-635E-4D00-91DE-DC9ED67B74C2}.Static Debug|Win32.Build.0 = Debug|Win32
		{0C4A3D86-635E-4D00-91DE-DC9ED67B74C2}.Static Release|Win32.ActiveCfg = Release|Win32
		{0C4A3D86-635E-4D00-91DE-DC9ED67B74C2}.Static Release|Win32.Build.0 = Release|Win32
		{5F4D3079-5C22-41A4-833E-4110296973F8}.Debug Static|Win32.ActiveCfg = Debug|Win32
		{5F4D3079-5C22-41A4-833E-4110296973F8}.Debug Static|Win32.Build.0 = Debug|Win32
		{5F4D3079-5C22-41A4-833E-4110296973F8}.Debug|Win32.ActiveCfg = Debug|Win32
		{5F4D3079-5C22-41A4-833E-4110296973F8}.Release Static|Win32.ActiveCfg = Release|Win32
		{5F4D3079-5C22-41A4-833E-4110296973F8}.Release Static|Win32.Build.0 = Release|Win32
		{5F4D3079-5C22-41A4-833E-4110296973F8}.Release|Win32.ActiveCfg = Release|Win32
		{5F4D3079-5C22-41A4-833E-4110296973F8}.Static Debug|Win32.ActiveCfg = Debug|Win32
		{5F4D3079-5C22-41A4-833E-4110296973F8}.Static Debug|Win32.Build.0 = Debug|Win32
		{5F4D3079-5C22-41A4-833E-4110296973F8}.Static Release|Win32.ActiveCfg = Release|Win32
		{5F4D3079-5C22-41A4-833E-4110296973F8}.Static Release|Win32.Build.0 = Release|Win32
		{B4061339-04EF-4490-B13B-F75D46AB18E6}.Debug Static|Win32.ActiveCfg = Debug|Win32
		{B4061339-04EF-4490-B13B-F75D46AB18E6}.Debug Static|Win32.Build.0 = Debug|Win32
		{B4061339-04EF-4490-B13B-F75D46AB18E6}.Debug|Win32.ActiveCfg = Debug|Win32
		{B4061339-04EF-4490-B13B-F75D46AB18E6}.Debug|Win32.Build.0 = Debug|Win32
		{B4061339-04EF-4490-B13B-F75D46AB18E6}.Release Static|Win32.ActiveCfg = Release|Win32
		{B4061339-04EF-4490-B13B-F75D46AB18E6}.Release Static|Win32.Build.0 = Release|Win32
		{B4061339-04EF-4490-B13B-F75D46AB18E6}.Release|Win32.ActiveCfg = Release|Win32
		{B4061339-04EF-4490-B13B-F75D46AB18E6}.Release|Win32.Build.0 = Release|Win32
		{B4061339-04EF-4490-B13B-F75D46AB18E6}.Static Debug|Win32.ActiveCfg = Debug|Win32
		{B4061339-04EF-4490-B13B-F75D46AB18E6}.Static Debug|Win32.Build.0 = Debug|Win32
		{B4061339-04EF-4490-B13B-F75D46AB18E6}.Static Release|Win32.ActiveCfg = Release|Win32
		{B4061339-04EF-4490-B13B-F75D46AB18E6}.Static Release|Win32.Build.0 = Release|Win32
		{0E79C069-6DC1-43CA-982E-037EF51EEE6D}.Debug Static|Win32.ActiveCfg = Debug|Win32
		{0E79C069-6DC1-43CA-982E-037EF51EEE6D}.Debug Static|Win32.Build.0 = Debug|Win32
		{0E79C069-6DC1-43CA-982E-037EF51EEE6D}.Debug|Win32.ActiveCfg = Debug|Win32
		{0E79C069-6DC1-43CA-982E-037EF51EEE6D}.Debug|Win32.Build.0 = Debug|Win32
		{0E79C069-6DC1-43CA-982E-037EF51EEE6D}.Release Static|Win32.ActiveCfg = Release|Win32
		{0E79C069-6DC1-43CA-982E-037EF51EEE6D}.Release Static|Win32.Build.0 = Release|Win32
		{0E79C069-6DC1-43CA-982E-037EF51EEE6D}.Release|Win32.ActiveCfg = Release|Win32
		{0E79C069-6DC1-43CA-982E-037EF51EEE6D}.Release|Win32.Build.0 = Release|Win32
		{0E79C069-6DC1-43CA-982E-037EF51EEE6D}.Static Debug|Win32.ActiveCfg = Debug|Win32
		{0E79C069-6DC1-43CA-982E-037EF51EEE6D}.Static Debug|Win32.Build.0 = Debug|Win32
		{0E79C069-6DC1-43CA-982E-037EF51EEE6D}.Static Release|Win32.ActiveCfg = Release|Win32
		{0E79C069-6DC1-43CA-982E-037EF51EEE6D}.Static Release|Win32.Build.0 = Release|Win32
		{BE0F563C-CC55-4078-BF76-A7B5CB9E4A78}.Debug Static|Win32.ActiveCfg = Debug|Win32
		{BE0F563C-CC55-4078-BF76-A7B5CB9E4A78}.Debug Static|Win32.Build.0 = Debug|Win32
		{BE0F563C-CC55-4078-BF76-A7B5CB9E4A78}.Debug|Win32.ActiveCfg = Debug|Win32
		{BE0F563C-CC55-4078-BF76-A7B5CB9E4A78}.Debug|Win32.Build.0 = Debug|Win32
		{BE0F563C-CC55-4078-BF76-A7B5CB9E4A78}.Release Static|Win32.ActiveCfg = Release|Win32
		{BE0F563C-CC55-4078-BF76-A7B5CB9E4A78}.Release Static|Win32.Build.0 = Release|Win32
		{BE0F563C-CC55-4078-BF76-A7B5CB9E4A78}.Release|Win32.ActiveCfg = Release|Win32
		{BE0F563C-CC55-4078-BF76-A7B5CB9E4A78}.Release|Win32.Build.0 = Release|Win32
		{BE0F563C-CC55-4078-BF76-A7B5CB9E4A78}.Static Debug|Win32.ActiveCfg = Debug|Win32
		{BE0F563C-CC55-4078-BF76-A7B5CB9E4A78}.Static Debug|Win32.Build.0 = Debug|Win32
		{BE0F563C-CC55-4078-BF76-A7B5CB9E4A78}.Static Release|Win32.ActiveCfg = Release|Win32
		{BE0F563C-CC55-4078-BF76-A7B5CB9E4A78}.Static Release|Win32.Build.0 = Release|Win32
		{4E9281FA-D418-488D-B78D-44ED53E66DE8}.Debug Static|Win32.ActiveCfg = Debug|Win32
		{4E9281FA-D418-488D-B78D-44ED53E66DE8}.Debug Static|Win32.Build.0 = Debug|Win32
		{4E9281FA-D418-488D-B78D-44ED53E66DE8}.Debug|Win32.ActiveCfg = Debug|Win32
		{4E9281FA-D418-488D-B78D-44ED53E66DE8}.Debug|Win32.Build.0 = Debug|Win32
		{4E9281FA-D418-488D-B78D-44ED53E66DE8}.Release Static|Win32.ActiveCfg = Release|Win32
		{4E9281FA-D418-488D-B78D-44ED53E66DE8}.Release Static|Win32.Build.0 = Release|Win32
		{4E9281FA-D418-488D-B78D-44ED53E66DE8}.Release|Win32.ActiveCfg = Release|Win32
		{4E9281FA-D418-488D-B78D-44ED53E66DE8}.Release|Win32.Build.0 = Release|Win32
		{4E9281FA-D418-488D-B78D-44ED53E66DE8}.Static Debug|Win32.ActiveCfg = Debug|Win32
		{4E9281FA-D418-488D-B78D-44ED53E66DE8}.Static Debug|Win32.Build.0 = Debug|Win32
		{4E9281FA-D418-488D-B78D-44ED53E66DE8}.Static Release|Win32.ActiveCfg = Release|Win32
		{4E9281FA-D418-488D-B78D-44ED53E66DE8}.Static Release|Win32.Build.0 = Release|Win32
		{DC795FEC-06D2-4E45-A7EB-68153797EF91}.Debug Static|Win32.ActiveCfg = Debug|Win32
		{DC795FEC-06D2-4E45-A7EB-68153797EF91}.Debug Static|Win32.Build.0 = Debug|Win32
		{DC795FEC-06D2-4E45-A7EB-68153797EF91}.Debug|Win32.ActiveCfg = Debug|Win32
		{DC795FEC-06D2-4E45-A7EB-68153797EF91}.Debug|Win32.Build.0 = Debug|Win32
		{DC795FEC-06D2-4E45-A7EB-68153797EF91}.Release Static|Win32.ActiveCfg = Release|Win32
		{DC795FEC-06D2-4E45-A7EB-68153797EF91}.Release Static|Win32.Build.0 = Release|Win32
		{DC795FEC-06D2-4E45-A7EB-68153797EF91}.Release|Win32.ActiveCfg = Release|Win32
		{DC795FEC-06D2-4E45-A7EB-68153797EF91}.Release|Win32.Build.0 = Release|Win32
		{DC795FEC-06D2-4E45-A7EB-68153797EF91}.Static Debug|Win32.ActiveCfg = Debug|Win32
		{DC795FEC-06D2-4E45-A7EB-68153797EF91}.Static Debug|Win32.Build.0 = Debug|Win32
		{DC795FEC-06D2-4E45-A7EB-68153797EF91}.Static Release|Win32.ActiveCfg = Release|Win32
		{DC795FEC-06D2-4E45-A7EB-68153797EF91}.Static Release|Win32.Build.0 = Release|Win32
		{A446328F-7BDE-4943-ACF5-2EEA11A534D9}.Debug Static|Win32.ActiveCfg = Debug|Win32
		{A446328F-7BDE-4943-ACF5-2EEA11A534D9}.Debug Static|Win32.Build.0 = Debug|Win32
		{A446328F-7BDE-4943-ACF5-2EEA11A534D9}.Debug|Win32.ActiveCfg = Debug|Win32
		{A446328F-7BDE-4943-ACF5-2EEA11A534D9}.Debug|Win32.Build.0 = Debug|Win32
		{A446328F-7BDE-4943-ACF5-2EEA11A534D9}.Release Static|Win32.ActiveCfg = Release|Win32
		{A446328F-7BDE-4943-ACF5-2EEA11A534D9}.Release Static|Win32.Build.0 = Release|Win32
		{A446328F-7BDE-4943-ACF5-2EEA11A534D9}.Release|Win32.ActiveCfg = Release|Win32
		{A446328F-7BDE-4943-ACF5-2EEA11A534D9}.Release|Win32.Build.0 = Release|Win32
		{A446328F-7BDE-4943-ACF5-2EEA11A534D9}.Static Debug|Win32.ActiveCfg = Debug|Win32
		{A446328F-7BDE-4943-ACF5-2EEA11A534D9}.Static Debug|Win32.Build.0 = Debug|Win32
		{A446328F-7BDE-4943-ACF5-2EEA11A534D9}.Static Release|Win32.ActiveCfg = Release|Win32
		{A446328F-7BDE-4943-ACF5-2EEA11A534D9}.Static Release|Win32.Build.0 = Release|Win32
		{68B9D957-0A55-495A-B916-75FD338F2875}.Debug Static|Win32.ActiveCfg = Debug|Win32
		{68B9D957-0A55-495A-B916-75FD338F2875}.Debug Static|Win32.Build.0 = Debug|Win32
		{68B9D957-0A55-495A-B916-75FD338F2875}.Debug|Win32.ActiveCfg = Debug|Win32
		{68B9D957-0A55-495A-B916-75FD338F2875}.Debug|Win32.Build.0 = Debug|Win32
		{68B9D957-0A55-495A-B916-75FD338F2875}.Release Static|Win32.ActiveCfg = Release|Win32
		{68B9D957-0A55-495A-B916-75FD338F2875}.Release Static|Win32.Build.0 = Release|Win32
		{68B9D957-0A55-495A-B916-75FD338F2875}.Release|Win32.ActiveCfg = Release|Win32
		{68B9D957-0A55-495A-B916-75FD338F2875}.Release|Win32.Build.0 = Release|Win32
		{68B9D957-0A55-495A-B916-75FD338F2875}.Static Debug|Win32.ActiveCfg = Debug|Win32
		{68B9D957-0A55-495A-B916-75FD338F2875}.Static Debug|Win32.Build.0 = Debug|Win32
		{68B9D957-0A55-495A-B916-75FD338F2875}.Static Release|Win32.ActiveCfg = Release|Win32
		{68B9D957-0A55-495A-B916-75FD338F2875}.Static Release|Win32.Build.0 = Release|Win32
		{5CB07CC1-BC18-476B-A8E5-12CF95C08EC7}.Debug Static|Win32.ActiveCfg = Debug|Win32
		{5CB07CC1-BC18-476B-A8E5-12CF95C08EC7}.Debug Static|Win32.Build.0 = Debug|Win32
		{5CB07CC1-BC18-476B-A8E5-12CF95C08EC7}.Debug|Win32.ActiveCfg = Debug|Win32
		{5CB07CC1-BC18-476B-A8E5-12CF95C08EC7}.Debug|Win32.Build.0 = Debug|Win32
		{5CB07CC1-BC18-476B-A8E5-12CF95C08EC7}.Release Static|Win32.ActiveCfg = Release|Win32
		{5CB07CC1-BC18-476B-A8E5-12CF95C08EC7}.Release Static|Win32.Build.0 = Release|Win32
		{5CB07CC1-BC18-476B-A8E5-12CF95C08EC7}.Release|Win32.ActiveCfg = Release|Win32
		{5CB07CC1-BC18-476B-A8E5-12CF95C08EC7}.Release|Win32.Build.0 = Release|Win32
		{5CB07CC1-BC18-476B-A8E5-12CF95C08EC7}.Static Debug|Win32.ActiveCfg = Debug|Win32
		{5CB07CC1-BC18-476B-A8E5-12CF95C08EC7}.Static Debug|Win32.Build.0 = Debug|Win32
		{5CB07CC1-BC18-476B-A8E5-12CF95C08EC7}.Static Release|Win32.ActiveCfg = Release|Win32
		{5CB07CC1-BC18-476B-A8E5-12CF95C08EC7}.Static Release|Win32.Build.0 = Release|Win32
		{152CE948-F659-4206-A50A-1D2B9658EF96}.Debug Static|Win32.ActiveCfg = Debug|Win32
		{152CE948-F659-4206-A50A-1D2B9658EF96}.Debug Static|Win32.Build.0 = Debug|Win32
		{152CE948-F659-4206-A50A-1D2B9658EF96}.Debug|Win32.ActiveCfg = Debug|Win32
		{152CE948-F659-4206-A50A-1D2B9658EF96}.Debug|Win32.Build.0 = Debug|Win32
		{152CE948-F659-4206-A50A-1D2B9658EF96}.Release Static|Win32.ActiveCfg = Release|Win32
		{152CE948-F659-4206-A50A-1D2B9658EF96}.Release Static|Win32.Build.0 = Release|Win32
		{152CE948-F659-4206-A50A-1D2B9658EF96}.Release|Win32.ActiveCfg = Release|Win32
		{152CE948-F659-4206-A50A-1D2B9658EF96}.Release|Win32.Build.0 = Release|Win32
		{152CE948-F659-4206-A50A-1D2B9658EF96}.Static Debug|Win32.ActiveCfg = Static Debug|Win32
		{152CE948-F659-4206-A50A-1D2B9658EF96}.Static Debug|Win32.Build.0 = Static Debug|Win32
		{152CE948-F659-4206-A50A-1D2B9658EF96}.Static Release|Win32.ActiveCfg = Static Release|Win32
		{152CE948-F659-4206-A50A-1D2B9658EF96}.Static Release|Win32.Build.0 = Static Release|Win32
		{D4B63DAA-B936-470F-8FCA-FF9B32E883F3}.Debug Static|Win32.ActiveCfg = Debug|Win32
		{D4B63DAA-B936-470F-8FCA-FF9B32E883F3}.Debug Static|Win32.Build.0 = Debug|Win32
		{D4B63DAA-B936-470F-8FCA-FF9B32E883F3}.Debug|Win32.ActiveCfg = Debug|Win32
		{D4B63DAA-B936-470F-8FCA-FF9B32E883F3}.Release Static|Win32.ActiveCfg = Release|Win32
		{D4B63DAA-B936-470F-8FCA-FF9B32E883F3}.Release Static|Win32.Build.0 = Release|Win32
		{D4B63DAA-B936-470F-8FCA-FF9B32E883F3}.Release|Win32.ActiveCfg = Release|Win32
		{D4B63DAA-B936-470F-8FCA-FF9B32E883F3}.Static Debug|Win32.ActiveCfg = Debug|Win32
		{D4B63DAA-B936-470F-8FCA-FF9B32E883F3}.Static Debug|Win32.Build.0 = Debug|Win32
		{D4B63DAA-B936-470F-8FCA-FF9B32E883F3}.Static Release|Win32.ActiveCfg = Release|Win32
		{D4B63DAA-B936-470F-8FCA-FF9B32E883F3}.Static Release|Win32.Build.0 = Release|Win32
		{2EEBF821-F1A5-4F80-846A-159917DD839A}.Debug Static|Win32.ActiveCfg = Debug|Win32
		{2EEBF821-F1A5-4F80-846A-159917DD839A}.Debug Static|Win32.Build.0 = Debug|Win32
		{2EEBF821-F1A5-4F80-846A-159917DD839A}.Debug|Win32.ActiveCfg = Debug|Win32
		{2EEBF821-F1A5-4F80-846A-159917DD839A}.Debug|Win32.Build.0 = Debug|Win32
		{2EEBF821-F1A5-4F80-846A-159917DD839A}.Release Static|Win32.ActiveCfg = Release|Win32
		{2EEBF821-F1A5-4F80-846A-159917DD839A}.Release Static|Win32.Build.0 = Release|Win32
		{2EEBF821-F1A5-4F80-846A-159917DD839A}.Release|Win32.ActiveCfg = Release|Win32
		{2EEBF821-F1A5-4F80-846A-159917DD839A}.Release|Win32.Build.0 = Release|Win32
		{2EEBF821-F1A5-4F80-846A-159917DD839A}.Static Debug|Win32.ActiveCfg = Debug|Win32
		{2EEBF821-F1A5-4F80-846A-159917DD839A}.Static Debug|Win32.Build.0 = Debug|Win32
		{2EEBF821-F1A5-4F80-846A-159917DD839A}.Static Release|Win32.ActiveCfg = Release|Win32
		{2EEBF821-F1A5-4F80-846A-159917DD839A}.Static Release|Win32.Build.0 = Release|Win32
		{52E051B1-268C-4F21-A38F-562F886445D2}.Debug Static|Win32.ActiveCfg = Debug|Win32
		{52E051B1-268C-4F21-A38F-562F886445D2}.Debug Static|Win32.Build.0 = Debug|Win32
		{52E051B1-268C-4F21-A38F-562F886445D2}.Debug|Win32.ActiveCfg = Debug|Win32
		{52E051B1-268C-4F21-A38F-562F886445D2}.Debug|Win32.Build.0 = Debug|Win32
		{52E051B1-268C-4F21-A38F-562F886445D2}.Release Static|Win32.ActiveCfg = Release|Win32
		{52E051B1-268C-4F21-A38F-562F886445D2}.Release Static|Win32.Build.0 = Release|Win32
		{52E051B1-268C-4F21-A38F-562F886445D2}.Release|Win32.ActiveCfg = Release|Win32
		{52E051B1-268C-4F21-A38F-562F886445D2}.Release|Win32.Build.0 = Release|Win32
		{52E051B1-268C-4F21-A38F-562F886445D2}.Static Debug|Win32.ActiveCfg = Debug|Win32
		{52E051B1-268C-4F21-A38F-562F886445D2}.Static Debug|Win32.Build.0 = Debug|Win32
		{52E051B1-268C-4F21-A38F-562F886445D2}.Static Release|Win32.ActiveCfg = Release|Win32
		{52E051B1-268C-4F21-A38F-562F886445D2}.Static Release|Win32.Build.0 = Release|Win32
		{8FD2F6AE-1EAB-43F7-BDE0-4BCF087FC48B}.Debug Static|Win32.ActiveCfg = Debug|Win32
		{8FD2F6AE-1EAB-43F7-BDE0-4BCF087FC48B}.Debug Static|Win32.Build.0 = Debug|Win32
		{8FD2F6AE-1EAB-43F7-BDE0-4BCF087FC48B}.Debug|Win32.ActiveCfg = Debug|Win32
		{8FD2F6AE-1EAB-43F7-BDE0-4BCF087FC48B}.Debug|Win32.Build.0 = Debug|Win32
		{8FD2F6AE-1EAB-43F7-BDE0-4BCF087FC48B}.Release Static|Win32.ActiveCfg = Release|Win32
		{8FD2F6AE-1EAB-43F7-BDE0-4BCF087FC48B}.Release Static|Win32.Build.0 = Release|Win32
		{8FD2F6AE-1EAB-43F7-BDE0-4BCF087FC48B}.Release|Win32.ActiveCfg = Release|Win32
		{8FD2F6AE-1EAB-43F7-BDE0-4BCF087FC48B}.Release|Win32.Build.0 = Release|Win32
		{8FD2F6AE-1EAB-43F7-BDE0-4BCF087FC48B}.Static Debug|Win32.ActiveCfg = Debug|Win32
		{8FD2F6AE-1EAB-43F7-BDE0-4BCF087FC48B}.Static Debug|Win32.Build.0 = Debug|Win32
		{8FD2F6AE-1EAB-43F7-BDE0-4BCF087FC48B}.Static Release|Win32.ActiveCfg = Release|Win32
		{8FD2F6AE-1EAB-43F7-BDE0-4BCF087FC48B}.Static Release|Win32.Build.0 = Release|Win32
		{561C3B3D-BA19-4B2D-8610-61670C9EF7E8}.Debug Static|Win32.ActiveCfg = Debug|Win32
		{561C3B3D-BA19-4B2D-8610-61670C9EF7E8}.Debug Static|Win32.Build.0 = Debug|Win32
		{561C3B3D-BA19-4B2D-8610-61670C9EF7E8}.Debug|Win32.ActiveCfg = Debug|Win32
		{561C3B3D-BA19-4B2D-8610-61670C9EF7E8}.Debug|Win32.Build.0 = Debug|Win32
		{561C3B3D-BA19-4B2D-8610-61670C9EF7E8}.Release Static|Win32.ActiveCfg = Release|Win32
		{561C3B3D-BA19-4B2D-8610-61670C9EF7E8}.Release Static|Win32.Build.0 = Release|Win32
		{561C3B3D-BA19-4B2D-8610-61670C9EF7E8}.Release|Win32.ActiveCfg = Release|Win32
		{561C3B3D-BA19-4B2D-8610-61670C9EF7E8}.Release|Win32.Build.0 = Release|Win32
		{561C3B3D-BA19-4B2D-8610-61670C9EF7E8}.Static Debug|Win32.ActiveCfg = Debug|Win32
		{561C3B3D-BA19-4B2D-8610-61670C9EF7E8}.Static Debug|Win32.Build.0 = Debug|Win32
		{561C3B3D-BA19-4B2D-8610-61670C9EF7E8}.Static Release|Win32.ActiveCfg = Release|Win32
		{561C3B3D-BA19-4B2D-8610-61670C9EF7E8}.Static Release|Win32.Build.0 = Release|Win32
		{56F8E53F-9EFB-4EA5-A89C-31FC033AB70F}.Debug Static|Win32.ActiveCfg = Debug|Win32
		{56F8E53F-9EFB-4EA5-A89C-31FC033AB70F}.Debug Static|Win32.Build.0 = Debug|Win32
		{56F8E53F-9EFB-4EA5-A89C-31FC033AB70F}.Debug|Win32.ActiveCfg = Debug|Win32
		{56F8E53F-9EFB-4EA5-A89C-31FC033AB70F}.Debug|Win32.Build.0 = Debug|Win32
		{56F8E53F-9EFB-4EA5-A89C-31FC033AB70F}.Release Static|Win32.ActiveCfg = Release|Win32
		{56F8E53F-9EFB-4EA5-A89C-31FC033AB70F}.Release Static|Win32.Build.0 = Release|Win32
		{56F8E53F-9EFB-4EA5-A89C-31FC033AB70F}.Release|Win32.ActiveCfg = Release|Win32
		{56F8E53F-9EFB-4EA5-A89C-31FC033AB70F}.Release|Win32.Build.0 = Release|Win32
		{56F8E53F-9EFB-4EA5-A89C-31FC033AB70F}.Static Debug|Win32.ActiveCfg = Debug|Win32
		{56F8E53F-9EFB-4EA5-A89C-31FC033AB70F}.Static Debug|Win32.Build.0 = Debug|Win32
		{56F8E53F-9EFB-4EA5-A89C-31FC033AB70F}.Static Release|Win32.ActiveCfg = Release|Win32
		{56F8E53F-9EFB-4EA5-A89C-31FC033AB70F}.Static Release|Win32.Build.0 = Release|Win32
		{390C85B3-6995-4190-A093-E080704C791C}.Debug Static|Win32.ActiveCfg = Debug|Win32
		{390C85B3-6995-4190-A093-E080704C791C}.Debug Static|Win32.Build.0 = Debug|Win32
		{390C85B3-6995-4190-A093-E080704C791C}.Debug|Win32.ActiveCfg = Debug|Win32
		{390C85B3-6995-4190-A093-E080704C791C}.Debug|Win32.Build.0 = Debug|Win32
		{390C85B3-6995-4190-A093-E080704C791C}.Release Static|Win32.ActiveCfg = Release|Win32
		{390C85B3-6995-4190-A093-E080704C791C}.Release Static|Win32.Build.0 = Release|Win32
		{390C85B3-6995-4190-A093-E080704C791C}.Release|Win32.ActiveCfg = Release|Win32
		{390C85B3-6995-4190-A093-E080704C791C}.Release|Win32.Build.0 = Release|Win32
		{390C85B3-6995-4190-A093-E080704C791C}.Static Debug|Win32.ActiveCfg = Debug|Win32
		{390C85B3-6995-4190-A093-E080704C791C}.Static Debug|Win32.Build.0 = Debug|Win32
		{390C85B3-6995-4190-A093-E080704C791C}.Static Release|Win32.ActiveCfg = Release|Win32
		{390C85B3-6995-4190-A093-E080704C791C}.Static Release|Win32.Build.0 = Release|Win32
		{8830DDBE-8200-49A4-8441-3D4D04C29A06}.Debug Static|Win32.ActiveCfg = Debug|Win32
		{8830DDBE-8200-49A4-8441-3D4D04C29A06}.Debug Static|Win32.Build.0 = Debug|Win32
		{8830DDBE-8200-49A4-8441-3D4D04C29A06}.Debug|Win32.ActiveCfg = Debug|Win32
		{8830DDBE-8200-49A4-8441-3D4D04C29A06}.Debug|Win32.Build.0 = Debug|Win32
		{8830DDBE-8200-49A4-8441-3D4D04C29A06}.Release Static|Win32.ActiveCfg = Release|Win32
		{8830DDBE-8200-49A4-8441-3D4D04C29A06}.Release Static|Win32.Build.0 = Release|Win32
		{8830DDBE-8200-49A4-8441-3D4D04C29A06}.Release|Win32.ActiveCfg = Release|Win32
		{8830DDBE-8200-49A4-8441-3D4D04C29A06}.Release|Win32.Build.0 = Release|Win32
		{8830DDBE-8200-49A4-8441-3D4D04C29A06}.Static Debug|Win32.ActiveCfg = Debug|Win32
		{8830DDBE-8200-49A4-8441-3D4D04C29A06}.Static Debug|Win32.Build.0 = Debug|Win32
		{8830DDBE-8200-49A4-8441-3D4D04C29A06}.Static Release|Win32.ActiveCfg = Release|Win32
		{8830DDBE-8200-49A4-8441-3D4D04C29A06}.Static Release|Win32.Build.0 = Release|Win32
		{5F446399-B615-448F-A0EB-45D21A9C849D}.Debug Static|Win32.ActiveCfg = Debug|Win32
		{5F446399-B615-448F-A0EB-45D21A9C849D}.Debug Static|Win32.Build.0 = Debug|Win32
		{5F446399-B615-448F-A0EB-45D21A9C849D}.Debug|Win32.ActiveCfg = Debug|Win32
		{5F446399-B615-448F-A0EB-45D21A9C849D}.Debug|Win32.Build.0 = Debug|Win32
		{5F446399-B615-448F-A0EB-45D21A9C849D}.Release Static|Win32.ActiveCfg = Release|Win32
		{5F446399-B615-448F-A0EB-45D21A9C849D}.Release Static|Win32.Build.0 = Release|Win32
		{5F446399-B615-448F-A0EB-45D21A9C849D}.Release|Win32.ActiveCfg = Release|Win32
		{5F446399-B615-448F-A0EB-45D21A9C849D}.Release|Win32.Build.0 = Release|Win32
		{5F446399-B615-448F-A0EB-45D21A9C849D}.Static Debug|Win32.ActiveCfg = Debug|Win32
		{5F446399-B615-448F-A0EB-45D21A9C849D}.Static Debug|Win32.Build.0 = Debug|Win32
		{5F446399-B615-448F-A0EB-45D21A9C849D}.Static Release|Win32.ActiveCfg = Release|Win32
		{5F446399-B615-448F-A0EB-45D21A9C849D}.Static Release|Win32.Build.0 = Release|Win32
		{79139C14-C58B-482B-9342-78B1C1B8006E}.Debug Static|Win32.ActiveCfg = Debug|Win32
		{79139C14-C58B-482B-9342-78B1C1B8006E}.Debug Static|Win32.Build.0 = Debug|Win32
		{79139C14-C58B-482B-9342-78B1C1B8006E}.Debug|Win32.ActiveCfg = Debug|Win32
		{79139C14-C58B-482B-9342-78B1C1B8006E}.Debug|Win32.Build.0 = Debug|Win32
		{79139C14-C58B-482B-9342-78B1C1B8006E}.Release Static|Win32.ActiveCfg = Release|Win32
		{79139C14-C58B-482B-9342-78B1C1B8006E}.Release Static|Win32.Build.0 = Release|Win32
		{79139C14-C58B-482B-9342-78B1C1B8006E}.Release|Win32.ActiveCfg = Release|Win32
		{79139C14-C58B-482B-9342-78B1C1B8006E}.Release|Win32.Build.0 = Release|Win32
		{79139C14-C58B-482B-9342-78B1C1B8006E}.Static Debug|Win32.ActiveCfg = Debug|Win32
		{79139C14-C58B-482B-9342-78B1C1B8006E}.Static Debug|Win32.Build.0 = Debug|Win32
		{79139C14-C58B-482B-9342-78B1C1B8006E}.Static Release|Win32.ActiveCfg = Release|Win32
		{79139C14-C58B-482B-9342-78B1C1B8006E}.Static Release|Win32.Build.0 = Release|Win32
		{198929D8-6D37-424F-8140-AA4DEFB49127}.Debug Static|Win32.ActiveCfg = Debug|Win32
		{198929D8-6D37-424F-8140-AA4DEFB49127}.Debug Static|Win32.Build.0 = Debug|Win32
		{198929D8-6D37-424F-8140-AA4DEFB49127}.Debug|Win32.ActiveCfg = Debug|Win32
		{198929D8-6D37-424F-8140-AA4DEFB49127}.Debug|Win32.Build.0 = Debug|Win32
		{198929D8-6D37-424F-8140-AA4DEFB49127}.Release Static|Win32.ActiveCfg = Release|Win32
		{198929D8-6D37-424F-8140-AA4DEFB49127}.Release Static|Win32.Build.0 = Release|Win32
		{198929D8-6D37-424F-8140-AA4DEFB49127}.Release|Win32.ActiveCfg = Release|Win32
		{198929D8-6D37-424F-8140-AA4DEFB49127}.Release|Win32.Build.0 = Release|Win32
		{198929D8-6D37-424F-8140-AA4DEFB49127}.Static Debug|Win32.ActiveCfg = Debug|Win32
		{198929D8-6D37-424F-8140-AA4DEFB49127}.Static Debug|Win32.Build.0 = Debug|Win32
		{198929D8-6D37-424F-8140-AA4DEFB49127}.Static Release|Win32.ActiveCfg = Release|Win32
		{198929D8-6D37-424F-8140-AA4DEFB49127}.Static Release|Win32.Build.0 = Release|Win32
		{E6BE5B19-BC4B-4F36-A9B8-FB912D9F80C4}.Debug Static|Win32.ActiveCfg = Debug|Win32
		{E6BE5B19-BC4B-4F36-A9B8-FB912D9F80C4}.Debug Static|Win32.Build.0 = Debug|Win32
		{E6BE5B19-BC4B-4F36-A9B8-FB912D9F80C4}.Debug|Win32.ActiveCfg = Debug|Win32
		{E6BE5B19-BC4B-4F36-A9B8-FB912D9F80C4}.Debug|Win32.Build.0 = Debug|Win32
		{E6BE5B19-BC4B-4F36-A9B8-FB912D9F80C4}.Release Static|Win32.ActiveCfg = Release|Win32
		{E6BE5B19-BC4B-4F36-A9B8-FB912D9F80C4}.Release Static|Win32.Build.0 = Release|Win32
		{E6BE5B19-BC4B-4F36-A9B8-FB912D9F80C4}.Release|Win32.ActiveCfg = Release|Win32
		{E6BE5B19-BC4B-4F36-A9B8-FB912D9F80C4}.Release|Win32.Build.0 = Release|Win32
		{E6BE5B19-BC4B-4F36-A9B8-FB912D9F80C4}.Static Debug|Win32.ActiveCfg = Debug|Win32
		{E6BE5B19-BC4B-4F36-A9B8-FB912D9F80C4}.Static Debug|Win32.Build.0 = Debug|Win32
		{E6BE5B19-BC4B-4F36-A9B8-FB912D9F80C4}.Static Release|Win32.ActiveCfg = Release|Win32
		{E6BE5B19-BC4B-4F36-A9B8-FB912D9F80C4}.Static Release|Win32.Build.0 = Release|Win32
		{3622BD54-C972-4789-9C3E-FAB19D133BAD}.Debug Static|Win32.ActiveCfg = Debug|Win32
		{3622BD54-C972-4789-9C3E-FAB19D133BAD}.Debug Static|Win32.Build.0 = Debug|Win32
		{3622BD54-C972-4789-9C3E-FAB19D133BAD}.Debug|Win32.ActiveCfg = Debug|Win32
		{3622BD54-C972-4789-9C3E-FAB19D133BAD}.Debug|Win32.Build.0 = Debug|Win32
		{3622BD54-C972-4789-9C3E-FAB19D133BAD}.Release Static|Win32.ActiveCfg = Release|Win32
		{3622BD54-C972-4789-9C3E-FAB19D133BAD}.Release Static|Win32.Build.0 = Release|Win32
		{3622BD54-C972-4789-9C3E-FAB19D133BAD}.Release|Win32.ActiveCfg = Release|Win32
		{3622BD54-C972-4789-9C3E-FAB19D133BAD}.Release|Win32.Build.0 = Release|Win32
		{3622BD54-C972-4789-9C3E-FAB19D133BAD}.Static Debug|Win32.ActiveCfg = Debug|Win32
		{3622BD54-C972-4789-9C3E-FAB19D133BAD}.Static Debug|Win32.Build.0 = Debug|Win32
		{3622BD54-C972-4789-9C3E-FAB19D133BAD}.Static Release|Win32.ActiveCfg = Release|Win32
		{3622BD54-C972-4789-9C3E-FAB19D133BAD}.Static Release|Win32.Build.0 = Release|Win32
		{8FECBB62-1230-4E92-8AD7-2A04BDABE057}.Debug Static|Win32.ActiveCfg = Debug|Win32
		{8FECBB62-1230-4E92-8AD7-2A04BDABE057}.Debug Static|Win32.Build.0 = Debug|Win32
		{8FECBB62-1230-4E92-8AD7-2A04BDABE057}.Debug|Win32.ActiveCfg = Debug|Win32
		{8FECBB62-1230-4E92-8AD7-2A04BDABE057}.Debug|Win32.Build.0 = Debug|Win32
		{8FECBB62-1230-4E92-8AD7-2A04BDABE057}.Release Static|Win32.ActiveCfg = Release|Win32
		{8FECBB62-1230-4E92-8AD7-2A04BDABE057}.Release Static|Win32.Build.0 = Release|Win32
		{8FECBB62-1230-4E92-8AD7-2A04BDABE057}.Release|Win32.ActiveCfg = Release|Win32
		{8FECBB62-1230-4E92-8AD7-2A04BDABE057}.Release|Win32.Build.0 = Release|Win32
		{8FECBB62-1230-4E92-8AD7-2A04BDABE057}.Static Debug|Win32.ActiveCfg = Debug|Win32
		{8FECBB62-1230-4E92-8AD7-2A04BDABE057}.Static Debug|Win32.Build.0 = Debug|Win32
		{8FECBB62-1230-4E92-8AD7-2A04BDABE057}.Static Release|Win32.ActiveCfg = Release|Win32
		{8FECBB62-1230-4E92-8AD7-2A04BDABE057}.Static Release|Win32.Build.0 = Release|Win32
		{97828A41-23E8-42EE-A3B8-E1E2009C6615}.Debug Static|Win32.ActiveCfg = Debug|Win32
		{97828A41-23E8-42EE-A3B8-E1E2009C6615}.Debug Static|Win32.Build.0 = Debug|Win32
		{97828A41-23E8-42EE-A3B8-E1E2009C6615}.Debug|Win32.ActiveCfg = Debug|Win32
		{97828A41-23E8-42EE-A3B8-E1E2009C6615}.Debug|Win32.Build.0 = Debug|Win32
		{97828A41-23E8-42EE-A3B8-E1E2009C6615}.Release Static|Win32.ActiveCfg = Release|Win32
		{97828A41-23E8-42EE-A3B8-E1E2009C6615}.Release Static|Win32.Build.0 = Release|Win32
		{97828A41-23E8-42EE-A3B8-E1E2009C6615}.Release|Win32.ActiveCfg = Release|Win32
		{97828A41-23E8-42EE-A3B8-E1E2009C6615}.Release|Win32.Build.0 = Release|Win32
		{97828A41-23E8-42EE-A3B8-E1E2009C6615}.Static Debug|Win32.ActiveCfg = Debug|Win32
		{97828A41-23E8-42EE-A3B8-E1E2009C6615}.Static Debug|Win32.Build.0 = Debug|Win32
		{97828A41-23E8-42EE-A3B8-E1E2009C6615}.Static Release|Win32.ActiveCfg = Release|Win32
		{97828A41-23E8-42EE-A3B8-E1E2009C6615}.Static Release|Win32.Build.0 = Release|Win32
		{2ADD56CD-D271-4ED1-9718-40D99580E4D5}.Debug Static|Win32.ActiveCfg = Debug|Win32
		{2ADD56CD-D271-4ED1-9718-40D99580E4D5}.Debug Static|Win32.Build.0 = Debug|Win32
		{2ADD56CD-D271-4ED1-9718-40D99580E4D5}.Debug|Win32.ActiveCfg = Debug|Win32
		{2ADD56CD-D271-4ED1-9718-40D99580E4D5}.Debug|Win32.Build.0 = Debug|Win32
		{2ADD56CD-D271-4ED1-9718-40D99580E4D5}.Release Static|Win32.ActiveCfg = Release|Win32
		{2ADD56CD-D271-4ED1-9718-40D99580E4D5}.Release Static|Win32.Build.0 = Release|Win32
		{2ADD56CD-D271-4ED1-9718-40D99580E4D5}.Release|Win32.ActiveCfg = Release|Win32
		{2ADD56CD-D271-4ED1-9718-40D99580E4D5}.Release|Win32.Build.0 = Release|Win32
		{2ADD56CD-D271-4ED1-9718-40D99580E4D5}.Static Debug|Win32.ActiveCfg = Debug|Win32
		{2ADD56CD-D271-4ED1-9718-40D99580E4D5}.Static Debug|Win32.Build.0 = Debug|Win32
		{2ADD56CD-D271-4ED1-9718-40D99580E4D5}.Static Release|Win32.ActiveCfg = Release|Win32
		{2ADD56CD-D271-4ED1-9718-40D99580E4D5}.Static Release|Win32.Build.0 = Release|Win32
		{2D33A4B6-86AA-472F-9B97-39CE80B386E5}.Debug Static|Win32.ActiveCfg = Debug|Win32
		{2D33A4B6-86AA-472F-9B97-39CE80B386E5}.Debug Static|Win32.Build.0 = Debug|Win32
		{2D33A4B6-86AA-472F-9B97-39CE80B386E5}.Debug|Win32.ActiveCfg = Debug|Win32
		{2D33A4B6-86AA-472F-9B97-39CE80B386E5}.Debug|Win32.Build.0 = Debug|Win32
		{2D33A4B6-86AA-472F-9B97-39CE80B386E5}.Release Static|Win32.ActiveCfg = Release|Win32
		{2D33A4B6-86AA-472F-9B97-39CE80B386E5}.Release Static|Win32.Build.0 = Release|Win32
		{2D33A4B6-86AA-472F-9B97-39CE80B386E5}.Release|Win32.ActiveCfg = Release|Win32
		{2D33A4B6-86AA-472F-9B97-39CE80B386E5}.Release|Win32.Build.0 = Release|Win32
		{2D33A4B6-86AA-472F-9B97-39CE80B386E5}.Static Debug|Win32.ActiveCfg = Debug|Win32
		{2D33A4B6-86AA-472F-9B97-39CE80B386E5}.Static Debug|Win32.Build.0 = Debug|Win32
		{2D33A4B6-86AA-472F-9B97-39CE80B386E5}.Static Release|Win32.ActiveCfg = Release|Win32
		{2D33A4B6-86AA-472F-9B97-39CE80B386E5}.Static Release|Win32.Build.0 = Release|Win32
		{02C56105-0960-4F6E-9ACD-47EFA2D14DE4}.Debug Static|Win32.ActiveCfg = Debug|Win32
		{02C56105-0960-4F6E-9ACD-47EFA2D14DE4}.Debug Static|Win32.Build.0 = Debug|Win32
		{02C56105-0960-4F6E-9ACD-47EFA2D14DE4}.Debug|Win32.ActiveCfg = Debug|Win32
		{02C56105-0960-4F6E-9ACD-47EFA2D14DE4}.Debug|Win32.Build.0 = Debug|Win32
		{02C56105-0960-4F6E-9ACD-47EFA2D14DE4}.Release Static|Win32.ActiveCfg = Release|Win32
		{02C56105-0960-4F6E-9ACD-47EFA2D14DE4}.Release Static|Win32.Build.0 = Release|Win32
		{02C56105-0960-4F6E-9ACD-47EFA2D14DE4}.Release|Win32.ActiveCfg = Release|Win32
		{02C56105-0960-4F6E-9ACD-47EFA2D14DE4}.Release|Win32.Build.0 = Release|Win32
		{02C56105-0960-4F6E-9ACD-47EFA2D14DE4}.Static Debug|Win32.ActiveCfg = Debug|Win32
		{02C56105-0960-4F6E-9ACD-47EFA2D14DE4}.Static Debug|Win32.Build.0 = Debug|Win32
		{02C56105-0960-4F6E-9ACD-47EFA2D14DE4}.Static Release|Win32.ActiveCfg = Release|Win32
		{02C56105-0960-4F6E-9ACD-47EFA2D14DE4}.Static Release|Win32.Build.0 = Release|Win32
		{C310E338-A9F4-4FCC-BBB7-5770BA990D21}.Debug Static|Win32.ActiveCfg = Debug|Win32
		{C310E338-A9F4-4FCC-BBB7-5770BA990D21}.Debug Static|Win32.Build.0 = Debug|Win32
		{C310E338-A9F4-4FCC-BBB7-5770BA990D21}.Debug|Win32.ActiveCfg = Debug|Win32
		{C310E338-A9F4-4FCC-BBB7-5770BA990D21}.Debug|Win32.Build.0 = Debug|Win32
		{C310E338-A9F4-4FCC-BBB7-5770BA990D21}.Release Static|Win32.ActiveCfg = Release|Win32
		{C310E338-A9F4-4FCC-BBB7-5770BA990D21}.Release Static|Win32.Build.0 = Release|Win32
		{C310E338-A9F4-4FCC-BBB7-5770BA990D21}.Release|Win32.ActiveCfg = Release|Win32
		{C310E338-A9F4-4FCC-BBB7-5770BA990D21}.Release|Win32.Build.0 = Release|Win32
		{C310E338-A9F4-4FCC-BBB7-5770BA990D21}.Static Debug|Win32.ActiveCfg = Debug|Win32
		{C310E338-A9F4-4FCC-BBB7-5770BA990D21}.Static Debug|Win32.Build.0 = Debug|Win32
		{C310E338-A9F4-4FCC-BBB7-5770BA990D21}.Static Release|Win32.ActiveCfg = Release|Win32
		{C310E338-A9F4-4FCC-BBB7-5770BA990D21}.Static Release|Win32.Build.0 = Release|Win32
		{9A503573-646C-45AD-BBBF-A2999AA88645}.Debug Static|Win32.ActiveCfg = Debug Static|Win32
		{9A503573-646C-45AD-BBBF-A2999AA88645}.Debug Static|Win32.Build.0 = Debug Static|Win32
		{9A503573-646C-45AD-BBBF-A2999AA88645}.Debug|Win32.ActiveCfg = Debug|Win32
		{9A503573-646C-45AD-BBBF-A2999AA88645}.Debug|Win32.Build.0 = Debug|Win32
		{9A503573-646C-45AD-BBBF-A2999AA88645}.Release Static|Win32.ActiveCfg = Release Static|Win32
		{9A503573-646C-45AD-BBBF-A2999AA88645}.Release Static|Win32.Build.0 = Release Static|Win32
		{9A503573-646C-45AD-BBBF-A2999AA88645}.Release|Win32.ActiveCfg = Release|Win32
		{9A503573-646C-45AD-BBBF-A2999AA88645}.Release|Win32.Build.0 = Release|Win32
		{9A503573-646C-45AD-BBBF-A2999AA88645}.Static Debug|Win32.ActiveCfg = Debug|Win32
		{9A503573-646C-45AD-BBBF-A2999AA88645}.Static Debug|Win32.Build.0 = Debug|Win32
		{9A503573-646C-45AD-BBBF-A2999AA88645}.Static Release|Win32.ActiveCfg = Release|Win32
		{9A503573-646C-45AD-BBBF-A2999AA88645}.Static Release|Win32.Build.0 = Release|Win32
		{4C72FF98-6FEE-4915-8B4C-D9991B63971D}.Debug Static|Win32.ActiveCfg = Debug Static|Win32
		{4C72FF98-6FEE-4915-8B4C-D9991B63971D}.Debug Static|Win32.Build.0 = Debug Static|Win32
		{4C72FF98-6FEE-4915-8B4C-D9991B63971D}.Debug|Win32.ActiveCfg = Debug|Win32
		{4C72FF98-6FEE-4915-8B4C-D9991B63971D}.Debug|Win32.Build.0 = Debug|Win32
		{4C72FF98-6FEE-4915-8B4C-D9991B63971D}.Release Static|Win32.ActiveCfg = Release Static|Win32
		{4C72FF98-6FEE-4915-8B4C-D9991B63971D}.Release Static|Win32.Build.0 = Release Static|Win32
		{4C72FF98-6FEE-4915-8B4C-D9991B63971D}.Release|Win32.ActiveCfg = Release|Win32
		{4C72FF98-6FEE-4915-8B4C-D9991B63971D}.Release|Win32.Build.0 = Release|Win32
		{4C72FF98-6FEE-4915-8B4C-D9991B63971D}.Static Debug|Win32.ActiveCfg = Debug|Win32
		{4C72FF98-6FEE-4915-8B4C-D9991B63971D}.Static Debug|Win32.Build.0 = Debug|Win32
		{4C72FF98-6FEE-4915-8B4C-D9991B63971D}.Static Release|Win32.ActiveCfg = Release|Win32
		{4C72FF98-6FEE-4915-8B4C-D9991B63971D}.Static Release|Win32.Build.0 = Release|Win32
		{0BD016B2-1A39-4966-82D7-5102EFEE73F8}.Debug Static|Win32.ActiveCfg = Debug Static|Win32
		{0BD016B2-1A39-4966-82D7-5102EFEE73F8}.Debug Static|Win32.Build.0 = Debug Static|Win32
		{0BD016B2-1A39-4966-82D7-5102EFEE73F8}.Debug|Win32.ActiveCfg = Debug|Win32
		{0BD016B2-1A39-4966-82D7-5102EFEE73F8}.Debug|Win32.Build.0 = Debug|Win32
		{0BD016B2-1A39-4966-82D7-5102EFEE73F8}.Release Static|Win32.ActiveCfg = Release Static|Win32
		{0BD016B2-1A39-4966-82D7-5102EFEE73F8}.Release Static|Win32.Build.0 = Release Static|Win32
		{0BD016B2-1A39-4966-82D7-5102EFEE73F8}.Release|Win32.ActiveCfg = Release|Win32
		{0BD016B2-1A39-4966-82D7-5102EFEE73F8}.Release|Win32.Build.0 = Release|Win32
		{0BD016B2-1A39-4966-82D7-5102EFEE73F8}.Static Debug|Win32.ActiveCfg = Debug|Win32
		{0BD016B2-1A39-4966-82D7-5102EFEE73F8}.Static Debug|Win32.Build.0 = Debug|Win32
		{0BD016B2-1A39-4966-82D7-5102EFEE73F8}.Static Release|Win32.ActiveCfg = Release|Win32
		{0BD016B2-1A39-4966-82D7-5102EFEE73F8}.Static Release|Win32.Build.0 = Release|Win32
		{1A0CAB8D-2BBC-472B-81A2-687642B69147}.Debug Static|Win32.ActiveCfg = Debug|Win32
		{1A0CAB8D-2BBC-472B-81A2-687642B69147}.Debug Static|Win32.Build.0 = Debug|Win32
		{1A0CAB8D-2BBC-472B-81A2-687642B69147}.Debug|Win32.ActiveCfg = Debug|Win32
		{1A0CAB8D-2BBC-472B-81A2-687642B69147}.Debug|Win32.Build.0 = Debug|Win32
		{1A0CAB8D-2BBC-472B-81A2-687642B69147}.Release Static|Win32.ActiveCfg = Release|Win32
		{1A0CAB8D-2BBC-472B-81A2-687642B69147}.Release Static|Win32.Build.0 = Release|Win32
		{1A0CAB8D-2BBC-472B-81A2-687642B69147}.Release|Win32.ActiveCfg = Release|Win32
		{1A0CAB8D-2BBC-472B-81A2-687642B69147}.Release|Win32.Build.0 = Release|Win32
		{1A0CAB8D-2BBC-472B-81A2-687642B69147}.Static Debug|Win32.ActiveCfg = Debug|Win32
		{1A0CAB8D-2BBC-472B-81A2-687642B69147}.Static Debug|Win32.Build.0 = Debug|Win32
		{1A0CAB8D-2BBC-472B-81A2-687642B69147}.Static Release|Win32.ActiveCfg = Release|Win32
		{1A0CAB8D-2BBC-472B-81A2-687642B69147}.Static Release|Win32.Build.0 = Release|Win32
		{5D23DCF8-2BAD-4848-BEF7-A2122F64B4AC}.Debug Static|Win32.ActiveCfg = Debug Static|Win32
		{5D23DCF8-2BAD-4848-BEF7-A2122F64B4AC}.Debug Static|Win32.Build.0 = Debug Static|Win32
		{5D23DCF8-2BAD-4848-BEF7-A2122F64B4AC}.Debug|Win32.ActiveCfg = Debug|Win32
		{5D23DCF8-2BAD-4848-BEF7-A2122F64B4AC}.Debug|Win32.Build.0 = Debug|Win32
		{5D23DCF8-2BAD-4848-BEF7-A2122F64B4AC}.Release Static|Win32.ActiveCfg = Release Static|Win32
		{5D23DCF8-2BAD-4848-BEF7-A2122F64B4AC}.Release Static|Win32.Build.0 = Release Static|Win32
		{5D23DCF8-2BAD-4848-BEF7-A2122F64B4AC}.Release|Win32.ActiveCfg = Release|Win32
		{5D23DCF8-2BAD-4848-BEF7-A2122F64B4AC}.Release|Win32.Build.0 = Release|Win32
		{5D23DCF8-2BAD-4848-BEF7-A2122F64B4AC}.Static Debug|Win32.ActiveCfg = Debug|Win32
		{5D23DCF8-2BAD-4848-BEF7-A2122F64B4AC}.Static Debug|Win32.Build.0 = Debug|Win32
		{5D23DCF8-2BAD-4848-BEF7-A2122F64B4AC}.Static Release|Win32.ActiveCfg = Release|Win32
		{5D23DCF8-2BAD-4848-BEF7-A2122F64B4AC}.Static Release|Win32.Build.0 = Release|Win32
		{8CD9E7D3-0D04-40E1-8C15-CA211AB76D1F}.Debug Static|Win32.ActiveCfg = Debug|Win32
		{8CD9E7D3-0D04-40E1-8C15-CA211AB76D1F}.Debug Static|Win32.Build.0 = Debug|Win32
		{8CD9E7D3-0D04-40E1-8C15-CA211AB76D1F}.Debug|Win32.ActiveCfg = Debug|Win32
		{8CD9E7D3-0D04-40E1-8C15-CA211AB76D1F}.Debug|Win32.Build.0 = Debug|Win32
		{8CD9E7D3-0D04-40E1-8C15-CA211AB76D1F}.Release Static|Win32.ActiveCfg = Release|Win32
		{8CD9E7D3-0D04-40E1-8C15-CA211AB76D1F}.Release Static|Win32.Build.0 = Release|Win32
		{8CD9E7D3-0D04-40E1-8C15-CA211AB76D1F}.Release|Win32.ActiveCfg = Release|Win32
		{8CD9E7D3-0D04-40E1-8C15-CA211AB76D1F}.Release|Win32.Build.0 = Release|Win32
		{8CD9E7D3-0D04-40E1-8C15-CA211AB76D1F}.Static Debug|Win32.ActiveCfg = Debug|Win32
		{8CD9E7D3-0D04-40E1-8C15-CA211AB76D1F}.Static Debug|Win32.Build.0 = Debug|Win32
		{8CD9E7D3-0D04-40E1-8C15-CA211AB76D1F}.Static Release|Win32.ActiveCfg = Release|Win32
		{8CD9E7D3-0D04-40E1-8C15-CA211AB76D1F}.Static Release|Win32.Build.0 = Release|Win32
		{F86F7B59-89AC-453E-9D6E-E234378A7A1E}.Debug Static|Win32.ActiveCfg = Debug Static|Win32
		{F86F7B59-89AC-453E-9D6E-E234378A7A1E}.Debug Static|Win32.Build.0 = Debug Static|Win32
		{F86F7B59-89AC-453E-9D6E-E234378A7A1E}.Debug|Win32.ActiveCfg = Debug|Win32
		{F86F7B59-89AC-453E-9D6E-E234378A7A1E}.Debug|Win32.Build.0 = Debug|Win32
		{F86F7B59-89AC-453E-9D6E-E234378A7A1E}.Release Static|Win32.ActiveCfg = Release Static|Win32
		{F86F7B59-89AC-453E-9D6E-E234378A7A1E}.Release Static|Win32.Build.0 = Release Static|Win32
		{F86F7B59-89AC-453E-9D6E-E234378A7A1E}.Release|Win32.ActiveCfg = Release|Win32
		{F86F7B59-89AC-453E-9D6E-E234378A7A1E}.Release|Win32.Build.0 = Release|Win32
		{F86F7B59-89AC-453E-9D6E-E234378A7A1E}.Static Debug|Win32.ActiveCfg = Debug|Win32
		{F86F7B59-89AC-453E-9D6E-E234378A7A1E}.Static Debug|Win32.Build.0 = Debug|Win32
		{F86F7B59-89AC-453E-9D6E-E234378A7A1E}.Static Release|Win32.ActiveCfg = Release|Win32
		{F86F7B59-89AC-453E-9D6E-E234378A7A1E}.Static Release|Win32.Build.0 = Release|Win32
		{B0FC8830-2351-49D0-9597-8E4F87D4B24D}.Debug Static|Win32.ActiveCfg = Debug Static|Win32
		{B0FC8830-2351-49D0-9597-8E4F87D4B24D}.Debug Static|Win32.Build.0 = Debug Static|Win32
		{B0FC8830-2351-49D0-9597-8E4F87D4B24D}.Debug|Win32.ActiveCfg = Debug|Win32
		{B0FC8830-2351-49D0-9597-8E4F87D4B24D}.Debug|Win32.Build.0 = Debug|Win32
		{B0FC8830-2351-49D0-9597-8E4F87D4B24D}.Release Static|Win32.ActiveCfg = Release Static|Win32
		{B0FC8830-2351-49D0-9597-8E4F87D4B24D}.Release Static|Win32.Build.0 = Release Static|Win32
		{B0FC8830-2351-49D0-9597-8E4F87D4B24D}.Release|Win32.ActiveCfg = Release|Win32
		{B0FC8830-2351-49D0-9597-8E4F87D4B24D}.Release|Win32.Build.0 = Release|Win32
		{B0FC8830-2351-49D0-9597-8E4F87D4B24D}.Static Debug|Win32.ActiveCfg = Debug|Win32
		{B0FC8830-2351-49D0-9597-8E4F87D4B24D}.Static Debug|Win32.Build.0 = Debug|Win32
		{B0FC8830-2351-49D0-9597-8E4F87D4B24D}.Static Release|Win32.ActiveCfg = Release|Win32
		{B0FC8830-2351-49D0-9597-8E4F87D4B24D}.Static Release|Win32.Build.0 = Release|Win32
		{3DF436E4-69B8-40C2-88B6-C20242E9FD39}.Debug Static|Win32.ActiveCfg = Debug Static|Win32
		{3DF436E4-69B8-40C2-88B6-C20242E9FD39}.Debug Static|Win32.Build.0 = Debug Static|Win32
		{3DF436E4-69B8-40C2-88B6-C20242E9FD39}.Debug|Win32.ActiveCfg = Debug|Win32
		{3DF436E4-69B8-40C2-88B6-C20242E9FD39}.Debug|Win32.Build.0 = Debug|Win32
		{3DF436E4-69B8-40C2-88B6-C20242E9FD39}.Release Static|Win32.ActiveCfg = Release Static|Win32
		{3DF436E4-69B8-40C2-88B6-C20242E9FD39}.Release Static|Win32.Build.0 = Release Static|Win32
		{3DF436E4-69B8-40C2-88B6-C20242E9FD39}.Release|Win32.ActiveCfg = Release|Win32
		{3DF436E4-69B8-40C2-88B6-C20242E9FD39}.Release|Win32.Build.0 = Release|Win32
		{3DF436E4-69B8-40C2-88B6-C20242E9FD39}.Static Debug|Win32.ActiveCfg = Debug|Win32
		{3DF436E4-69B8-40C2-88B6-C20242E9FD39}.Static Debug|Win32.Build.0 = Debug|Win32
		{3DF436E4-69B8-40C2-88B6-C20242E9FD39}.Static Release|Win32.ActiveCfg = Release|Win32
		{3DF436E4-69B8-40C2-88B6-C20242E9FD39}.Static Release|Win32.Build.0 = Release|Win32
	EndGlobalSection
	GlobalSection(SolutionProperties) = preSolution
		HideSolutionNode = FALSE
	EndGlobalSection
EndGlobal
